{
  "version": 4,
  "terraform_version": "1.1.6",
  "serial": 491,
  "lineage": "1f1520bb-8172-ddc6-3dd0-16a9fb219d4e",
  "outputs": {
    "backup_policy": {
      "value": "Minecraft-default-cas1-backup-nightly",
      "type": "string"
    },
    "backup_vault": {
      "value": "Minecraft-default-cas1-backup",
      "type": "string"
    },
    "container_group": {
      "value": [
        "Minecraft-default-cas1-server1"
      ],
      "type": [
        "tuple",
        [
          "string"
        ]
      ]
    },
    "container_group_id": {
      "value": [
        "/subscriptions/fa9aad52-e3ac-4a57-a851-fae41f1c870f/resourceGroups/Minecraft-default-cas1/providers/Microsoft.ContainerInstance/containerGroups/Minecraft-default-cas1-server1"
      ],
      "type": [
        "tuple",
        [
          "string"
        ]
      ]
    },
    "container_log_command": {
      "value": "az container logs --ids /subscriptions/fa9aad52-e3ac-4a57-a851-fae41f1c870f/resourceGroups/Minecraft-default-cas1/providers/Microsoft.ContainerInstance/containerGroups/Minecraft-default-cas1-server1 --follow",
      "type": "string"
    },
    "dashboard_id": {
      "value": "/subscriptions/fa9aad52-e3ac-4a57-a851-fae41f1c870f/resourceGroups/Minecraft-default-cas1/providers/Microsoft.Portal/dashboards/Minecraft-default-cas1-dashboard",
      "type": "string"
    },
    "dashboard_url": {
      "value": "https://portal.azure.com/#@/dashboard/arm/subscriptions/fa9aad52-e3ac-4a57-a851-fae41f1c870f/resourceGroups/Minecraft-default-cas1/providers/Microsoft.Portal/dashboards/Minecraft-default-cas1-dashboard",
      "type": "string"
    },
    "environment": {
      "value": "dev",
      "type": "string"
    },
    "function_name": {
      "value": [
        "Minecraft-default-cas1-server1-ping-test"
      ],
      "type": [
        "tuple",
        [
          "string"
        ]
      ]
    },
    "location": {
      "value": "westeurope",
      "type": "string"
    },
    "log_analytics_workspace_guid": {
      "value": "f32ec551-30ec-4c24-b269-c15d2f725c0d",
      "type": "string"
    },
    "minecraft": {
      "value": {
        "server1": {
          "allow_ops_only": "false",
          "container_data_share_name": "minecraft-aci-server1-data-cas1",
          "container_group_id": "/subscriptions/fa9aad52-e3ac-4a57-a851-fae41f1c870f/resourceGroups/Minecraft-default-cas1/providers/Microsoft.ContainerInstance/containerGroups/Minecraft-default-cas1-server1",
          "container_group_name": "Minecraft-default-cas1-server1",
          "container_image_tag": "",
          "environment_variables": {
            "ALLOW_NETHER": true,
            "ANNOUNCE_PLAYER_ACHIEVEMENTS": "true",
            "DIFFICULTY": "easy",
            "ENABLE_COMMAND_BLOCK": true,
            "EULA": true,
            "ICON": "https://zuivelonline.nl/media/uploads/2020/10/Kaas_weetjes1.jpg",
            "MAX_PLAYERS": 10,
            "MEMORY": "3G",
            "MODE": "survival",
            "MODS": null,
            "MOTD": "ZeroShino server1",
            "OVERRIDE_SERVER_PROPERTIES": true,
            "SNOOPER_ENABLED": "false",
            "TYPE": "PAPER",
            "VERSION": "1.18.1"
          },
          "function_name": "Minecraft-default-cas1-server1-ping-test",
          "icon_file_png": "visuals/cas1_server1.png",
          "minecraft_server_connection": "Minecraft-default-cas1-server1.westeurope.azurecontainer.io:25565",
          "minecraft_server_fqdn": "Minecraft-default-cas1-server1.westeurope.azurecontainer.io",
          "minecraft_server_ip": "20.23.9.86",
          "minecraft_server_port": 25565,
          "start_time": "12:00",
          "stop_time": "00:01",
          "tags": {
            "application": "Minecraft",
            "configuration-name": "server1",
            "environment": "dev",
            "provisioner": "terraform",
            "provisioner-client-id": "04b07795-8ddb-461a-bbee-02f9e1bf7b46",
            "provisioner-email": "mpj.vervoort@gmail.com",
            "provisioner-object-id": "c62c50cc-2509-4d26-9efd-28ab44f238b8",
            "repository": "azure-minecraft-docker",
            "runid": "",
            "suffix": "cas1",
            "vanity-fqdn": null,
            "workspace": "default"
          },
          "vanity_hostname_prefix": "mc-cas"
        }
      },
      "type": [
        "object",
        {
          "server1": [
            "object",
            {
              "allow_ops_only": "string",
              "container_data_share_name": "string",
              "container_group_id": "string",
              "container_group_name": "string",
              "container_image_tag": "string",
              "environment_variables": [
                "object",
                {
                  "ALLOW_NETHER": "bool",
                  "ANNOUNCE_PLAYER_ACHIEVEMENTS": "string",
                  "DIFFICULTY": "string",
                  "ENABLE_COMMAND_BLOCK": "bool",
                  "EULA": "bool",
                  "ICON": "string",
                  "MAX_PLAYERS": "number",
                  "MEMORY": "string",
                  "MODE": "string",
                  "MODS": "dynamic",
                  "MOTD": "string",
                  "OVERRIDE_SERVER_PROPERTIES": "bool",
                  "SNOOPER_ENABLED": "string",
                  "TYPE": "string",
                  "VERSION": "string"
                }
              ],
              "function_name": "string",
              "icon_file_png": "string",
              "minecraft_server_connection": "string",
              "minecraft_server_fqdn": "string",
              "minecraft_server_ip": "string",
              "minecraft_server_port": "number",
              "start_time": "string",
              "stop_time": "string",
              "tags": [
                "object",
                {
                  "application": "string",
                  "configuration-name": "string",
                  "environment": "string",
                  "provisioner": "string",
                  "provisioner-client-id": "string",
                  "provisioner-email": "string",
                  "provisioner-object-id": "string",
                  "repository": "string",
                  "runid": "string",
                  "suffix": "string",
                  "vanity-fqdn": "string",
                  "workspace": "string"
                }
              ],
              "vanity_hostname_prefix": "string"
            }
          ]
        }
      ],
      "sensitive": true
    },
    "minecraft_bedrock": {
      "value": {},
      "type": [
        "object",
        {}
      ],
      "sensitive": true
    },
    "minecraft_java": {
      "value": {
        "server1": {
          "allow_ops_only": "false",
          "container_data_share_name": "minecraft-aci-server1-data-cas1",
          "container_group_id": "/subscriptions/fa9aad52-e3ac-4a57-a851-fae41f1c870f/resourceGroups/Minecraft-default-cas1/providers/Microsoft.ContainerInstance/containerGroups/Minecraft-default-cas1-server1",
          "container_group_name": "Minecraft-default-cas1-server1",
          "container_image_tag": "",
          "environment_variables": {
            "ALLOW_NETHER": true,
            "ANNOUNCE_PLAYER_ACHIEVEMENTS": "true",
            "DIFFICULTY": "easy",
            "ENABLE_COMMAND_BLOCK": true,
            "EULA": true,
            "ICON": "https://zuivelonline.nl/media/uploads/2020/10/Kaas_weetjes1.jpg",
            "MAX_PLAYERS": 10,
            "MEMORY": "3G",
            "MODE": "survival",
            "MODS": null,
            "MOTD": "ZeroShino server1",
            "OVERRIDE_SERVER_PROPERTIES": true,
            "SNOOPER_ENABLED": "false",
            "TYPE": "PAPER",
            "VERSION": "1.18.1"
          },
          "function_name": "Minecraft-default-cas1-server1-ping-test",
          "icon_file_png": "visuals/cas1_server1.png",
          "minecraft_server_connection": "Minecraft-default-cas1-server1.westeurope.azurecontainer.io:25565",
          "minecraft_server_fqdn": "Minecraft-default-cas1-server1.westeurope.azurecontainer.io",
          "minecraft_server_ip": "20.23.9.86",
          "minecraft_server_port": 25565,
          "start_time": "12:00",
          "stop_time": "00:01",
          "tags": {
            "application": "Minecraft",
            "configuration-name": "server1",
            "environment": "dev",
            "provisioner": "terraform",
            "provisioner-client-id": "04b07795-8ddb-461a-bbee-02f9e1bf7b46",
            "provisioner-email": "mpj.vervoort@gmail.com",
            "provisioner-object-id": "c62c50cc-2509-4d26-9efd-28ab44f238b8",
            "repository": "azure-minecraft-docker",
            "runid": "",
            "suffix": "cas1",
            "vanity-fqdn": null,
            "workspace": "default"
          },
          "vanity_hostname_prefix": "mc-cas"
        }
      },
      "type": [
        "object",
        {
          "server1": [
            "object",
            {
              "allow_ops_only": "string",
              "container_data_share_name": "string",
              "container_group_id": "string",
              "container_group_name": "string",
              "container_image_tag": "string",
              "environment_variables": [
                "object",
                {
                  "ALLOW_NETHER": "bool",
                  "ANNOUNCE_PLAYER_ACHIEVEMENTS": "string",
                  "DIFFICULTY": "string",
                  "ENABLE_COMMAND_BLOCK": "bool",
                  "EULA": "bool",
                  "ICON": "string",
                  "MAX_PLAYERS": "number",
                  "MEMORY": "string",
                  "MODE": "string",
                  "MODS": "dynamic",
                  "MOTD": "string",
                  "OVERRIDE_SERVER_PROPERTIES": "bool",
                  "SNOOPER_ENABLED": "string",
                  "TYPE": "string",
                  "VERSION": "string"
                }
              ],
              "function_name": "string",
              "icon_file_png": "string",
              "minecraft_server_connection": "string",
              "minecraft_server_fqdn": "string",
              "minecraft_server_ip": "string",
              "minecraft_server_port": "number",
              "start_time": "string",
              "stop_time": "string",
              "tags": [
                "object",
                {
                  "application": "string",
                  "configuration-name": "string",
                  "environment": "string",
                  "provisioner": "string",
                  "provisioner-client-id": "string",
                  "provisioner-email": "string",
                  "provisioner-object-id": "string",
                  "repository": "string",
                  "runid": "string",
                  "suffix": "string",
                  "vanity-fqdn": "string",
                  "workspace": "string"
                }
              ],
              "vanity_hostname_prefix": "string"
            }
          ]
        }
      ],
      "sensitive": true
    },
    "minecraft_server_connection": {
      "value": [
        "Minecraft-default-cas1-server1.westeurope.azurecontainer.io:25565"
      ],
      "type": [
        "tuple",
        [
          "string"
        ]
      ]
    },
    "minecraft_server_fqdn": {
      "value": [
        "Minecraft-default-cas1-server1.westeurope.azurecontainer.io"
      ],
      "type": [
        "tuple",
        [
          "string"
        ]
      ]
    },
    "minecraft_server_ip": {
      "value": [
        "20.23.9.86"
      ],
      "type": [
        "tuple",
        [
          "string"
        ]
      ]
    },
    "minecraft_server_port": {
      "value": [
        25565
      ],
      "type": [
        "tuple",
        [
          "number"
        ]
      ]
    },
    "minecraft_users": {
      "value": [
        "ZeroShino",
        "ZeroShuki",
        "OneShuki",
        "Tobias2006",
        "Aryqnto_",
        "Wrench07",
        "KasqerPK"
      ],
      "type": [
        "list",
        "string"
      ]
    },
    "resource_group": {
      "value": "Minecraft-default-cas1",
      "type": "string"
    },
    "resource_group_id": {
      "value": "/subscriptions/fa9aad52-e3ac-4a57-a851-fae41f1c870f/resourceGroups/Minecraft-default-cas1",
      "type": "string"
    },
    "resource_locks": {
      "value": [
        "/subscriptions/fa9aad52-e3ac-4a57-a851-fae41f1c870f/resourceGroups/Minecraft-default-cas1/providers/Microsoft.Storage/storageAccounts/minecraftstorcas1/providers/Microsoft.Authorization/locks/minecraftstorcas1-lock",
        "/subscriptions/fa9aad52-e3ac-4a57-a851-fae41f1c870f/resourceGroups/Minecraft-default-cas1/providers/Microsoft.Storage/storageAccounts/minecraftstorcas1/providers/Microsoft.Authorization/locks/AzureBackupProtectionLock"
      ],
      "type": [
        "list",
        "string"
      ]
    },
    "resource_suffix": {
      "value": "cas1",
      "type": "string"
    },
    "storage_account": {
      "value": "minecraftstorcas1",
      "type": "string"
    },
    "storage_account_id": {
      "value": "/subscriptions/fa9aad52-e3ac-4a57-a851-fae41f1c870f/resourceGroups/Minecraft-default-cas1/providers/Microsoft.Storage/storageAccounts/minecraftstorcas1",
      "type": "string"
    },
    "storage_data_share": {
      "value": [
        "minecraft-aci-server1-data-cas1"
      ],
      "type": [
        "tuple",
        [
          "string"
        ]
      ]
    },
    "storage_key": {
      "value": "bxjoEiVosA2UHxBHBnZWrrJG4UNk9/Zc2Kf3u/Fr4vtE20H4jF7mgj17oq8+3apNpRFwKwSK97J5PsqrHzc0AA==",
      "type": "string",
      "sensitive": true
    },
    "subscription_guid": {
      "value": "fa9aad52-e3ac-4a57-a851-fae41f1c870f",
      "type": "string"
    },
    "subscription_id": {
      "value": "/subscriptions/fa9aad52-e3ac-4a57-a851-fae41f1c870f",
      "type": "string"
    },
    "workflow_sp_application_id": {
      "value": "4d998a49-d672-472c-b1a3-e53bb0283713",
      "type": "string"
    },
    "workflow_sp_application_secret": {
      "value": "8yZ7Q~WGrigUxApFiBaFiau1ZOlIyzcw_lCGI",
      "type": "string",
      "sensitive": true
    },
    "workspace": {
      "value": "default",
      "type": "string"
    }
  },
  "resources": [
    {
      "mode": "data",
      "type": "azurerm_client_config",
      "name": "current",
      "provider": "provider[\"registry.terraform.io/hashicorp/azurerm\"]",
      "instances": [
        {
          "schema_version": 0,
          "attributes": {
            "client_id": "04b07795-8ddb-461a-bbee-02f9e1bf7b46",
            "id": "2022-03-18 18:55:11.0519785 +0000 UTC",
            "object_id": "c62c50cc-2509-4d26-9efd-28ab44f238b8",
            "subscription_id": "fa9aad52-e3ac-4a57-a851-fae41f1c870f",
            "tenant_id": "83fbe6ff-2b94-43d8-913f-98c63084e1eb",
            "timeouts": null
          },
          "sensitive_attributes": []
        }
      ]
    },
    {
      "mode": "data",
      "type": "azurerm_role_definition",
      "name": "contributor",
      "provider": "provider[\"registry.terraform.io/hashicorp/azurerm\"]",
      "instances": [
        {
          "schema_version": 0,
          "attributes": {
            "assignable_scopes": [
              "/"
            ],
            "description": "Grants full access to manage all resources, but does not allow you to assign roles in Azure RBAC, manage assignments in Azure Blueprints, or share image galleries.",
            "id": "/providers/Microsoft.Authorization/roleDefinitions/b24988ac-6180-42a0-ab88-20f7382dd24c",
            "name": "Contributor",
            "permissions": [
              {
                "actions": [
                  "*"
                ],
                "data_actions": [],
                "not_actions": [
                  "Microsoft.Authorization/*/Delete",
                  "Microsoft.Authorization/*/Write",
                  "Microsoft.Authorization/elevateAccess/Action",
                  "Microsoft.Blueprint/blueprintAssignments/write",
                  "Microsoft.Blueprint/blueprintAssignments/delete",
                  "Microsoft.Compute/galleries/share/action"
                ],
                "not_data_actions": []
              }
            ],
            "role_definition_id": "/providers/Microsoft.Authorization/roleDefinitions/b24988ac-6180-42a0-ab88-20f7382dd24c",
            "scope": null,
            "timeouts": null,
            "type": "BuiltInRole"
          },
          "sensitive_attributes": []
        }
      ]
    },
    {
      "mode": "data",
      "type": "azurerm_role_definition",
      "name": "reader",
      "provider": "provider[\"registry.terraform.io/hashicorp/azurerm\"]",
      "instances": [
        {
          "schema_version": 0,
          "attributes": {
            "assignable_scopes": [
              "/"
            ],
            "description": "View all resources, but does not allow you to make any changes.",
            "id": "/providers/Microsoft.Authorization/roleDefinitions/acdd72a7-3385-48ef-bd42-f606fba81ae7",
            "name": "Reader",
            "permissions": [
              {
                "actions": [
                  "*/read"
                ],
                "data_actions": [],
                "not_actions": [],
                "not_data_actions": []
              }
            ],
            "role_definition_id": "/providers/Microsoft.Authorization/roleDefinitions/acdd72a7-3385-48ef-bd42-f606fba81ae7",
            "scope": null,
            "timeouts": null,
            "type": "BuiltInRole"
          },
          "sensitive_attributes": []
        }
      ]
    },
    {
      "mode": "data",
      "type": "azurerm_subscription",
      "name": "default",
      "provider": "provider[\"registry.terraform.io/hashicorp/azurerm\"].defaults",
      "instances": [
        {
          "schema_version": 0,
          "attributes": {
            "display_name": "Visual Studio Enterprise",
            "id": "/subscriptions/fa9aad52-e3ac-4a57-a851-fae41f1c870f",
            "location_placement_id": "Public_2014-09-01",
            "quota_id": "MSDN_2014-09-01",
            "spending_limit": "On",
            "state": "Enabled",
            "subscription_id": "fa9aad52-e3ac-4a57-a851-fae41f1c870f",
            "tags": {},
            "tenant_id": "83fbe6ff-2b94-43d8-913f-98c63084e1eb",
            "timeouts": null
          },
          "sensitive_attributes": []
        }
      ]
    },
    {
      "mode": "data",
      "type": "azurerm_subscription",
      "name": "primary",
      "provider": "provider[\"registry.terraform.io/hashicorp/azurerm\"]",
      "instances": [
        {
          "schema_version": 0,
          "attributes": {
            "display_name": "Visual Studio Enterprise",
            "id": "/subscriptions/fa9aad52-e3ac-4a57-a851-fae41f1c870f",
            "location_placement_id": "Public_2014-09-01",
            "quota_id": "MSDN_2014-09-01",
            "spending_limit": "On",
            "state": "Enabled",
            "subscription_id": "fa9aad52-e3ac-4a57-a851-fae41f1c870f",
            "tags": {},
            "tenant_id": "83fbe6ff-2b94-43d8-913f-98c63084e1eb",
            "timeouts": null
          },
          "sensitive_attributes": []
        }
      ]
    },
    {
      "mode": "managed",
      "type": "azurerm_app_service_plan",
      "name": "functions",
      "provider": "provider[\"registry.terraform.io/hashicorp/azurerm\"]",
      "instances": [
        {
          "schema_version": 0,
          "attributes": {
            "app_service_environment_id": "",
            "id": "/subscriptions/fa9aad52-e3ac-4a57-a851-fae41f1c870f/resourceGroups/Minecraft-default-cas1/providers/Microsoft.Web/serverfarms/Minecraft-default-cas1-functions",
            "is_xenon": false,
            "kind": "functionapp",
            "location": "westeurope",
            "maximum_elastic_worker_count": 1,
            "maximum_number_of_workers": 0,
            "name": "Minecraft-default-cas1-functions",
            "per_site_scaling": false,
            "reserved": true,
            "resource_group_name": "Minecraft-default-cas1",
            "sku": [
              {
                "capacity": 0,
                "size": "Y1",
                "tier": "Dynamic"
              }
            ],
            "tags": {
              "application": "Minecraft",
              "environment": "dev",
              "provisioner": "terraform",
              "provisioner-client-id": "04b07795-8ddb-461a-bbee-02f9e1bf7b46",
              "provisioner-email": "mpj.vervoort@gmail.com",
              "provisioner-object-id": "c62c50cc-2509-4d26-9efd-28ab44f238b8",
              "repository": "azure-minecraft-docker",
              "runid": "",
              "suffix": "cas1",
              "workspace": "default"
            },
            "timeouts": null,
            "zone_redundant": false
          },
          "sensitive_attributes": [],
          "private": "eyJlMmJmYjczMC1lY2FhLTExZTYtOGY4OC0zNDM2M2JjN2M0YzAiOnsiY3JlYXRlIjozNjAwMDAwMDAwMDAwLCJkZWxldGUiOjM2MDAwMDAwMDAwMDAsInJlYWQiOjMwMDAwMDAwMDAwMCwidXBkYXRlIjozNjAwMDAwMDAwMDAwfX0=",
          "dependencies": [
            "azurerm_resource_group.minecraft",
            "data.azurerm_client_config.current",
            "data.azurerm_subscription.default",
            "random_string.suffix"
          ]
        }
      ]
    },
    {
      "mode": "managed",
      "type": "azurerm_application_insights",
      "name": "insights",
      "provider": "provider[\"registry.terraform.io/hashicorp/azurerm\"]",
      "instances": [
        {
          "schema_version": 1,
          "attributes": {
            "app_id": "a51e6c7d-46cd-469b-9aaf-26b516c557c9",
            "application_type": "web",
            "connection_string": "InstrumentationKey=6e841534-4155-46a4-aaad-21e53440d80c;IngestionEndpoint=https://westeurope-5.in.applicationinsights.azure.com/",
            "daily_data_cap_in_gb": 100,
            "daily_data_cap_notifications_disabled": false,
            "disable_ip_masking": false,
            "id": "/subscriptions/fa9aad52-e3ac-4a57-a851-fae41f1c870f/resourceGroups/Minecraft-default-cas1/providers/Microsoft.Insights/components/Minecraft-default-cas1-insights",
            "instrumentation_key": "6e841534-4155-46a4-aaad-21e53440d80c",
            "internet_ingestion_enabled": true,
            "internet_query_enabled": true,
            "local_authentication_disabled": false,
            "location": "westeurope",
            "name": "Minecraft-default-cas1-insights",
            "resource_group_name": "Minecraft-default-cas1",
            "retention_in_days": 90,
            "sampling_percentage": 100,
            "tags": {
              "application": "Minecraft",
              "environment": "dev",
              "provisioner": "terraform",
              "provisioner-client-id": "04b07795-8ddb-461a-bbee-02f9e1bf7b46",
              "provisioner-email": "mpj.vervoort@gmail.com",
              "provisioner-object-id": "c62c50cc-2509-4d26-9efd-28ab44f238b8",
              "repository": "azure-minecraft-docker",
              "runid": "",
              "suffix": "cas1",
              "workspace": "default"
            },
            "timeouts": null,
            "workspace_id": "/subscriptions/fa9aad52-e3ac-4a57-a851-fae41f1c870f/resourceGroups/Minecraft-default-cas1/providers/Microsoft.OperationalInsights/workspaces/Minecraft-default-cas1-loganalytics"
          },
          "sensitive_attributes": [],
          "private": "eyJlMmJmYjczMC1lY2FhLTExZTYtOGY4OC0zNDM2M2JjN2M0YzAiOnsiY3JlYXRlIjoxODAwMDAwMDAwMDAwLCJkZWxldGUiOjE4MDAwMDAwMDAwMDAsInJlYWQiOjMwMDAwMDAwMDAwMCwidXBkYXRlIjoxODAwMDAwMDAwMDAwfSwic2NoZW1hX3ZlcnNpb24iOiIxIn0=",
          "dependencies": [
            "azurerm_log_analytics_workspace.monitor",
            "azurerm_resource_group.minecraft",
            "data.azurerm_client_config.current",
            "data.azurerm_subscription.default",
            "random_string.suffix"
          ]
        }
      ]
    },
    {
      "mode": "managed",
      "type": "azurerm_backup_container_storage_account",
      "name": "minecraft",
      "provider": "provider[\"registry.terraform.io/hashicorp/azurerm\"]",
      "instances": [
        {
          "index_key": 0,
          "schema_version": 0,
          "attributes": {
            "id": "/subscriptions/fa9aad52-e3ac-4a57-a851-fae41f1c870f/resourceGroups/Minecraft-default-cas1/providers/Microsoft.RecoveryServices/vaults/Minecraft-default-cas1-backup/backupFabrics/Azure/protectionContainers/StorageContainer;storage;Minecraft-default-cas1;minecraftstorcas1",
            "recovery_vault_name": "Minecraft-default-cas1-backup",
            "resource_group_name": "Minecraft-default-cas1",
            "storage_account_id": "/subscriptions/fa9aad52-e3ac-4a57-a851-fae41f1c870f/resourceGroups/Minecraft-default-cas1/providers/Microsoft.Storage/storageAccounts/minecraftstorcas1",
            "timeouts": null
          },
          "sensitive_attributes": [],
          "private": "eyJlMmJmYjczMC1lY2FhLTExZTYtOGY4OC0zNDM2M2JjN2M0YzAiOnsiY3JlYXRlIjoxODAwMDAwMDAwMDAwLCJkZWxldGUiOjE4MDAwMDAwMDAwMDAsInJlYWQiOjMwMDAwMDAwMDAwMCwidXBkYXRlIjoxODAwMDAwMDAwMDAwfX0=",
          "dependencies": [
            "azurerm_recovery_services_vault.backup",
            "azurerm_resource_group.minecraft",
            "azurerm_storage_account.minecraft",
            "data.azurerm_client_config.current",
            "data.azurerm_subscription.default",
            "random_string.suffix"
          ]
        }
      ]
    },
    {
      "mode": "managed",
      "type": "azurerm_backup_policy_file_share",
      "name": "nightly",
      "provider": "provider[\"registry.terraform.io/hashicorp/azurerm\"]",
      "instances": [
        {
          "index_key": 0,
          "schema_version": 0,
          "attributes": {
            "backup": [
              {
                "frequency": "Daily",
                "time": "03:00"
              }
            ],
            "id": "/subscriptions/fa9aad52-e3ac-4a57-a851-fae41f1c870f/resourceGroups/Minecraft-default-cas1/providers/Microsoft.RecoveryServices/vaults/Minecraft-default-cas1-backup/backupPolicies/Minecraft-default-cas1-backup-nightly",
            "name": "Minecraft-default-cas1-backup-nightly",
            "recovery_vault_name": "Minecraft-default-cas1-backup",
            "resource_group_name": "Minecraft-default-cas1",
            "retention_daily": [
              {
                "count": 30
              }
            ],
            "retention_monthly": [
              {
                "count": 12,
                "weekdays": [
                  "Monday",
                  "Sunday"
                ],
                "weeks": [
                  "First",
                  "Last"
                ]
              }
            ],
            "retention_weekly": [
              {
                "count": 7,
                "weekdays": [
                  "Monday"
                ]
              }
            ],
            "retention_yearly": [
              {
                "count": 10,
                "months": [
                  "January"
                ],
                "weekdays": [
                  "Monday"
                ],
                "weeks": [
                  "First"
                ]
              }
            ],
            "tags": {},
            "timeouts": null,
            "timezone": "W. Europe Standard Time"
          },
          "sensitive_attributes": [],
          "private": "eyJlMmJmYjczMC1lY2FhLTExZTYtOGY4OC0zNDM2M2JjN2M0YzAiOnsiY3JlYXRlIjoxODAwMDAwMDAwMDAwLCJkZWxldGUiOjE4MDAwMDAwMDAwMDAsInJlYWQiOjMwMDAwMDAwMDAwMCwidXBkYXRlIjoxODAwMDAwMDAwMDAwfX0=",
          "dependencies": [
            "azurerm_recovery_services_vault.backup",
            "azurerm_resource_group.minecraft",
            "data.azurerm_client_config.current",
            "data.azurerm_subscription.default",
            "random_string.suffix"
          ]
        }
      ]
    },
    {
      "mode": "managed",
      "type": "azurerm_backup_protected_file_share",
      "name": "minecraft_data",
      "provider": "provider[\"registry.terraform.io/hashicorp/azurerm\"]",
      "instances": [
        {
          "index_key": "server1",
          "schema_version": 0,
          "attributes": {
            "backup_policy_id": "/subscriptions/fa9aad52-e3ac-4a57-a851-fae41f1c870f/resourceGroups/Minecraft-default-cas1/providers/Microsoft.RecoveryServices/vaults/Minecraft-default-cas1-backup/backupPolicies/Minecraft-default-cas1-backup-nightly",
            "id": "/subscriptions/fa9aad52-e3ac-4a57-a851-fae41f1c870f/resourceGroups/Minecraft-default-cas1/providers/Microsoft.RecoveryServices/vaults/Minecraft-default-cas1-backup/backupFabrics/Azure/protectionContainers/StorageContainer;storage;Minecraft-default-cas1;minecraftstorcas1/protectedItems/AzureFileShare;c1271b59eebb954f3ecd22f4140191e76c5b2bc98e1b09ea85c757ff404342fd",
            "recovery_vault_name": "Minecraft-default-cas1-backup",
            "resource_group_name": "Minecraft-default-cas1",
            "source_file_share_name": "minecraft-aci-server1-data-cas1",
            "source_storage_account_id": "/subscriptions/fa9aad52-e3ac-4a57-a851-fae41f1c870f/resourceGroups/Minecraft-default-cas1/providers/Microsoft.Storage/storageAccounts/minecraftstorcas1",
            "timeouts": null
          },
          "sensitive_attributes": [],
          "private": "eyJlMmJmYjczMC1lY2FhLTExZTYtOGY4OC0zNDM2M2JjN2M0YzAiOnsiY3JlYXRlIjo0ODAwMDAwMDAwMDAwLCJkZWxldGUiOjQ4MDAwMDAwMDAwMDAsInJlYWQiOjMwMDAwMDAwMDAwMCwidXBkYXRlIjo0ODAwMDAwMDAwMDAwfX0=",
          "dependencies": [
            "azurerm_backup_container_storage_account.minecraft",
            "azurerm_backup_policy_file_share.nightly",
            "azurerm_log_analytics_workspace.monitor",
            "azurerm_monitor_action_group.arm_roles",
            "azurerm_recovery_services_vault.backup",
            "azurerm_resource_group.minecraft",
            "azurerm_role_assignment.terraform_storage_owner",
            "azurerm_storage_account.minecraft",
            "azurerm_storage_account.minecraft_image",
            "azurerm_storage_container.configuration",
            "azurerm_user_assigned_identity.minecraft_identity",
            "data.azurerm_client_config.current",
            "data.azurerm_role_definition.contributor",
            "data.azurerm_role_definition.reader",
            "data.azurerm_subscription.default",
            "module.minecraft.azurerm_container_group.minecraft_server",
            "module.minecraft.azurerm_dns_cname_record.vanity_hostname",
            "module.minecraft.azurerm_logic_app_workflow.start",
            "module.minecraft.azurerm_logic_app_workflow.stop",
            "module.minecraft.azurerm_monitor_diagnostic_setting.start_workflow",
            "module.minecraft.azurerm_monitor_diagnostic_setting.stop_workflow",
            "module.minecraft.azurerm_monitor_metric_alert.cpu_dynamic",
            "module.minecraft.azurerm_monitor_metric_alert.memory",
            "module.minecraft.azurerm_monitor_metric_alert.memory_dynamic",
            "module.minecraft.azurerm_resource_group_template_deployment.container_instance_api_connection",
            "module.minecraft.azurerm_resource_group_template_deployment.start_workflow",
            "module.minecraft.azurerm_resource_group_template_deployment.stop_workflow",
            "module.minecraft.azurerm_role_assignment.minecraft_startstop",
            "module.minecraft.azurerm_storage_blob.minecraft_configuration",
            "module.minecraft.azurerm_storage_blob.minecraft_environment",
            "module.minecraft.azurerm_storage_blob.minecraft_user_configuration",
            "module.minecraft.azurerm_storage_share.minecraft_modpacks",
            "module.minecraft.azurerm_storage_share.minecraft_share",
            "module.minecraft.azurerm_storage_share_directory.bstats",
            "module.minecraft.azurerm_storage_share_directory.log_filter",
            "module.minecraft.azurerm_storage_share_directory.plugins",
            "module.minecraft.azurerm_storage_share_file.bstats_config",
            "module.minecraft.azurerm_storage_share_file.log_filter_config",
            "module.minecraft.azurerm_storage_share_file.log_filter_jar",
            "module.minecraft.data.azurerm_dns_zone.vanity_domain",
            "module.minecraft.data.azurerm_storage_account.minecraft",
            "module.minecraft.data.azurerm_subscription.primary",
            "module.minecraft.null_resource.log_filter_jar",
            "module.service_principal.azuread_application.app",
            "module.service_principal.azuread_service_principal.spn",
            "module.service_principal.azuread_service_principal_password.spnsecret",
            "module.service_principal.data.azuread_client_config.current",
            "module.service_principal.time_rotating.secret_expiration",
            "random_string.suffix"
          ]
        }
      ]
    },
    {
      "mode": "managed",
      "type": "azurerm_dashboard",
      "name": "minecraft_dashboard",
      "provider": "provider[\"registry.terraform.io/hashicorp/azurerm\"]",
      "instances": [
        {
          "schema_version": 0,
          "attributes": {
            "dashboard_properties": "{\"lenses\":{\"0\":{\"order\":0,\"parts\":{\"0\":{\"metadata\":{\"asset\":{\"idInputName\":\"id\"},\"deepLink\":\"#@/resource/subscriptions/fa9aad52-e3ac-4a57-a851-fae41f1c870f/resourceGroups/Minecraft-default-cas1/providers/Microsoft.ContainerInstance/containerGroups/Minecraft-default-cas1-primary/overview\",\"inputs\":[{\"isOptional\":true,\"name\":\"id\",\"value\":\"/subscriptions/fa9aad52-e3ac-4a57-a851-fae41f1c870f/resourceGroups/Minecraft-default-cas1/providers/Microsoft.ContainerInstance/containerGroups/Minecraft-default-cas1-primary\"},{\"isOptional\":true,\"name\":\"resourceId\"},{\"isOptional\":true,\"name\":\"menuid\"}],\"type\":\"Extension/HubsExtension/PartType/ResourcePart\"},\"position\":{\"colSpan\":2,\"rowSpan\":1,\"x\":0,\"y\":0}},\"1\":{\"metadata\":{\"deepLink\":\"#@/resource/subscriptions/fa9aad52-e3ac-4a57-a851-fae41f1c870f/resourceGroups/Minecraft-default-cas1/providers/Microsoft.Storage/storageAccounts/minecraftstorcas1/fileList\",\"inputs\":[{\"name\":\"storageAccountId\",\"value\":\"/subscriptions/fa9aad52-e3ac-4a57-a851-fae41f1c870f/resourceGroups/Minecraft-default-cas1/providers/Microsoft.Storage/storageAccounts/minecraftstorcas1\"}],\"type\":\"Extension/Microsoft_Azure_FileStorage/PartType/FileServicePinnedPart\"},\"position\":{\"colSpan\":1,\"rowSpan\":1,\"x\":2,\"y\":0}},\"10\":{\"metadata\":{\"filters\":{\"MsPortalFx_TimeRange\":{\"model\":{\"format\":\"local\",\"granularity\":\"auto\",\"relative\":\"43200m\"}}},\"inputs\":[{\"isOptional\":true,\"name\":\"options\",\"value\":{\"chart\":{\"metrics\":[{\"aggregationType\":4,\"metricVisualization\":{\"displayName\":\"Used storage capacity\"},\"name\":\"UsedCapacity\",\"namespace\":\"microsoft.storage/storageaccounts\",\"resourceMetadata\":{\"id\":\"/subscriptions/fa9aad52-e3ac-4a57-a851-fae41f1c870f/resourceGroups/Minecraft-default-cas1/providers/Microsoft.Storage/storageAccounts/minecraftstorcas1\",\"resourceGroup\":\"Minecraft-default-cas1\"}}],\"timespan\":{\"grain\":1,\"relative\":{\"duration\":86400000},\"showUTCTime\":false},\"title\":\"Avg Used capacity for minecraftstorcas1\",\"titleKind\":1,\"visualization\":{\"axisVisualization\":{\"x\":{\"axisType\":2,\"isVisible\":true},\"y\":{\"axisType\":1,\"isVisible\":true}},\"chartType\":2,\"legendVisualization\":{\"hideSubtitle\":false,\"isVisible\":true,\"position\":2}}}}},{\"isOptional\":true,\"name\":\"sharedTimeRange\"}],\"settings\":{\"content\":{\"options\":{\"chart\":{\"metrics\":[{\"aggregationType\":4,\"metricVisualization\":{\"displayName\":\"Used storage capacity\"},\"name\":\"UsedCapacity\",\"namespace\":\"microsoft.storage/storageaccounts\",\"resourceMetadata\":{\"id\":\"/subscriptions/fa9aad52-e3ac-4a57-a851-fae41f1c870f/resourceGroups/Minecraft-default-cas1/providers/Microsoft.Storage/storageAccounts/minecraftstorcas1\",\"resourceGroup\":\"Minecraft-default-cas1\"}}],\"title\":\"Used storage capacity\",\"titleKind\":2,\"visualization\":{\"axisVisualization\":{\"x\":{\"axisType\":2,\"isVisible\":true},\"y\":{\"axisType\":1,\"isVisible\":true}},\"chartType\":2,\"disablePinning\":true,\"legendVisualization\":{\"hideSubtitle\":false,\"isVisible\":true,\"position\":2}}}}}},\"type\":\"Extension/HubsExtension/PartType/MonitorChartPart\"},\"position\":{\"colSpan\":6,\"rowSpan\":4,\"x\":13,\"y\":6}},\"11\":{\"metadata\":{\"inputs\":[{\"isOptional\":true,\"name\":\"resourceTypeMode\"},{\"isOptional\":true,\"name\":\"ComponentId\"},{\"isOptional\":true,\"name\":\"Scope\",\"value\":{\"resourceIds\":[\"/subscriptions/fa9aad52-e3ac-4a57-a851-fae41f1c870f/resourceGroups/Minecraft-default-cas1/providers/microsoft.operationalinsights/workspaces/Minecraft-default-cas1-loganalytics\"]}},{\"isOptional\":true,\"name\":\"Dimensions\"},{\"isOptional\":true,\"name\":\"PartId\",\"value\":\"15a53e10-286d-4b38-ac93-bd98b26c8546\"},{\"isOptional\":true,\"name\":\"Version\",\"value\":\"2.0\"},{\"isOptional\":true,\"name\":\"TimeRange\",\"value\":\"P1D\"},{\"isOptional\":true,\"name\":\"DashboardId\"},{\"isOptional\":true,\"name\":\"DraftRequestParameters\"},{\"isOptional\":true,\"name\":\"Query\",\"value\":\"ContainerInstanceLog_CL \\n| where Message contains \\\"connect\\\" or Message contains \\\"[/\\\" \\n| order by TimeGenerated desc\\n| project Message\\n\\n\"},{\"isOptional\":true,\"name\":\"ControlType\",\"value\":\"AnalyticsGrid\"},{\"isOptional\":true,\"name\":\"SpecificChart\"},{\"isOptional\":true,\"name\":\"PartTitle\",\"value\":\"Analytics\"},{\"isOptional\":true,\"name\":\"PartSubTitle\",\"value\":\"Minecraft-default-cas1-loganalytics\"},{\"isOptional\":true,\"name\":\"LegendOptions\"},{\"isOptional\":true,\"name\":\"IsQueryContainTimeRange\"}],\"savedContainerState\":{\"assetName\":\"Minecraft-default-cas1-loganalytics\",\"partTitle\":\"Connection Events\"},\"settings\":{\"content\":{\"GridColumnsWidth\":{\"Instance\":\"92px\",\"Message\":\"362px\",\"MessageWithoutTimestamp\":\"362px\",\"TimeGenerated\":\"138px\"},\"PartSubTitle\":\"Minecraft-default-cas1-loganalytics\",\"PartTitle\":\"Connection Events\",\"Query\":\"ContainerInstanceLog_CL \\n| where Message contains \\\"connect\\\" or Message contains \\\"[/\\\" \\n| extend MessageWithoutTimestamp=replace(@'\\\\[[^\\\\]]* (\\\\w+)\\\\]: ', @'[\\\\1] ', Message)\\n| extend Instance=tostring(split(ContainerGroup_s,'-')[-1])\\n| order by TimeGenerated desc\\n| project TimeGenerated, Instance, Message=tolower(MessageWithoutTimestamp)\\n\"}},\"type\":\"Extension/Microsoft_OperationsManagementSuite_Workspace/PartType/LogsDashboardPart\"},\"position\":{\"colSpan\":7,\"rowSpan\":6,\"x\":0,\"y\":10}},\"12\":{\"metadata\":{\"deepLink\":\"#@/resource/subscriptions/fa9aad52-e3ac-4a57-a851-fae41f1c870f/resourceGroups/Minecraft-default-cas1/overview\",\"inputs\":[{\"isOptional\":true,\"name\":\"resourceGroup\"},{\"isOptional\":true,\"name\":\"id\",\"value\":\"/subscriptions/fa9aad52-e3ac-4a57-a851-fae41f1c870f/resourceGroups/Minecraft-default-cas1\"}],\"savedContainerState\":{\"assetName\":\"Minecraft-default-cas1\",\"partTitle\":\"Resources\"},\"type\":\"Extension/HubsExtension/PartType/ResourceGroupMapPinnedPart\"},\"position\":{\"colSpan\":6,\"rowSpan\":6,\"x\":7,\"y\":10}},\"2\":{\"metadata\":{\"inputs\":[{\"isOptional\":true,\"name\":\"queryInputs\"}],\"type\":\"Extension/Microsoft_Azure_Monitoring/PartType/AlertsManagementSummaryBladePinnedPart\"},\"position\":{\"colSpan\":1,\"rowSpan\":1,\"x\":3,\"y\":0}},\"3\":{\"metadata\":{\"asset\":{\"idInputName\":\"id\",\"type\":\"Workspace\"},\"deepLink\":\"#@/resource/subscriptions/fa9aad52-e3ac-4a57-a851-fae41f1c870f/resourceGroups/Minecraft-default-cas1/providers/Microsoft.OperationalInsights/workspaces/Minecraft-default-cas1-loganalytics/Overview\",\"inputs\":[{\"name\":\"id\",\"value\":\"/subscriptions/fa9aad52-e3ac-4a57-a851-fae41f1c870f/resourceGroups/Minecraft-default-cas1/providers/microsoft.operationalinsights/workspaces/Minecraft-default-cas1-loganalytics\"}],\"type\":\"Extension/Microsoft_OperationsManagementSuite_Workspace/PartType/WorkspacePart\"},\"position\":{\"colSpan\":2,\"rowSpan\":1,\"x\":4,\"y\":0}},\"4\":{\"metadata\":{\"inputs\":[],\"savedContainerState\":{\"assetName\":\"\",\"partTitle\":\" \"},\"settings\":{\"content\":{\"settings\":{\"content\":\"\\u003cimg src='https://github.com/geekzter/azure-minecraft-docker/raw/main/visuals/minecraft-logo-800.png' align='middle'/\\u003e\\n\",\"markdownSource\":1,\"markdownUri\":\"https://logos-world.net/wp-content/uploads/2020/04/Minecraft-Logo.png\",\"subtitle\":\"\",\"title\":\" \"}}},\"type\":\"Extension/HubsExtension/PartType/MarkdownPart\"},\"position\":{\"colSpan\":6,\"rowSpan\":2,\"x\":7,\"y\":0}},\"5\":{\"metadata\":{\"inputs\":[{\"isOptional\":true,\"name\":\"partTitle\",\"value\":\"Minecraft Instances\"},{\"isOptional\":true,\"name\":\"query\",\"value\":\"Resources\\n| extend Repository=tostring(tags['repository']), Instance=tostring(tags['configuration-name']), VanityFQDN=tostring(tags['vanity-fqdn']), Workspace=tostring(tags['workspace']), Suffix=tostring(tags['suffix']) \\n| where Repository == \\\"azure-minecraft-docker\\\" and isnotempty(Instance)\\n| distinct Workspace, Instance, VanityFQDN\\n| order by Workspace, Instance asc, VanityFQDN asc\"},{\"isOptional\":true,\"name\":\"chartType\"},{\"isOptional\":true,\"name\":\"isShared\"},{\"isOptional\":true,\"name\":\"queryId\",\"value\":\"\"},{\"isOptional\":true,\"name\":\"formatResults\"}],\"savedContainerState\":{\"assetName\":\"Private Resource Graph query\",\"partTitle\":\"Minecraft Instances\"},\"settings\":{},\"type\":\"Extension/HubsExtension/PartType/ArgQueryGridTile\"},\"position\":{\"colSpan\":6,\"rowSpan\":6,\"x\":13,\"y\":0}},\"6\":{\"metadata\":{\"inputs\":[{\"isOptional\":true,\"name\":\"resourceTypeMode\"},{\"isOptional\":true,\"name\":\"ComponentId\"},{\"isOptional\":true,\"name\":\"Scope\",\"value\":{\"resourceIds\":[\"/subscriptions/fa9aad52-e3ac-4a57-a851-fae41f1c870f/resourceGroups/Minecraft-default-cas1/providers/microsoft.operationalinsights/workspaces/Minecraft-default-cas1-loganalytics\"]}},{\"isOptional\":true,\"name\":\"PartId\",\"value\":\"124593ba-0d3b-472c-b48a-eb7d2064245b\"},{\"isOptional\":true,\"name\":\"Version\",\"value\":\"2.0\"},{\"isOptional\":true,\"name\":\"TimeRange\",\"value\":\"P1D\"},{\"isOptional\":true,\"name\":\"DashboardId\"},{\"isOptional\":true,\"name\":\"DraftRequestParameters\"},{\"isOptional\":true,\"name\":\"Query\",\"value\":\"ContainerInstanceLog_CL \\n| where Message contains \\\"connect\\\" or Message contains \\\"[/\\\" \\n| extend Player=extract(@'\\\\]: *(\\\\w+)',1, Message)\\n| summarize JoinTime=maxif(TimeGenerated,Message contains \\\"logged in with entity\\\"), LeaveTime=maxif(TimeGenerated,Message contains \\\"lost connection: \\\") by Player\\n| where JoinTime \\u003e LeaveTime\\n| order by JoinTime asc\\n| project Player//, JoinTime\\n\"},{\"isOptional\":true,\"name\":\"ControlType\",\"value\":\"AnalyticsGrid\"},{\"isOptional\":true,\"name\":\"SpecificChart\"},{\"isOptional\":true,\"name\":\"PartTitle\",\"value\":\"Analytics\"},{\"isOptional\":true,\"name\":\"PartSubTitle\",\"value\":\"Minecraft-default-cas1-loganalytics\"},{\"isOptional\":true,\"name\":\"Dimensions\"},{\"isOptional\":true,\"name\":\"LegendOptions\"},{\"isOptional\":true,\"name\":\"IsQueryContainTimeRange\",\"value\":false}],\"savedContainerState\":{\"assetName\":\"Minecraft-default-cas1-loganalytics\",\"partTitle\":\"Player Status\"},\"settings\":{\"content\":{\"GridColumnsWidth\":{\"Instance\":\"92px\",\"Player\":\"126px\",\"Status\":\"236px\",\"TimeGenerated\":\"138px\"},\"PartTitle\":\"Player Status\",\"Query\":\"ContainerInstanceLog_CL \\n| where Message contains \\\"lost connection: \\\" or Message contains \\\"logged in with entity\\\" \\n| extend MessageWithoutTimestamp=replace(@'\\\\[[^\\\\]]* (\\\\w+)\\\\]: ', @'[\\\\1] ', Message)\\n| extend OnlinePlayer=extract(@'\\\\]: *(\\\\w+)', 1, Message)\\n| extend User=extract(@'name=(\\\\w+)', 1, Message)\\n| extend Player=coalesce(User, OnlinePlayer)\\n| extend DisconnectedStatus=extract(@'lost connection: *(.*)', 1, Message)\\n| extend Status=coalesce(DisconnectedStatus, \\\"Joined\\\")\\n| extend Instance=tostring(split(ContainerGroup_s,'-')[-1])\\n| order by TimeGenerated desc\\n| summarize arg_max(TimeGenerated, *) by Player, Instance\\n| order by TimeGenerated desc\\n| project TimeGenerated, Instance, Player, Status\\n\\n\"}},\"type\":\"Extension/Microsoft_OperationsManagementSuite_Workspace/PartType/LogsDashboardPart\"},\"position\":{\"colSpan\":7,\"rowSpan\":5,\"x\":0,\"y\":1}},\"7\":{\"metadata\":{\"inputs\":[],\"savedContainerState\":{\"assetName\":\"Powered by Docker \\u0026 Azure Container Instance\",\"partTitle\":\"Minecraft Server(less)\"},\"settings\":{\"content\":{\"settings\":{\"content\":\"Minecraft Server running on \\u003ca href='https://azure.microsoft.com/en-us/services/container-instances/' target='_blank'\\u003eAzure\\u0026nbsp;Container\\u0026nbsp;Instance\\u003c/a\\u003e and \\u003ca href='https://azure.microsoft.com/en-us/services/storage/files/' target='_blank'\\u003eAzure\\u0026nbsp;File\\u0026nbsp;Shares\\u003c/a\\u003e. \\n\\u003cbr/\\u003e\\nThe technology stack is all on GitHub:\\n\\u003cul\\u003e\\n\\u003cli\\u003e\\u003ca href='https://github.com/PaperMC' target='_blank'\\u003ePaper Minecraft\\u003c/a\\u003e\\n\\u003cli\\u003eMinecraft Docker image: \\u003ca href='https://github.com/itzg/docker-minecraft-server' target='_blank'\\u003eitzg/docker-minecraft-server\\u003c/a\\u003e\\n\\u003cli\\u003eHow to provision this infrastructure:\\u003ca href='https://github.com/geekzter/azure-minecraft-docker' target='_blank'\\u003e\\ngeekzter/azure-minecraft-docker \\u003c/a\\u003e\\n\\u003cli\\u003e\\u003ca href='https://github.com/Azure/azure-cli' target='_blank'\\u003eAzure CLI\\u003c/a\\u003e\\n\\u003cli\\u003e\\u003ca href='https://github.com/codespaces' target='_blank'\\u003eCodespace\\u003c/a\\u003e (\\u003ca href='https://github.com/geekzter/azure-minecraft-docker/tree/main/.devcontainer' target='_blank'\\u003edefinition\\u003c/a\\u003e, \\u003ca href='https://github.com/features/codespaces' target='_blank'\\u003e\\nfeature description\\u003c/a\\u003e)\\n\\u003cli\\u003eGitHub Actions \\u003ca href='https://github.com/geekzter/azure-minecraft-docker/actions?query=workflow%3Aci-vanilla' target='_blank'\\u003eCI workflow\\u003c/a\\u003e (\\u003ca href='https://github.com/geekzter/azure-minecraft-docker/tree/main/.github/workflows' target='_blank'\\u003esource\\u003c/a\\u003e)\\n\\u003cli\\u003e\\u003ca href='https://github.com/PowerShell/PowerShell' target='_blank'\\u003ePowershell\\u003c/a\\u003e\\n\\u003cli\\u003e\\u003ca href='https://github.com/hashicorp/terraform' target='_blank'\\u003eTerraform (\\u003ca href='https://github.com/terraform-providers/terraform-provider-azuread' target='_blank'\\u003eazuread\\u003c/a\\u003e,\\u003ca href='https://github.com/terraform-providers/terraform-provider-azurerm' target='_blank'\\u003eazurerm\\u003c/a\\u003e providers)\\u003c/a\\u003e\\n\\u003c/ul\\u003e\",\"markdownSource\":1,\"subtitle\":\"Powered by Docker \\u0026 Azure Container Instance\",\"title\":\"Minecraft Server(less)\"}}},\"type\":\"Extension/HubsExtension/PartType/MarkdownPart\"},\"position\":{\"colSpan\":6,\"rowSpan\":4,\"x\":7,\"y\":2}},\"8\":{\"metadata\":{\"inputs\":[{\"isOptional\":true,\"name\":\"ComponentId\",\"value\":{\"Name\":\"Minecraft-default-cas1-loganalytics\",\"ResourceGroup\":\"Minecraft-default-cas1\",\"ResourceId\":\"/subscriptions/fa9aad52-e3ac-4a57-a851-fae41f1c870f/resourceGroups/Minecraft-default-cas1/providers/microsoft.operationalinsights/workspaces/Minecraft-default-cas1-loganalytics\",\"SubscriptionId\":\"fa9aad52-e3ac-4a57-a851-fae41f1c870f\"}},{\"isOptional\":true,\"name\":\"Dimensions\"},{\"isOptional\":true,\"name\":\"PartId\",\"value\":\"11a37614-4dbc-4fe6-a814-91aee9a148a9\"},{\"isOptional\":true,\"name\":\"Version\",\"value\":\"1.0\"},{\"isOptional\":true,\"name\":\"resourceTypeMode\",\"value\":\"workspace\"},{\"isOptional\":true,\"name\":\"TimeRange\",\"value\":\"P1D\"},{\"isOptional\":true,\"name\":\"DashboardId\"},{\"isOptional\":true,\"name\":\"DraftRequestParameters\"},{\"isOptional\":true,\"name\":\"Query\",\"value\":\"ContainerEvent_CL \\n| project TimeGenerated, Message\\n| order by TimeGenerated desc\\n\"},{\"isOptional\":true,\"name\":\"ControlType\",\"value\":\"AnalyticsGrid\"},{\"isOptional\":true,\"name\":\"SpecificChart\"},{\"isOptional\":true,\"name\":\"PartTitle\",\"value\":\"Analytics\"},{\"isOptional\":true,\"name\":\"PartSubTitle\",\"value\":\"Minecraft-default-cas1-loganalytics\"},{\"isOptional\":true,\"name\":\"Scope\"},{\"isOptional\":true,\"name\":\"LegendOptions\"},{\"isOptional\":true,\"name\":\"IsQueryContainTimeRange\"}],\"savedContainerState\":{\"assetName\":\"Minecraft-default-cas1-loganalytics\",\"partTitle\":\"Container Events\"},\"settings\":{\"content\":{\"GridColumnsWidth\":{\"Instance\":\"92px\",\"Message\":\"362px\",\"TimeGenerated\":\"138px\"},\"PartSubTitle\":\"Minecraft-default-cas1-loganalytics\",\"PartTitle\":\"Container Events\",\"Query\":\"ContainerEvent_CL \\n| extend Instance=tostring(split(ContainerGroup_s,'-')[-1])\\n| project TimeGenerated, Instance, Message\\n| order by TimeGenerated desc\"}},\"type\":\"Extension/Microsoft_OperationsManagementSuite_Workspace/PartType/LogsDashboardPart\"},\"position\":{\"colSpan\":7,\"rowSpan\":4,\"x\":0,\"y\":6}},\"9\":{\"metadata\":{\"deepLink\":\"#blade/Microsoft_Azure_CostManagement/Menu/costanalysis\",\"inputs\":[{\"name\":\"scope\",\"value\":\"/subscriptions/fa9aad52-e3ac-4a57-a851-fae41f1c870f\"},{\"name\":\"scopeName\",\"value\":\"Resources tagged 'repository'='azure-minecraft-docker'\"},{\"isOptional\":true,\"name\":\"view\",\"value\":{\"accumulated\":\"true\",\"chart\":\"Area\",\"currency\":\"USD\",\"dateRange\":\"ThisMonth\",\"displayName\":\"Cost Consumption\",\"kpis\":[{\"enabled\":true,\"extendedProperties\":{\"amount\":2500,\"name\":\"NormalBudget\",\"timeGrain\":\"Monthly\",\"type\":\"fa9aad52-e3ac-4a57-a851-fae41f1c870f\"},\"id\":\"/subscriptions/fa9aad52-e3ac-4a57-a851-fae41f1c870f/providers/Microsoft.Consumption/budgets/NormalBudget\",\"type\":\"Budget\"},{\"enabled\":true,\"type\":\"Forecast\"}],\"pivots\":[{\"name\":\"ServiceName\",\"type\":\"Dimension\"},{\"name\":\"ResourceLocation\",\"type\":\"Dimension\"},{\"name\":\"ResourceGroupName\",\"type\":\"Dimension\"}],\"query\":{\"dataSet\":{\"aggregation\":{\"totalCost\":{\"function\":\"Sum\",\"name\":\"Cost\"},\"totalCostUSD\":{\"function\":\"Sum\",\"name\":\"CostUSD\"}},\"filter\":{\"Tags\":{\"Name\":\"repository\",\"Operator\":\"In\",\"Values\":[\"azure-minecraft-docker\"]}},\"granularity\":\"Daily\",\"sorting\":[{\"direction\":\"ascending\",\"name\":\"UsageDate\"}]},\"timeframe\":\"None\",\"type\":\"ActualCost\"},\"scope\":\"subscriptions/fa9aad52-e3ac-4a57-a851-fae41f1c870f\"}},{\"isOptional\":true,\"name\":\"externalState\"}],\"savedContainerState\":{\"assetName\":\"Resources tagged 'repository'='azure-minecraft-docker'\",\"partTitle\":\"Cost Consumption\"},\"type\":\"Extension/Microsoft_Azure_CostManagement/PartType/CostAnalysisPinPart\"},\"position\":{\"colSpan\":6,\"rowSpan\":4,\"x\":7,\"y\":6}}}}},\"metadata\":{\"model\":{\"filterLocale\":{\"value\":\"en-us\"},\"filters\":{\"value\":{\"MsPortalFx_TimeRange\":{\"displayCache\":{\"name\":\"Local Time\",\"value\":\"Past 30 days\"},\"filteredPartIds\":[\"StartboardPart-LogsDashboardPart-509a799a-9431-48a7-9ab1-9bd1561f4013\",\"StartboardPart-LogsDashboardPart-509a799a-9431-48a7-9ab1-9bd1561f4017\",\"StartboardPart-MonitorChartPart-509a799a-9431-48a7-9ab1-9bd1561f401b\",\"StartboardPart-LogsDashboardPart-509a799a-9431-48a7-9ab1-9bd1561f401d\"],\"model\":{\"format\":\"local\",\"granularity\":\"auto\",\"relative\":\"43200m\"}}}},\"timeRange\":{\"type\":\"MsPortalFx.Composition.Configuration.ValueTypes.TimeRange\",\"value\":{\"relative\":{\"duration\":24,\"timeUnit\":1}}}}}}",
            "id": "/subscriptions/fa9aad52-e3ac-4a57-a851-fae41f1c870f/resourceGroups/Minecraft-default-cas1/providers/Microsoft.Portal/dashboards/Minecraft-default-cas1-dashboard",
            "location": "westeurope",
            "name": "Minecraft-default-cas1-dashboard",
            "resource_group_name": "Minecraft-default-cas1",
            "tags": {
              "application": "Minecraft",
              "environment": "dev",
              "hidden-title": "Minecraft (dev)",
              "provisioner": "terraform",
              "provisioner-client-id": "04b07795-8ddb-461a-bbee-02f9e1bf7b46",
              "provisioner-email": "mpj.vervoort@gmail.com",
              "provisioner-object-id": "c62c50cc-2509-4d26-9efd-28ab44f238b8",
              "repository": "azure-minecraft-docker",
              "runid": "",
              "suffix": "cas1",
              "workspace": "default"
            },
            "timeouts": null
          },
          "sensitive_attributes": [],
          "private": "eyJlMmJmYjczMC1lY2FhLTExZTYtOGY4OC0zNDM2M2JjN2M0YzAiOnsiY3JlYXRlIjoxODAwMDAwMDAwMDAwLCJkZWxldGUiOjE4MDAwMDAwMDAwMDAsInJlYWQiOjMwMDAwMDAwMDAwMCwidXBkYXRlIjoxODAwMDAwMDAwMDAwfX0=",
          "dependencies": [
            "azurerm_backup_policy_file_share.nightly",
            "azurerm_log_analytics_workspace.monitor",
            "azurerm_monitor_action_group.arm_roles",
            "azurerm_recovery_services_vault.backup",
            "azurerm_resource_group.minecraft",
            "azurerm_role_assignment.terraform_storage_owner",
            "azurerm_storage_account.minecraft",
            "azurerm_storage_account.minecraft_image",
            "azurerm_storage_container.configuration",
            "azurerm_user_assigned_identity.minecraft_identity",
            "data.azurerm_client_config.current",
            "data.azurerm_subscription.default",
            "data.azurerm_subscription.primary",
            "module.minecraft.azurerm_container_group.minecraft_server",
            "module.minecraft.azurerm_dns_cname_record.vanity_hostname",
            "module.minecraft.azurerm_logic_app_workflow.start",
            "module.minecraft.azurerm_logic_app_workflow.stop",
            "module.minecraft.azurerm_monitor_diagnostic_setting.start_workflow",
            "module.minecraft.azurerm_monitor_diagnostic_setting.stop_workflow",
            "module.minecraft.azurerm_monitor_metric_alert.cpu_dynamic",
            "module.minecraft.azurerm_monitor_metric_alert.memory",
            "module.minecraft.azurerm_monitor_metric_alert.memory_dynamic",
            "module.minecraft.azurerm_resource_group_template_deployment.container_instance_api_connection",
            "module.minecraft.azurerm_resource_group_template_deployment.start_workflow",
            "module.minecraft.azurerm_resource_group_template_deployment.stop_workflow",
            "module.minecraft.azurerm_role_assignment.minecraft_startstop",
            "module.minecraft.azurerm_storage_blob.minecraft_configuration",
            "module.minecraft.azurerm_storage_blob.minecraft_environment",
            "module.minecraft.azurerm_storage_blob.minecraft_user_configuration",
            "module.minecraft.azurerm_storage_share.minecraft_modpacks",
            "module.minecraft.azurerm_storage_share.minecraft_share",
            "module.minecraft.azurerm_storage_share_directory.bstats",
            "module.minecraft.azurerm_storage_share_directory.log_filter",
            "module.minecraft.azurerm_storage_share_directory.plugins",
            "module.minecraft.azurerm_storage_share_file.bstats_config",
            "module.minecraft.azurerm_storage_share_file.log_filter_config",
            "module.minecraft.azurerm_storage_share_file.log_filter_jar",
            "module.minecraft.data.azurerm_dns_zone.vanity_domain",
            "module.minecraft.data.azurerm_storage_account.minecraft",
            "module.minecraft.data.azurerm_subscription.primary",
            "module.minecraft.null_resource.log_filter_jar",
            "module.service_principal.azuread_application.app",
            "module.service_principal.azuread_service_principal.spn",
            "module.service_principal.azuread_service_principal_password.spnsecret",
            "random_string.suffix"
          ]
        }
      ]
    },
    {
      "mode": "managed",
      "type": "azurerm_log_analytics_workspace",
      "name": "monitor",
      "provider": "provider[\"registry.terraform.io/hashicorp/azurerm\"]",
      "instances": [
        {
          "schema_version": 2,
          "attributes": {
            "daily_quota_gb": -1,
            "id": "/subscriptions/fa9aad52-e3ac-4a57-a851-fae41f1c870f/resourceGroups/Minecraft-default-cas1/providers/Microsoft.OperationalInsights/workspaces/Minecraft-default-cas1-loganalytics",
            "internet_ingestion_enabled": true,
            "internet_query_enabled": true,
            "location": "westeurope",
            "name": "Minecraft-default-cas1-loganalytics",
            "portal_url": "",
            "primary_shared_key": "HcfGc0HR7/7U9n32e5o2yCbgMP9ypxsFpoVKj0zDMHnGELYqmN2NGY2FpASKO8AZadsYkKyMhtgc//kFR7qnTA==",
            "reservation_capcity_in_gb_per_day": null,
            "resource_group_name": "Minecraft-default-cas1",
            "retention_in_days": 30,
            "secondary_shared_key": "0GBd9WcPEtYPka1d+wjfch+j4PFS5VmtQc+mbllQKdy6vWBCtfnVToNu7Eenh6RT9nj6IfyAvo3LDW9rgOb6hg==",
            "sku": "pergb2018",
            "tags": {
              "application": "Minecraft",
              "environment": "dev",
              "provisioner": "terraform",
              "provisioner-client-id": "04b07795-8ddb-461a-bbee-02f9e1bf7b46",
              "provisioner-email": "mpj.vervoort@gmail.com",
              "provisioner-object-id": "c62c50cc-2509-4d26-9efd-28ab44f238b8",
              "repository": "azure-minecraft-docker",
              "runid": "",
              "suffix": "cas1",
              "workspace": "default"
            },
            "timeouts": null,
            "workspace_id": "f32ec551-30ec-4c24-b269-c15d2f725c0d"
          },
          "sensitive_attributes": [],
          "private": "eyJlMmJmYjczMC1lY2FhLTExZTYtOGY4OC0zNDM2M2JjN2M0YzAiOnsiY3JlYXRlIjoxODAwMDAwMDAwMDAwLCJkZWxldGUiOjE4MDAwMDAwMDAwMDAsInJlYWQiOjMwMDAwMDAwMDAwMCwidXBkYXRlIjoxODAwMDAwMDAwMDAwfSwic2NoZW1hX3ZlcnNpb24iOiIyIn0=",
          "dependencies": [
            "azurerm_resource_group.minecraft",
            "data.azurerm_client_config.current",
            "data.azurerm_subscription.default",
            "random_string.suffix"
          ]
        }
      ]
    },
    {
      "mode": "managed",
      "type": "azurerm_management_lock",
      "name": "minecraft_data_lock",
      "provider": "provider[\"registry.terraform.io/hashicorp/azurerm\"]",
      "instances": [
        {
          "schema_version": 0,
          "attributes": {
            "id": "/subscriptions/fa9aad52-e3ac-4a57-a851-fae41f1c870f/resourceGroups/Minecraft-default-cas1/providers/Microsoft.Storage/storageAccounts/minecraftstorcas1/providers/Microsoft.Authorization/locks/minecraftstorcas1-lock",
            "lock_level": "CanNotDelete",
            "name": "minecraftstorcas1-lock",
            "notes": "Do not accidentally delete Minecraft (world) data",
            "scope": "/subscriptions/fa9aad52-e3ac-4a57-a851-fae41f1c870f/resourceGroups/Minecraft-default-cas1/providers/Microsoft.Storage/storageAccounts/minecraftstorcas1",
            "timeouts": null
          },
          "sensitive_attributes": [],
          "private": "eyJlMmJmYjczMC1lY2FhLTExZTYtOGY4OC0zNDM2M2JjN2M0YzAiOnsiY3JlYXRlIjoxODAwMDAwMDAwMDAwLCJkZWxldGUiOjE4MDAwMDAwMDAwMDAsInJlYWQiOjMwMDAwMDAwMDAwMCwidXBkYXRlIjoxODAwMDAwMDAwMDAwfX0=",
          "dependencies": [
            "azurerm_backup_policy_file_share.nightly",
            "azurerm_log_analytics_workspace.monitor",
            "azurerm_monitor_action_group.arm_roles",
            "azurerm_recovery_services_vault.backup",
            "azurerm_resource_group.minecraft",
            "azurerm_role_assignment.terraform_storage_owner",
            "azurerm_storage_account.minecraft",
            "azurerm_storage_account.minecraft_image",
            "azurerm_storage_container.configuration",
            "azurerm_user_assigned_identity.minecraft_identity",
            "data.azurerm_client_config.current",
            "data.azurerm_role_definition.contributor",
            "data.azurerm_role_definition.reader",
            "data.azurerm_subscription.default",
            "module.minecraft.azurerm_container_group.minecraft_server",
            "module.minecraft.azurerm_dns_cname_record.vanity_hostname",
            "module.minecraft.azurerm_logic_app_workflow.start",
            "module.minecraft.azurerm_logic_app_workflow.stop",
            "module.minecraft.azurerm_monitor_diagnostic_setting.start_workflow",
            "module.minecraft.azurerm_monitor_diagnostic_setting.stop_workflow",
            "module.minecraft.azurerm_monitor_metric_alert.cpu_dynamic",
            "module.minecraft.azurerm_monitor_metric_alert.memory",
            "module.minecraft.azurerm_monitor_metric_alert.memory_dynamic",
            "module.minecraft.azurerm_resource_group_template_deployment.container_instance_api_connection",
            "module.minecraft.azurerm_resource_group_template_deployment.start_workflow",
            "module.minecraft.azurerm_resource_group_template_deployment.stop_workflow",
            "module.minecraft.azurerm_role_assignment.minecraft_startstop",
            "module.minecraft.azurerm_storage_blob.minecraft_configuration",
            "module.minecraft.azurerm_storage_blob.minecraft_environment",
            "module.minecraft.azurerm_storage_blob.minecraft_user_configuration",
            "module.minecraft.azurerm_storage_share.minecraft_modpacks",
            "module.minecraft.azurerm_storage_share.minecraft_share",
            "module.minecraft.azurerm_storage_share_directory.bstats",
            "module.minecraft.azurerm_storage_share_directory.log_filter",
            "module.minecraft.azurerm_storage_share_directory.plugins",
            "module.minecraft.azurerm_storage_share_file.bstats_config",
            "module.minecraft.azurerm_storage_share_file.log_filter_config",
            "module.minecraft.azurerm_storage_share_file.log_filter_jar",
            "module.minecraft.data.azurerm_dns_zone.vanity_domain",
            "module.minecraft.data.azurerm_storage_account.minecraft",
            "module.minecraft.data.azurerm_subscription.primary",
            "module.minecraft.null_resource.log_filter_jar",
            "module.service_principal.azuread_application.app",
            "module.service_principal.azuread_service_principal.spn",
            "module.service_principal.azuread_service_principal_password.spnsecret",
            "module.service_principal.data.azuread_client_config.current",
            "module.service_principal.time_rotating.secret_expiration",
            "random_string.suffix"
          ]
        }
      ]
    },
    {
      "mode": "managed",
      "type": "azurerm_monitor_action_group",
      "name": "arm_roles",
      "provider": "provider[\"registry.terraform.io/hashicorp/azurerm\"]",
      "instances": [
        {
          "schema_version": 1,
          "attributes": {
            "arm_role_receiver": [
              {
                "name": "Contributor",
                "role_id": "b24988ac-6180-42a0-ab88-20f7382dd24c",
                "use_common_alert_schema": true
              },
              {
                "name": "Reader",
                "role_id": "acdd72a7-3385-48ef-bd42-f606fba81ae7",
                "use_common_alert_schema": true
              }
            ],
            "automation_runbook_receiver": [],
            "azure_app_push_receiver": [],
            "azure_function_receiver": [],
            "email_receiver": [],
            "enabled": true,
            "id": "/subscriptions/fa9aad52-e3ac-4a57-a851-fae41f1c870f/resourceGroups/Minecraft-default-cas1/providers/Microsoft.Insights/actionGroups/Minecraft-default-cas1-arm-alert-group",
            "itsm_receiver": [],
            "logic_app_receiver": [],
            "name": "Minecraft-default-cas1-arm-alert-group",
            "resource_group_name": "Minecraft-default-cas1",
            "short_name": "arm-roles",
            "sms_receiver": [],
            "tags": {},
            "timeouts": null,
            "voice_receiver": [],
            "webhook_receiver": []
          },
          "sensitive_attributes": [],
          "private": "eyJlMmJmYjczMC1lY2FhLTExZTYtOGY4OC0zNDM2M2JjN2M0YzAiOnsiY3JlYXRlIjoxODAwMDAwMDAwMDAwLCJkZWxldGUiOjE4MDAwMDAwMDAwMDAsInJlYWQiOjMwMDAwMDAwMDAwMCwidXBkYXRlIjoxODAwMDAwMDAwMDAwfSwic2NoZW1hX3ZlcnNpb24iOiIxIn0=",
          "dependencies": [
            "azurerm_resource_group.minecraft",
            "data.azurerm_client_config.current",
            "data.azurerm_role_definition.contributor",
            "data.azurerm_role_definition.reader",
            "data.azurerm_subscription.default",
            "random_string.suffix"
          ]
        }
      ]
    },
    {
      "mode": "managed",
      "type": "azurerm_monitor_action_group",
      "name": "push_provisioner",
      "provider": "provider[\"registry.terraform.io/hashicorp/azurerm\"]",
      "instances": [
        {
          "index_key": 0,
          "schema_version": 1,
          "attributes": {
            "arm_role_receiver": [],
            "automation_runbook_receiver": [],
            "azure_app_push_receiver": [
              {
                "email_address": "mpj.vervoort@gmail.com",
                "name": "provisioner"
              }
            ],
            "azure_function_receiver": [],
            "email_receiver": [],
            "enabled": true,
            "id": "/subscriptions/fa9aad52-e3ac-4a57-a851-fae41f1c870f/resourceGroups/Minecraft-default-cas1/providers/Microsoft.Insights/actionGroups/Minecraft-default-cas1-push-alert-group",
            "itsm_receiver": [],
            "logic_app_receiver": [],
            "name": "Minecraft-default-cas1-push-alert-group",
            "resource_group_name": "Minecraft-default-cas1",
            "short_name": "provisioner",
            "sms_receiver": [],
            "tags": {},
            "timeouts": null,
            "voice_receiver": [],
            "webhook_receiver": []
          },
          "sensitive_attributes": [],
          "private": "eyJlMmJmYjczMC1lY2FhLTExZTYtOGY4OC0zNDM2M2JjN2M0YzAiOnsiY3JlYXRlIjoxODAwMDAwMDAwMDAwLCJkZWxldGUiOjE4MDAwMDAwMDAwMDAsInJlYWQiOjMwMDAwMDAwMDAwMCwidXBkYXRlIjoxODAwMDAwMDAwMDAwfSwic2NoZW1hX3ZlcnNpb24iOiIxIn0=",
          "dependencies": [
            "azurerm_resource_group.minecraft",
            "data.azurerm_client_config.current",
            "data.azurerm_subscription.default",
            "random_string.suffix"
          ]
        }
      ]
    },
    {
      "mode": "managed",
      "type": "azurerm_monitor_diagnostic_setting",
      "name": "backup_vault",
      "provider": "provider[\"registry.terraform.io/hashicorp/azurerm\"]",
      "instances": [
        {
          "index_key": 0,
          "schema_version": 0,
          "attributes": {
            "eventhub_authorization_rule_id": "",
            "eventhub_name": "",
            "id": "/subscriptions/fa9aad52-e3ac-4a57-a851-fae41f1c870f/resourceGroups/Minecraft-default-cas1/providers/Microsoft.RecoveryServices/vaults/Minecraft-default-cas1-backup|Minecraft-default-cas1-backup-logs",
            "log": [
              {
                "category": "AddonAzureBackupAlerts",
                "enabled": true,
                "retention_policy": [
                  {
                    "days": 365,
                    "enabled": true
                  }
                ]
              },
              {
                "category": "AddonAzureBackupJobs",
                "enabled": true,
                "retention_policy": [
                  {
                    "days": 365,
                    "enabled": true
                  }
                ]
              },
              {
                "category": "AddonAzureBackupPolicy",
                "enabled": true,
                "retention_policy": [
                  {
                    "days": 365,
                    "enabled": true
                  }
                ]
              },
              {
                "category": "AddonAzureBackupProtectedInstance",
                "enabled": true,
                "retention_policy": [
                  {
                    "days": 365,
                    "enabled": true
                  }
                ]
              },
              {
                "category": "AddonAzureBackupStorage",
                "enabled": true,
                "retention_policy": [
                  {
                    "days": 365,
                    "enabled": true
                  }
                ]
              },
              {
                "category": "AzureBackupReport",
                "enabled": true,
                "retention_policy": [
                  {
                    "days": 365,
                    "enabled": true
                  }
                ]
              },
              {
                "category": "CoreAzureBackup",
                "enabled": true,
                "retention_policy": [
                  {
                    "days": 365,
                    "enabled": true
                  }
                ]
              }
            ],
            "log_analytics_destination_type": "AzureDiagnostics",
            "log_analytics_workspace_id": "/subscriptions/fa9aad52-e3ac-4a57-a851-fae41f1c870f/resourceGroups/Minecraft-default-cas1/providers/Microsoft.OperationalInsights/workspaces/Minecraft-default-cas1-loganalytics",
            "metric": [],
            "name": "Minecraft-default-cas1-backup-logs",
            "storage_account_id": "",
            "target_resource_id": "/subscriptions/fa9aad52-e3ac-4a57-a851-fae41f1c870f/resourceGroups/Minecraft-default-cas1/providers/Microsoft.RecoveryServices/vaults/Minecraft-default-cas1-backup",
            "timeouts": null
          },
          "sensitive_attributes": [],
          "private": "eyJlMmJmYjczMC1lY2FhLTExZTYtOGY4OC0zNDM2M2JjN2M0YzAiOnsiY3JlYXRlIjoxODAwMDAwMDAwMDAwLCJkZWxldGUiOjM2MDAwMDAwMDAwMDAsInJlYWQiOjMwMDAwMDAwMDAwMCwidXBkYXRlIjoxODAwMDAwMDAwMDAwfX0=",
          "dependencies": [
            "azurerm_log_analytics_workspace.monitor",
            "azurerm_recovery_services_vault.backup",
            "data.azurerm_subscription.default"
          ]
        }
      ]
    },
    {
      "mode": "managed",
      "type": "azurerm_monitor_scheduled_query_rules_alert",
      "name": "container_failed_alert",
      "provider": "provider[\"registry.terraform.io/hashicorp/azurerm\"]",
      "instances": [
        {
          "schema_version": 1,
          "attributes": {
            "action": [
              {
                "action_group": [
                  "/subscriptions/fa9aad52-e3ac-4a57-a851-fae41f1c870f/resourceGroups/Minecraft-default-cas1/providers/Microsoft.Insights/actionGroups/Minecraft-default-cas1-arm-alert-group"
                ],
                "custom_webhook_payload": "",
                "email_subject": "Minecraft container failed"
              }
            ],
            "authorized_resource_ids": [],
            "auto_mitigation_enabled": false,
            "data_source_id": "/subscriptions/fa9aad52-e3ac-4a57-a851-fae41f1c870f/resourceGroups/Minecraft-default-cas1/providers/Microsoft.OperationalInsights/workspaces/Minecraft-default-cas1-loganalytics",
            "description": "Alert when Mincraft container fails",
            "enabled": true,
            "frequency": 5,
            "id": "/subscriptions/fa9aad52-e3ac-4a57-a851-fae41f1c870f/resourceGroups/Minecraft-default-cas1/providers/Microsoft.Insights/scheduledQueryRules/Minecraft-default-cas1-container-failed-alert",
            "location": "westeurope",
            "name": "Minecraft-default-cas1-container-failed-alert",
            "query": "ContainerInstanceLog_CL \r\n| where ContainerGroup_s !contains \"bedrock\" // Bedrock is Alpha software\r\n| where Message contains \"connect\" or Message contains \"[/\" \r\n| extend MessageWithoutTimestamp=replace(@'\\[[^\\]]* (\\w+)\\]: ', @'[\\1] ', Message)\r\n| order by TimeGenerated desc\r\n| project TimeGenerated, ContainerGroup_s, Message=tolower(MessageWithoutTimestamp)",
            "query_type": "ResultCount",
            "resource_group_name": "Minecraft-default-cas1",
            "severity": 2,
            "tags": {},
            "throttling": 0,
            "time_window": 5,
            "timeouts": null,
            "trigger": [
              {
                "metric_trigger": [],
                "operator": "GreaterThan",
                "threshold": 0
              }
            ]
          },
          "sensitive_attributes": [],
          "private": "eyJlMmJmYjczMC1lY2FhLTExZTYtOGY4OC0zNDM2M2JjN2M0YzAiOnsiY3JlYXRlIjoxODAwMDAwMDAwMDAwLCJkZWxldGUiOjE4MDAwMDAwMDAwMDAsInJlYWQiOjMwMDAwMDAwMDAwMCwidXBkYXRlIjoxODAwMDAwMDAwMDAwfSwic2NoZW1hX3ZlcnNpb24iOiIxIn0=",
          "dependencies": [
            "azurerm_log_analytics_workspace.monitor",
            "azurerm_monitor_action_group.arm_roles",
            "azurerm_resource_group.minecraft",
            "data.azurerm_client_config.current",
            "data.azurerm_role_definition.contributor",
            "data.azurerm_role_definition.reader",
            "data.azurerm_subscription.default",
            "random_string.suffix"
          ]
        }
      ]
    },
    {
      "mode": "managed",
      "type": "azurerm_monitor_scheduled_query_rules_alert",
      "name": "container_inaccessible_alert",
      "provider": "provider[\"registry.terraform.io/hashicorp/azurerm\"]",
      "instances": [
        {
          "index_key": "server1",
          "schema_version": 1,
          "attributes": {
            "action": [
              {
                "action_group": [
                  "/subscriptions/fa9aad52-e3ac-4a57-a851-fae41f1c870f/resourceGroups/Minecraft-default-cas1/providers/Microsoft.Insights/actionGroups/Minecraft-default-cas1-arm-alert-group",
                  "/subscriptions/fa9aad52-e3ac-4a57-a851-fae41f1c870f/resourceGroups/Minecraft-default-cas1/providers/Microsoft.Insights/actionGroups/Minecraft-default-cas1-push-alert-group"
                ],
                "custom_webhook_payload": "",
                "email_subject": "Minecraft container inaccessible"
              }
            ],
            "authorized_resource_ids": [],
            "auto_mitigation_enabled": false,
            "data_source_id": "/subscriptions/fa9aad52-e3ac-4a57-a851-fae41f1c870f/resourceGroups/Minecraft-default-cas1/providers/Microsoft.OperationalInsights/workspaces/Minecraft-default-cas1-loganalytics",
            "description": "Alert when Mincraft container is running but can't be connected to",
            "enabled": true,
            "frequency": 5,
            "id": "/subscriptions/fa9aad52-e3ac-4a57-a851-fae41f1c870f/resourceGroups/Minecraft-default-cas1/providers/Microsoft.Insights/scheduledQueryRules/Minecraft-default-cas1-server1-inaccessible-alert",
            "location": "westeurope",
            "name": "Minecraft-default-cas1-server1-inaccessible-alert",
            "query": "AppTraces\r\n| where Message == \"TestResult\" and OperationName == \"PingTest\"\r\n| where AppRoleName == \"Minecraft-default-cas1-server1-ping-test\"\r\n| where TimeGenerated \u003e ago(5m)\r\n| where \"Started\" in ((ContainerEvent_CL \r\n                      | where ContainerGroup_s == \"Minecraft-default-cas1-server1\"\r\n                      | where Message startswith_cs \"Kill\" or Message startswith_cs \"Start\"\r\n                      | extend Operation=split(Message,\" \")[0]\r\n                      | top 1 by TimeGenerated desc nulls last\r\n                      | project Operation))\r\n| extend Connected=Properties['Connected']\r\n| where Connected =~ \"False\"\r\n| order by TimeGenerated desc",
            "query_type": "ResultCount",
            "resource_group_name": "Minecraft-default-cas1",
            "severity": 1,
            "tags": {},
            "throttling": 0,
            "time_window": 2880,
            "timeouts": null,
            "trigger": [
              {
                "metric_trigger": [],
                "operator": "GreaterThan",
                "threshold": 2
              }
            ]
          },
          "sensitive_attributes": [],
          "private": "eyJlMmJmYjczMC1lY2FhLTExZTYtOGY4OC0zNDM2M2JjN2M0YzAiOnsiY3JlYXRlIjoxODAwMDAwMDAwMDAwLCJkZWxldGUiOjE4MDAwMDAwMDAwMDAsInJlYWQiOjMwMDAwMDAwMDAwMCwidXBkYXRlIjoxODAwMDAwMDAwMDAwfSwic2NoZW1hX3ZlcnNpb24iOiIxIn0=",
          "dependencies": [
            "azurerm_app_service_plan.functions",
            "azurerm_application_insights.insights",
            "azurerm_backup_policy_file_share.nightly",
            "azurerm_log_analytics_workspace.monitor",
            "azurerm_monitor_action_group.arm_roles",
            "azurerm_monitor_action_group.push_provisioner",
            "azurerm_recovery_services_vault.backup",
            "azurerm_resource_group.minecraft",
            "azurerm_role_assignment.terraform_storage_owner",
            "azurerm_storage_account.minecraft",
            "azurerm_storage_account.minecraft_image",
            "azurerm_storage_container.configuration",
            "azurerm_user_assigned_identity.minecraft_identity",
            "data.azurerm_client_config.current",
            "data.azurerm_role_definition.contributor",
            "data.azurerm_role_definition.reader",
            "data.azurerm_subscription.default",
            "module.functions.azurerm_function_app.ping_test",
            "module.functions.azurerm_monitor_diagnostic_setting.function_logs",
            "module.functions.azurerm_storage_account.functions",
            "module.minecraft.azurerm_container_group.minecraft_server",
            "module.minecraft.azurerm_dns_cname_record.vanity_hostname",
            "module.minecraft.azurerm_logic_app_workflow.start",
            "module.minecraft.azurerm_logic_app_workflow.stop",
            "module.minecraft.azurerm_monitor_diagnostic_setting.start_workflow",
            "module.minecraft.azurerm_monitor_diagnostic_setting.stop_workflow",
            "module.minecraft.azurerm_monitor_metric_alert.cpu_dynamic",
            "module.minecraft.azurerm_monitor_metric_alert.memory",
            "module.minecraft.azurerm_monitor_metric_alert.memory_dynamic",
            "module.minecraft.azurerm_resource_group_template_deployment.container_instance_api_connection",
            "module.minecraft.azurerm_resource_group_template_deployment.start_workflow",
            "module.minecraft.azurerm_resource_group_template_deployment.stop_workflow",
            "module.minecraft.azurerm_role_assignment.minecraft_startstop",
            "module.minecraft.azurerm_storage_blob.minecraft_configuration",
            "module.minecraft.azurerm_storage_blob.minecraft_environment",
            "module.minecraft.azurerm_storage_blob.minecraft_user_configuration",
            "module.minecraft.azurerm_storage_share.minecraft_modpacks",
            "module.minecraft.azurerm_storage_share.minecraft_share",
            "module.minecraft.azurerm_storage_share_directory.bstats",
            "module.minecraft.azurerm_storage_share_directory.log_filter",
            "module.minecraft.azurerm_storage_share_directory.plugins",
            "module.minecraft.azurerm_storage_share_file.bstats_config",
            "module.minecraft.azurerm_storage_share_file.log_filter_config",
            "module.minecraft.azurerm_storage_share_file.log_filter_jar",
            "module.minecraft.data.azurerm_dns_zone.vanity_domain",
            "module.minecraft.data.azurerm_storage_account.minecraft",
            "module.minecraft.data.azurerm_subscription.primary",
            "module.minecraft.null_resource.log_filter_jar",
            "module.service_principal.azuread_application.app",
            "module.service_principal.azuread_service_principal.spn",
            "module.service_principal.azuread_service_principal_password.spnsecret",
            "module.service_principal.data.azuread_client_config.current",
            "module.service_principal.time_rotating.secret_expiration",
            "random_string.suffix"
          ]
        }
      ]
    },
    {
      "mode": "managed",
      "type": "azurerm_recovery_services_vault",
      "name": "backup",
      "provider": "provider[\"registry.terraform.io/hashicorp/azurerm\"]",
      "instances": [
        {
          "index_key": 0,
          "schema_version": 0,
          "attributes": {
            "id": "/subscriptions/fa9aad52-e3ac-4a57-a851-fae41f1c870f/resourceGroups/Minecraft-default-cas1/providers/Microsoft.RecoveryServices/vaults/Minecraft-default-cas1-backup",
            "identity": [],
            "location": "westeurope",
            "name": "Minecraft-default-cas1-backup",
            "resource_group_name": "Minecraft-default-cas1",
            "sku": "Standard",
            "soft_delete_enabled": true,
            "tags": {
              "application": "Minecraft",
              "environment": "dev",
              "provisioner": "terraform",
              "provisioner-client-id": "04b07795-8ddb-461a-bbee-02f9e1bf7b46",
              "provisioner-email": "mpj.vervoort@gmail.com",
              "provisioner-object-id": "c62c50cc-2509-4d26-9efd-28ab44f238b8",
              "repository": "azure-minecraft-docker",
              "runid": "",
              "suffix": "cas1",
              "workspace": "default"
            },
            "timeouts": null
          },
          "sensitive_attributes": [],
          "private": "eyJlMmJmYjczMC1lY2FhLTExZTYtOGY4OC0zNDM2M2JjN2M0YzAiOnsiY3JlYXRlIjoxODAwMDAwMDAwMDAwLCJkZWxldGUiOjE4MDAwMDAwMDAwMDAsInJlYWQiOjMwMDAwMDAwMDAwMCwidXBkYXRlIjoxODAwMDAwMDAwMDAwfX0=",
          "dependencies": [
            "azurerm_resource_group.minecraft",
            "data.azurerm_client_config.current",
            "data.azurerm_subscription.default",
            "random_string.suffix"
          ]
        }
      ]
    },
    {
      "mode": "managed",
      "type": "azurerm_resource_group",
      "name": "minecraft",
      "provider": "provider[\"registry.terraform.io/hashicorp/azurerm\"]",
      "instances": [
        {
          "schema_version": 0,
          "attributes": {
            "id": "/subscriptions/fa9aad52-e3ac-4a57-a851-fae41f1c870f/resourceGroups/Minecraft-default-cas1",
            "location": "westeurope",
            "name": "Minecraft-default-cas1",
            "tags": {
              "application": "Minecraft",
              "environment": "dev",
              "provisioner": "terraform",
              "provisioner-client-id": "04b07795-8ddb-461a-bbee-02f9e1bf7b46",
              "provisioner-email": "mpj.vervoort@gmail.com",
              "provisioner-object-id": "c62c50cc-2509-4d26-9efd-28ab44f238b8",
              "repository": "azure-minecraft-docker",
              "runid": "",
              "suffix": "cas1",
              "workspace": "default"
            },
            "timeouts": null
          },
          "sensitive_attributes": [],
          "private": "eyJlMmJmYjczMC1lY2FhLTExZTYtOGY4OC0zNDM2M2JjN2M0YzAiOnsiY3JlYXRlIjo1NDAwMDAwMDAwMDAwLCJkZWxldGUiOjU0MDAwMDAwMDAwMDAsInJlYWQiOjMwMDAwMDAwMDAwMCwidXBkYXRlIjo1NDAwMDAwMDAwMDAwfX0=",
          "dependencies": [
            "data.azurerm_client_config.current",
            "data.azurerm_subscription.default",
            "random_string.suffix"
          ]
        }
      ]
    },
    {
      "mode": "managed",
      "type": "azurerm_storage_account",
      "name": "minecraft",
      "provider": "provider[\"registry.terraform.io/hashicorp/azurerm\"]",
      "instances": [
        {
          "schema_version": 2,
          "attributes": {
            "access_tier": "Hot",
            "account_kind": "StorageV2",
            "account_replication_type": "LRS",
            "account_tier": "Standard",
            "allow_blob_public_access": false,
            "azure_files_authentication": [],
            "blob_properties": [
              {
                "change_feed_enabled": false,
                "container_delete_retention_policy": [],
                "cors_rule": [],
                "default_service_version": "",
                "delete_retention_policy": [
                  {
                    "days": 365
                  }
                ],
                "last_access_time_enabled": false,
                "versioning_enabled": false
              }
            ],
            "custom_domain": [],
            "enable_https_traffic_only": true,
            "id": "/subscriptions/fa9aad52-e3ac-4a57-a851-fae41f1c870f/resourceGroups/Minecraft-default-cas1/providers/Microsoft.Storage/storageAccounts/minecraftstorcas1",
            "identity": [],
            "is_hns_enabled": false,
            "large_file_share_enabled": null,
            "location": "westeurope",
            "min_tls_version": "TLS1_0",
            "name": "minecraftstorcas1",
            "network_rules": [
              {
                "bypass": [
                  "AzureServices"
                ],
                "default_action": "Allow",
                "ip_rules": [],
                "private_link_access": [],
                "virtual_network_subnet_ids": []
              }
            ],
            "nfsv3_enabled": false,
            "primary_access_key": "bxjoEiVosA2UHxBHBnZWrrJG4UNk9/Zc2Kf3u/Fr4vtE20H4jF7mgj17oq8+3apNpRFwKwSK97J5PsqrHzc0AA==",
            "primary_blob_connection_string": "DefaultEndpointsProtocol=https;BlobEndpoint=https://minecraftstorcas1.blob.core.windows.net/;AccountName=minecraftstorcas1;AccountKey=bxjoEiVosA2UHxBHBnZWrrJG4UNk9/Zc2Kf3u/Fr4vtE20H4jF7mgj17oq8+3apNpRFwKwSK97J5PsqrHzc0AA==",
            "primary_blob_endpoint": "https://minecraftstorcas1.blob.core.windows.net/",
            "primary_blob_host": "minecraftstorcas1.blob.core.windows.net",
            "primary_connection_string": "DefaultEndpointsProtocol=https;AccountName=minecraftstorcas1;AccountKey=bxjoEiVosA2UHxBHBnZWrrJG4UNk9/Zc2Kf3u/Fr4vtE20H4jF7mgj17oq8+3apNpRFwKwSK97J5PsqrHzc0AA==;EndpointSuffix=core.windows.net",
            "primary_dfs_endpoint": "https://minecraftstorcas1.dfs.core.windows.net/",
            "primary_dfs_host": "minecraftstorcas1.dfs.core.windows.net",
            "primary_file_endpoint": "https://minecraftstorcas1.file.core.windows.net/",
            "primary_file_host": "minecraftstorcas1.file.core.windows.net",
            "primary_location": "westeurope",
            "primary_queue_endpoint": "https://minecraftstorcas1.queue.core.windows.net/",
            "primary_queue_host": "minecraftstorcas1.queue.core.windows.net",
            "primary_table_endpoint": "https://minecraftstorcas1.table.core.windows.net/",
            "primary_table_host": "minecraftstorcas1.table.core.windows.net",
            "primary_web_endpoint": "https://minecraftstorcas1.z6.web.core.windows.net/",
            "primary_web_host": "minecraftstorcas1.z6.web.core.windows.net",
            "queue_encryption_key_type": "Service",
            "queue_properties": [
              {
                "cors_rule": [],
                "hour_metrics": [
                  {
                    "enabled": true,
                    "include_apis": true,
                    "retention_policy_days": 7,
                    "version": "1.0"
                  }
                ],
                "logging": [
                  {
                    "delete": false,
                    "read": false,
                    "retention_policy_days": 0,
                    "version": "1.0",
                    "write": false
                  }
                ],
                "minute_metrics": [
                  {
                    "enabled": false,
                    "include_apis": false,
                    "retention_policy_days": 0,
                    "version": "1.0"
                  }
                ]
              }
            ],
            "resource_group_name": "Minecraft-default-cas1",
            "routing": [],
            "secondary_access_key": "vZ7iBCZgSx4btyF4QqjcOsbGEMNZ4F0w+kShP7W4Lh45zmc1PwoImUEeael3E6/jTrxXnekkZpABYJI9TkJiKQ==",
            "secondary_blob_connection_string": "",
            "secondary_blob_endpoint": null,
            "secondary_blob_host": null,
            "secondary_connection_string": "DefaultEndpointsProtocol=https;AccountName=minecraftstorcas1;AccountKey=vZ7iBCZgSx4btyF4QqjcOsbGEMNZ4F0w+kShP7W4Lh45zmc1PwoImUEeael3E6/jTrxXnekkZpABYJI9TkJiKQ==;EndpointSuffix=core.windows.net",
            "secondary_dfs_endpoint": null,
            "secondary_dfs_host": null,
            "secondary_file_endpoint": null,
            "secondary_file_host": null,
            "secondary_location": "",
            "secondary_queue_endpoint": null,
            "secondary_queue_host": null,
            "secondary_table_endpoint": null,
            "secondary_table_host": null,
            "secondary_web_endpoint": null,
            "secondary_web_host": null,
            "share_properties": [
              {
                "cors_rule": [],
                "retention_policy": [
                  {
                    "days": 14
                  }
                ],
                "smb": []
              }
            ],
            "shared_access_key_enabled": true,
            "static_website": [],
            "table_encryption_key_type": "Service",
            "tags": {
              "application": "Minecraft",
              "environment": "dev",
              "provisioner": "terraform",
              "provisioner-client-id": "04b07795-8ddb-461a-bbee-02f9e1bf7b46",
              "provisioner-email": "mpj.vervoort@gmail.com",
              "provisioner-object-id": "c62c50cc-2509-4d26-9efd-28ab44f238b8",
              "repository": "azure-minecraft-docker",
              "runid": "",
              "suffix": "cas1",
              "workspace": "default"
            },
            "timeouts": null
          },
          "sensitive_attributes": [],
          "private": "eyJlMmJmYjczMC1lY2FhLTExZTYtOGY4OC0zNDM2M2JjN2M0YzAiOnsiY3JlYXRlIjozNjAwMDAwMDAwMDAwLCJkZWxldGUiOjM2MDAwMDAwMDAwMDAsInJlYWQiOjMwMDAwMDAwMDAwMCwidXBkYXRlIjozNjAwMDAwMDAwMDAwfSwic2NoZW1hX3ZlcnNpb24iOiIyIn0=",
          "dependencies": [
            "azurerm_resource_group.minecraft",
            "data.azurerm_client_config.current",
            "data.azurerm_subscription.default",
            "random_string.suffix"
          ]
        }
      ]
    },
    {
      "mode": "managed",
      "type": "azurerm_storage_account",
      "name": "minecraft_image",
      "provider": "provider[\"registry.terraform.io/hashicorp/azurerm\"]",
      "instances": [
        {
          "schema_version": 2,
          "attributes": {
            "access_tier": "Cool",
            "account_kind": "StorageV2",
            "account_replication_type": "LRS",
            "account_tier": "Standard",
            "allow_blob_public_access": true,
            "azure_files_authentication": [],
            "blob_properties": [
              {
                "change_feed_enabled": false,
                "container_delete_retention_policy": [],
                "cors_rule": [],
                "default_service_version": "",
                "delete_retention_policy": [
                  {
                    "days": 365
                  }
                ],
                "last_access_time_enabled": false,
                "versioning_enabled": false
              }
            ],
            "custom_domain": [],
            "enable_https_traffic_only": true,
            "id": "/subscriptions/fa9aad52-e3ac-4a57-a851-fae41f1c870f/resourceGroups/Minecraft-default-cas1/providers/Microsoft.Storage/storageAccounts/minecraftstorcas1img",
            "identity": [],
            "is_hns_enabled": false,
            "large_file_share_enabled": null,
            "location": "westeurope",
            "min_tls_version": "TLS1_0",
            "name": "minecraftstorcas1img",
            "network_rules": [
              {
                "bypass": [
                  "AzureServices"
                ],
                "default_action": "Allow",
                "ip_rules": [],
                "private_link_access": [],
                "virtual_network_subnet_ids": []
              }
            ],
            "nfsv3_enabled": false,
            "primary_access_key": "VFX9+qm0OE0+ChyDqyfeUQRA8mrJ9zNLoOKt9fCFM5j8qLpxxq7rC4hipmy0OKkQZ68OKssTqwS2IGm0SPB7Fg==",
            "primary_blob_connection_string": "DefaultEndpointsProtocol=https;BlobEndpoint=https://minecraftstorcas1img.blob.core.windows.net/;AccountName=minecraftstorcas1img;AccountKey=VFX9+qm0OE0+ChyDqyfeUQRA8mrJ9zNLoOKt9fCFM5j8qLpxxq7rC4hipmy0OKkQZ68OKssTqwS2IGm0SPB7Fg==",
            "primary_blob_endpoint": "https://minecraftstorcas1img.blob.core.windows.net/",
            "primary_blob_host": "minecraftstorcas1img.blob.core.windows.net",
            "primary_connection_string": "DefaultEndpointsProtocol=https;AccountName=minecraftstorcas1img;AccountKey=VFX9+qm0OE0+ChyDqyfeUQRA8mrJ9zNLoOKt9fCFM5j8qLpxxq7rC4hipmy0OKkQZ68OKssTqwS2IGm0SPB7Fg==;EndpointSuffix=core.windows.net",
            "primary_dfs_endpoint": "https://minecraftstorcas1img.dfs.core.windows.net/",
            "primary_dfs_host": "minecraftstorcas1img.dfs.core.windows.net",
            "primary_file_endpoint": "https://minecraftstorcas1img.file.core.windows.net/",
            "primary_file_host": "minecraftstorcas1img.file.core.windows.net",
            "primary_location": "westeurope",
            "primary_queue_endpoint": "https://minecraftstorcas1img.queue.core.windows.net/",
            "primary_queue_host": "minecraftstorcas1img.queue.core.windows.net",
            "primary_table_endpoint": "https://minecraftstorcas1img.table.core.windows.net/",
            "primary_table_host": "minecraftstorcas1img.table.core.windows.net",
            "primary_web_endpoint": "https://minecraftstorcas1img.z6.web.core.windows.net/",
            "primary_web_host": "minecraftstorcas1img.z6.web.core.windows.net",
            "queue_encryption_key_type": "Service",
            "queue_properties": [
              {
                "cors_rule": [],
                "hour_metrics": [
                  {
                    "enabled": true,
                    "include_apis": true,
                    "retention_policy_days": 7,
                    "version": "1.0"
                  }
                ],
                "logging": [
                  {
                    "delete": false,
                    "read": false,
                    "retention_policy_days": 0,
                    "version": "1.0",
                    "write": false
                  }
                ],
                "minute_metrics": [
                  {
                    "enabled": false,
                    "include_apis": false,
                    "retention_policy_days": 0,
                    "version": "1.0"
                  }
                ]
              }
            ],
            "resource_group_name": "Minecraft-default-cas1",
            "routing": [],
            "secondary_access_key": "adB0KnPmcgQkwawRYnTP0F0bSNLV59+nMQUW6CmBcprTCeh84Y2kMpI1G+j3gVch9IeljM56QvmyahALioqoaA==",
            "secondary_blob_connection_string": "",
            "secondary_blob_endpoint": null,
            "secondary_blob_host": null,
            "secondary_connection_string": "DefaultEndpointsProtocol=https;AccountName=minecraftstorcas1img;AccountKey=adB0KnPmcgQkwawRYnTP0F0bSNLV59+nMQUW6CmBcprTCeh84Y2kMpI1G+j3gVch9IeljM56QvmyahALioqoaA==;EndpointSuffix=core.windows.net",
            "secondary_dfs_endpoint": null,
            "secondary_dfs_host": null,
            "secondary_file_endpoint": null,
            "secondary_file_host": null,
            "secondary_location": "",
            "secondary_queue_endpoint": null,
            "secondary_queue_host": null,
            "secondary_table_endpoint": null,
            "secondary_table_host": null,
            "secondary_web_endpoint": null,
            "secondary_web_host": null,
            "share_properties": [
              {
                "cors_rule": [],
                "retention_policy": [
                  {
                    "days": 7
                  }
                ],
                "smb": []
              }
            ],
            "shared_access_key_enabled": true,
            "static_website": [],
            "table_encryption_key_type": "Service",
            "tags": {
              "application": "Minecraft",
              "environment": "dev",
              "provisioner": "terraform",
              "provisioner-client-id": "04b07795-8ddb-461a-bbee-02f9e1bf7b46",
              "provisioner-email": "mpj.vervoort@gmail.com",
              "provisioner-object-id": "c62c50cc-2509-4d26-9efd-28ab44f238b8",
              "repository": "azure-minecraft-docker",
              "runid": "",
              "suffix": "cas1",
              "workspace": "default"
            },
            "timeouts": null
          },
          "sensitive_attributes": [],
          "private": "eyJlMmJmYjczMC1lY2FhLTExZTYtOGY4OC0zNDM2M2JjN2M0YzAiOnsiY3JlYXRlIjozNjAwMDAwMDAwMDAwLCJkZWxldGUiOjM2MDAwMDAwMDAwMDAsInJlYWQiOjMwMDAwMDAwMDAwMCwidXBkYXRlIjozNjAwMDAwMDAwMDAwfSwic2NoZW1hX3ZlcnNpb24iOiIyIn0=",
          "dependencies": [
            "azurerm_resource_group.minecraft",
            "data.azurerm_client_config.current",
            "data.azurerm_subscription.default",
            "random_string.suffix"
          ]
        }
      ]
    },
    {
      "mode": "managed",
      "type": "azurerm_storage_blob",
      "name": "minecraft_auto_vars_configuration",
      "provider": "provider[\"registry.terraform.io/hashicorp/azurerm\"]",
      "instances": [
        {
          "index_key": 0,
          "schema_version": 1,
          "attributes": {
            "access_tier": "Hot",
            "cache_control": "",
            "content_md5": "",
            "content_type": "application/octet-stream",
            "id": "https://minecraftstorcas1.blob.core.windows.net/configuration/2022/03/18/1855/config.auto.tfvars",
            "metadata": {},
            "name": "2022/03/18/1855/config.auto.tfvars",
            "parallelism": 8,
            "size": 0,
            "source": "./config.auto.tfvars",
            "source_content": null,
            "source_uri": null,
            "storage_account_name": "minecraftstorcas1",
            "storage_container_name": "configuration",
            "timeouts": null,
            "type": "Block",
            "url": "https://minecraftstorcas1.blob.core.windows.net/configuration/2022/03/18/1855/config.auto.tfvars"
          },
          "sensitive_attributes": [],
          "private": "eyJlMmJmYjczMC1lY2FhLTExZTYtOGY4OC0zNDM2M2JjN2M0YzAiOnsiY3JlYXRlIjoxODAwMDAwMDAwMDAwLCJkZWxldGUiOjE4MDAwMDAwMDAwMDAsInJlYWQiOjMwMDAwMDAwMDAwMCwidXBkYXRlIjoxODAwMDAwMDAwMDAwfSwic2NoZW1hX3ZlcnNpb24iOiIxIn0=",
          "dependencies": [
            "azurerm_role_assignment.terraform_storage_owner",
            "azurerm_storage_account.minecraft",
            "azurerm_storage_container.configuration",
            "data.azurerm_subscription.default"
          ]
        }
      ]
    },
    {
      "mode": "managed",
      "type": "azurerm_storage_blob",
      "name": "minecraft_image",
      "provider": "provider[\"registry.terraform.io/hashicorp/azurerm\"]",
      "instances": [
        {
          "index_key": "server1",
          "schema_version": 1,
          "attributes": {
            "access_tier": "Cool",
            "cache_control": "",
            "content_md5": "",
            "content_type": "application/octet-stream",
            "id": "https://minecraftstorcas1img.blob.core.windows.net/image/server1.png",
            "metadata": {},
            "name": "server1.png",
            "parallelism": 8,
            "size": 0,
            "source": "./../visuals/cas1_server1.png",
            "source_content": null,
            "source_uri": null,
            "storage_account_name": "minecraftstorcas1img",
            "storage_container_name": "image",
            "timeouts": null,
            "type": "Block",
            "url": "https://minecraftstorcas1img.blob.core.windows.net/image/server1.png"
          },
          "sensitive_attributes": [],
          "private": "eyJlMmJmYjczMC1lY2FhLTExZTYtOGY4OC0zNDM2M2JjN2M0YzAiOnsiY3JlYXRlIjoxODAwMDAwMDAwMDAwLCJkZWxldGUiOjE4MDAwMDAwMDAwMDAsInJlYWQiOjMwMDAwMDAwMDAwMCwidXBkYXRlIjoxODAwMDAwMDAwMDAwfSwic2NoZW1hX3ZlcnNpb24iOiIxIn0=",
          "dependencies": [
            "azurerm_resource_group.minecraft",
            "azurerm_storage_account.minecraft_image",
            "azurerm_storage_container.image",
            "data.azurerm_client_config.current",
            "data.azurerm_subscription.default",
            "random_string.suffix"
          ]
        }
      ]
    },
    {
      "mode": "managed",
      "type": "azurerm_storage_container",
      "name": "configuration",
      "provider": "provider[\"registry.terraform.io/hashicorp/azurerm\"]",
      "instances": [
        {
          "schema_version": 1,
          "attributes": {
            "container_access_type": "private",
            "has_immutability_policy": false,
            "has_legal_hold": false,
            "id": "https://minecraftstorcas1.blob.core.windows.net/configuration",
            "metadata": {},
            "name": "configuration",
            "resource_manager_id": "/subscriptions/fa9aad52-e3ac-4a57-a851-fae41f1c870f/resourceGroups/Minecraft-default-cas1/providers/Microsoft.Storage/storageAccounts/minecraftstorcas1/blobServices/default/containers/configuration",
            "storage_account_name": "minecraftstorcas1",
            "timeouts": null
          },
          "sensitive_attributes": [],
          "private": "eyJlMmJmYjczMC1lY2FhLTExZTYtOGY4OC0zNDM2M2JjN2M0YzAiOnsiY3JlYXRlIjoxODAwMDAwMDAwMDAwLCJkZWxldGUiOjE4MDAwMDAwMDAwMDAsInJlYWQiOjMwMDAwMDAwMDAwMCwidXBkYXRlIjoxODAwMDAwMDAwMDAwfSwic2NoZW1hX3ZlcnNpb24iOiIxIn0=",
          "dependencies": [
            "azurerm_resource_group.minecraft",
            "azurerm_storage_account.minecraft",
            "data.azurerm_client_config.current",
            "data.azurerm_subscription.default",
            "random_string.suffix"
          ]
        }
      ]
    },
    {
      "mode": "managed",
      "type": "azurerm_storage_container",
      "name": "image",
      "provider": "provider[\"registry.terraform.io/hashicorp/azurerm\"]",
      "instances": [
        {
          "schema_version": 1,
          "attributes": {
            "container_access_type": "container",
            "has_immutability_policy": false,
            "has_legal_hold": false,
            "id": "https://minecraftstorcas1img.blob.core.windows.net/image",
            "metadata": {},
            "name": "image",
            "resource_manager_id": "/subscriptions/fa9aad52-e3ac-4a57-a851-fae41f1c870f/resourceGroups/Minecraft-default-cas1/providers/Microsoft.Storage/storageAccounts/minecraftstorcas1img/blobServices/default/containers/image",
            "storage_account_name": "minecraftstorcas1img",
            "timeouts": null
          },
          "sensitive_attributes": [],
          "private": "eyJlMmJmYjczMC1lY2FhLTExZTYtOGY4OC0zNDM2M2JjN2M0YzAiOnsiY3JlYXRlIjoxODAwMDAwMDAwMDAwLCJkZWxldGUiOjE4MDAwMDAwMDAwMDAsInJlYWQiOjMwMDAwMDAwMDAwMCwidXBkYXRlIjoxODAwMDAwMDAwMDAwfSwic2NoZW1hX3ZlcnNpb24iOiIxIn0=",
          "dependencies": [
            "azurerm_resource_group.minecraft",
            "azurerm_storage_account.minecraft_image",
            "data.azurerm_client_config.current",
            "data.azurerm_subscription.default",
            "random_string.suffix"
          ]
        }
      ]
    },
    {
      "mode": "managed",
      "type": "azurerm_user_assigned_identity",
      "name": "minecraft_identity",
      "provider": "provider[\"registry.terraform.io/hashicorp/azurerm\"]",
      "instances": [
        {
          "schema_version": 1,
          "attributes": {
            "client_id": "f7ccc705-b385-4974-8b8b-a5eefb2a7206",
            "id": "/subscriptions/fa9aad52-e3ac-4a57-a851-fae41f1c870f/resourceGroups/Minecraft-default-cas1/providers/Microsoft.ManagedIdentity/userAssignedIdentities/Minecraft-default-cas1-minecraft-identity",
            "location": "westeurope",
            "name": "Minecraft-default-cas1-minecraft-identity",
            "principal_id": "408944f0-9ac7-4dcc-bbcf-e2b53544d710",
            "resource_group_name": "Minecraft-default-cas1",
            "tags": {
              "application": "Minecraft",
              "environment": "dev",
              "provisioner": "terraform",
              "provisioner-client-id": "04b07795-8ddb-461a-bbee-02f9e1bf7b46",
              "provisioner-email": "mpj.vervoort@gmail.com",
              "provisioner-object-id": "c62c50cc-2509-4d26-9efd-28ab44f238b8",
              "repository": "azure-minecraft-docker",
              "runid": "",
              "suffix": "cas1",
              "workspace": "default"
            },
            "tenant_id": "83fbe6ff-2b94-43d8-913f-98c63084e1eb",
            "timeouts": null
          },
          "sensitive_attributes": [],
          "private": "eyJlMmJmYjczMC1lY2FhLTExZTYtOGY4OC0zNDM2M2JjN2M0YzAiOnsiY3JlYXRlIjoxODAwMDAwMDAwMDAwLCJkZWxldGUiOjE4MDAwMDAwMDAwMDAsInJlYWQiOjMwMDAwMDAwMDAwMCwidXBkYXRlIjoxODAwMDAwMDAwMDAwfSwic2NoZW1hX3ZlcnNpb24iOiIxIn0=",
          "dependencies": [
            "azurerm_resource_group.minecraft",
            "data.azurerm_client_config.current",
            "data.azurerm_subscription.default",
            "random_string.suffix"
          ]
        }
      ]
    },
    {
      "mode": "managed",
      "type": "random_string",
      "name": "suffix",
      "provider": "provider[\"registry.terraform.io/hashicorp/random\"]",
      "instances": [
        {
          "schema_version": 1,
          "attributes": {
            "id": "dhvi",
            "keepers": null,
            "length": 4,
            "lower": true,
            "min_lower": 0,
            "min_numeric": 0,
            "min_special": 0,
            "min_upper": 0,
            "number": false,
            "override_special": null,
            "result": "dhvi",
            "special": false,
            "upper": false
          },
          "sensitive_attributes": [],
          "private": "eyJzY2hlbWFfdmVyc2lvbiI6IjEifQ=="
        }
      ]
    },
    {
      "module": "module.functions[\"server1\"]",
      "mode": "managed",
      "type": "azurerm_function_app",
      "name": "ping_test",
      "provider": "provider[\"registry.terraform.io/hashicorp/azurerm\"]",
      "instances": [
        {
          "schema_version": 0,
          "attributes": {
            "app_service_plan_id": "/subscriptions/fa9aad52-e3ac-4a57-a851-fae41f1c870f/resourceGroups/Minecraft-default-cas1/providers/Microsoft.Web/serverfarms/Minecraft-default-cas1-functions",
            "app_settings": {
              "APPINSIGHTS_INSTRUMENTATIONKEY": "6e841534-4155-46a4-aaad-21e53440d80c",
              "APPLICATIONINSIGHTS_CONNECTION_STRING": "InstrumentationKey=6e841534-4155-46a4-aaad-21e53440d80c",
              "FUNCTIONS_WORKER_RUNTIME": "dotnet",
              "MINECRAFT_FQDN": "Minecraft-default-cas1-server1.westeurope.azurecontainer.io",
              "MINECRAFT_PORT": "25565"
            },
            "auth_settings": [
              {
                "active_directory": [],
                "additional_login_params": {},
                "allowed_external_redirect_urls": [],
                "default_provider": "",
                "enabled": false,
                "facebook": [],
                "google": [],
                "issuer": "",
                "microsoft": [],
                "runtime_version": "",
                "token_refresh_extension_hours": 0,
                "token_store_enabled": false,
                "twitter": [],
                "unauthenticated_client_action": ""
              }
            ],
            "client_affinity_enabled": false,
            "client_cert_mode": "",
            "connection_string": [],
            "custom_domain_verification_id": "948506861506DCCB90BEF27CC565C957CA695ECE3E003B6346FD1D9D7C572C2C",
            "daily_memory_time_quota": 0,
            "default_hostname": "minecraft-default-cas1-server1-ping-test.azurewebsites.net",
            "enable_builtin_logging": true,
            "enabled": true,
            "https_only": true,
            "id": "/subscriptions/fa9aad52-e3ac-4a57-a851-fae41f1c870f/resourceGroups/Minecraft-default-cas1/providers/Microsoft.Web/sites/Minecraft-default-cas1-server1-ping-test",
            "identity": [],
            "key_vault_reference_identity_id": "SystemAssigned",
            "kind": "functionapp,linux",
            "location": "westeurope",
            "name": "Minecraft-default-cas1-server1-ping-test",
            "os_type": "linux",
            "outbound_ip_addresses": "52.178.79.163,51.136.23.153,40.68.112.57,40.68.116.140,13.95.22.106",
            "possible_outbound_ip_addresses": "52.178.79.163,51.136.23.153,40.68.112.57,40.68.116.140,13.95.22.106,51.144.3.140,51.145.152.217",
            "resource_group_name": "Minecraft-default-cas1",
            "site_config": [
              {
                "always_on": false,
                "app_scale_limit": 200,
                "auto_swap_slot_name": "",
                "cors": [
                  {
                    "allowed_origins": [],
                    "support_credentials": false
                  }
                ],
                "dotnet_framework_version": "v4.0",
                "elastic_instance_minimum": 0,
                "ftps_state": "AllAllowed",
                "health_check_path": "",
                "http2_enabled": false,
                "ip_restriction": [],
                "java_version": "",
                "linux_fx_version": "",
                "min_tls_version": "1.2",
                "pre_warmed_instance_count": 0,
                "runtime_scale_monitoring_enabled": false,
                "scm_ip_restriction": [],
                "scm_type": "None",
                "scm_use_main_ip_restriction": false,
                "use_32_bit_worker_process": false,
                "vnet_route_all_enabled": false,
                "websockets_enabled": false
              }
            ],
            "site_credential": [
              {
                "password": "ccWvvChBhAzGxtQazNTpzQkga9dYYAW0muRKFRT1JLgHBrSupKkvpa5Ch6b3",
                "username": "$Minecraft-default-cas1-server1-ping-test"
              }
            ],
            "source_control": [
              {
                "branch": "master",
                "manual_integration": false,
                "repo_url": "",
                "rollback_enabled": false,
                "use_mercurial": false
              }
            ],
            "storage_account_access_key": "61dyQ7Lk7/vqmh62Gc2ap9kQx85KC0LIhp6a83bOIaYH1Rv2+EOR9TYT73IvscD9LWaFoGCTdCKpsndVL4jlww==",
            "storage_account_name": "mncrftdfltcs1srvr1pngtst",
            "storage_connection_string": "DefaultEndpointsProtocol=https;AccountName=mncrftdfltcs1srvr1pngtst;AccountKey=61dyQ7Lk7/vqmh62Gc2ap9kQx85KC0LIhp6a83bOIaYH1Rv2+EOR9TYT73IvscD9LWaFoGCTdCKpsndVL4jlww==;EndpointSuffix=core.windows.net",
            "tags": {
              "application": "Minecraft",
              "configuration-name": "server1",
              "environment": "dev",
              "provisioner": "terraform",
              "provisioner-client-id": "04b07795-8ddb-461a-bbee-02f9e1bf7b46",
              "provisioner-email": "mpj.vervoort@gmail.com",
              "provisioner-object-id": "c62c50cc-2509-4d26-9efd-28ab44f238b8",
              "repository": "azure-minecraft-docker",
              "runid": "",
              "suffix": "cas1",
              "workspace": "default"
            },
            "timeouts": null,
            "version": "~3"
          },
          "sensitive_attributes": [
            [
              {
                "type": "get_attr",
                "value": "storage_account_access_key"
              }
            ],
            [
              {
                "type": "get_attr",
                "value": "app_settings"
              },
              {
                "type": "index",
                "value": {
                  "value": "APPINSIGHTS_INSTRUMENTATIONKEY",
                  "type": "string"
                }
              }
            ],
            [
              {
                "type": "get_attr",
                "value": "app_settings"
              },
              {
                "type": "index",
                "value": {
                  "value": "APPLICATIONINSIGHTS_CONNECTION_STRING",
                  "type": "string"
                }
              }
            ]
          ],
          "private": "eyJlMmJmYjczMC1lY2FhLTExZTYtOGY4OC0zNDM2M2JjN2M0YzAiOnsiY3JlYXRlIjoxODAwMDAwMDAwMDAwLCJkZWxldGUiOjE4MDAwMDAwMDAwMDAsInJlYWQiOjMwMDAwMDAwMDAwMCwidXBkYXRlIjoxODAwMDAwMDAwMDAwfX0=",
          "dependencies": [
            "azurerm_app_service_plan.functions",
            "azurerm_application_insights.insights",
            "azurerm_backup_policy_file_share.nightly",
            "azurerm_log_analytics_workspace.monitor",
            "azurerm_monitor_action_group.arm_roles",
            "azurerm_recovery_services_vault.backup",
            "azurerm_resource_group.minecraft",
            "azurerm_role_assignment.terraform_storage_owner",
            "azurerm_storage_account.minecraft",
            "azurerm_storage_account.minecraft_image",
            "azurerm_storage_container.configuration",
            "azurerm_user_assigned_identity.minecraft_identity",
            "data.azurerm_client_config.current",
            "data.azurerm_role_definition.contributor",
            "data.azurerm_role_definition.reader",
            "data.azurerm_subscription.default",
            "module.functions.azurerm_storage_account.functions",
            "module.minecraft.azurerm_container_group.minecraft_server",
            "module.minecraft.azurerm_dns_cname_record.vanity_hostname",
            "module.minecraft.azurerm_logic_app_workflow.start",
            "module.minecraft.azurerm_logic_app_workflow.stop",
            "module.minecraft.azurerm_monitor_diagnostic_setting.start_workflow",
            "module.minecraft.azurerm_monitor_diagnostic_setting.stop_workflow",
            "module.minecraft.azurerm_monitor_metric_alert.cpu_dynamic",
            "module.minecraft.azurerm_monitor_metric_alert.memory",
            "module.minecraft.azurerm_monitor_metric_alert.memory_dynamic",
            "module.minecraft.azurerm_resource_group_template_deployment.container_instance_api_connection",
            "module.minecraft.azurerm_resource_group_template_deployment.start_workflow",
            "module.minecraft.azurerm_resource_group_template_deployment.stop_workflow",
            "module.minecraft.azurerm_role_assignment.minecraft_startstop",
            "module.minecraft.azurerm_storage_blob.minecraft_configuration",
            "module.minecraft.azurerm_storage_blob.minecraft_environment",
            "module.minecraft.azurerm_storage_blob.minecraft_user_configuration",
            "module.minecraft.azurerm_storage_share.minecraft_modpacks",
            "module.minecraft.azurerm_storage_share.minecraft_share",
            "module.minecraft.azurerm_storage_share_directory.bstats",
            "module.minecraft.azurerm_storage_share_directory.log_filter",
            "module.minecraft.azurerm_storage_share_directory.plugins",
            "module.minecraft.azurerm_storage_share_file.bstats_config",
            "module.minecraft.azurerm_storage_share_file.log_filter_config",
            "module.minecraft.azurerm_storage_share_file.log_filter_jar",
            "module.minecraft.data.azurerm_dns_zone.vanity_domain",
            "module.minecraft.data.azurerm_storage_account.minecraft",
            "module.minecraft.data.azurerm_subscription.primary",
            "module.minecraft.null_resource.log_filter_jar",
            "module.service_principal.azuread_application.app",
            "module.service_principal.azuread_service_principal.spn",
            "module.service_principal.azuread_service_principal_password.spnsecret",
            "module.service_principal.data.azuread_client_config.current",
            "module.service_principal.time_rotating.secret_expiration",
            "random_string.suffix"
          ]
        }
      ]
    },
    {
      "module": "module.functions[\"server1\"]",
      "mode": "managed",
      "type": "azurerm_monitor_diagnostic_setting",
      "name": "function_logs",
      "provider": "provider[\"registry.terraform.io/hashicorp/azurerm\"]",
      "instances": [
        {
          "schema_version": 0,
          "attributes": {
            "eventhub_authorization_rule_id": "",
            "eventhub_name": "",
            "id": "/subscriptions/fa9aad52-e3ac-4a57-a851-fae41f1c870f/resourceGroups/Minecraft-default-cas1/providers/Microsoft.Web/sites/Minecraft-default-cas1-server1-ping-test|Function_Logs",
            "log": [
              {
                "category": "FunctionAppLogs",
                "enabled": true,
                "retention_policy": [
                  {
                    "days": 0,
                    "enabled": false
                  }
                ]
              }
            ],
            "log_analytics_destination_type": "",
            "log_analytics_workspace_id": "/subscriptions/fa9aad52-e3ac-4a57-a851-fae41f1c870f/resourceGroups/Minecraft-default-cas1/providers/Microsoft.OperationalInsights/workspaces/Minecraft-default-cas1-loganalytics",
            "metric": [
              {
                "category": "AllMetrics",
                "enabled": true,
                "retention_policy": [
                  {
                    "days": 0,
                    "enabled": false
                  }
                ]
              }
            ],
            "name": "Function_Logs",
            "storage_account_id": "",
            "target_resource_id": "/subscriptions/fa9aad52-e3ac-4a57-a851-fae41f1c870f/resourceGroups/Minecraft-default-cas1/providers/Microsoft.Web/sites/Minecraft-default-cas1-server1-ping-test",
            "timeouts": null
          },
          "sensitive_attributes": [],
          "private": "eyJlMmJmYjczMC1lY2FhLTExZTYtOGY4OC0zNDM2M2JjN2M0YzAiOnsiY3JlYXRlIjoxODAwMDAwMDAwMDAwLCJkZWxldGUiOjM2MDAwMDAwMDAwMDAsInJlYWQiOjMwMDAwMDAwMDAwMCwidXBkYXRlIjoxODAwMDAwMDAwMDAwfX0=",
          "dependencies": [
            "azurerm_app_service_plan.functions",
            "azurerm_application_insights.insights",
            "azurerm_backup_policy_file_share.nightly",
            "azurerm_log_analytics_workspace.monitor",
            "azurerm_monitor_action_group.arm_roles",
            "azurerm_recovery_services_vault.backup",
            "azurerm_resource_group.minecraft",
            "azurerm_role_assignment.terraform_storage_owner",
            "azurerm_storage_account.minecraft",
            "azurerm_storage_account.minecraft_image",
            "azurerm_storage_container.configuration",
            "azurerm_user_assigned_identity.minecraft_identity",
            "data.azurerm_client_config.current",
            "data.azurerm_role_definition.contributor",
            "data.azurerm_role_definition.reader",
            "data.azurerm_subscription.default",
            "module.functions.azurerm_function_app.ping_test",
            "module.functions.azurerm_storage_account.functions",
            "module.minecraft.azurerm_container_group.minecraft_server",
            "module.minecraft.azurerm_dns_cname_record.vanity_hostname",
            "module.minecraft.azurerm_logic_app_workflow.start",
            "module.minecraft.azurerm_logic_app_workflow.stop",
            "module.minecraft.azurerm_monitor_diagnostic_setting.start_workflow",
            "module.minecraft.azurerm_monitor_diagnostic_setting.stop_workflow",
            "module.minecraft.azurerm_monitor_metric_alert.cpu_dynamic",
            "module.minecraft.azurerm_monitor_metric_alert.memory",
            "module.minecraft.azurerm_monitor_metric_alert.memory_dynamic",
            "module.minecraft.azurerm_resource_group_template_deployment.container_instance_api_connection",
            "module.minecraft.azurerm_resource_group_template_deployment.start_workflow",
            "module.minecraft.azurerm_resource_group_template_deployment.stop_workflow",
            "module.minecraft.azurerm_role_assignment.minecraft_startstop",
            "module.minecraft.azurerm_storage_blob.minecraft_configuration",
            "module.minecraft.azurerm_storage_blob.minecraft_environment",
            "module.minecraft.azurerm_storage_blob.minecraft_user_configuration",
            "module.minecraft.azurerm_storage_share.minecraft_modpacks",
            "module.minecraft.azurerm_storage_share.minecraft_share",
            "module.minecraft.azurerm_storage_share_directory.bstats",
            "module.minecraft.azurerm_storage_share_directory.log_filter",
            "module.minecraft.azurerm_storage_share_directory.plugins",
            "module.minecraft.azurerm_storage_share_file.bstats_config",
            "module.minecraft.azurerm_storage_share_file.log_filter_config",
            "module.minecraft.azurerm_storage_share_file.log_filter_jar",
            "module.minecraft.data.azurerm_dns_zone.vanity_domain",
            "module.minecraft.data.azurerm_storage_account.minecraft",
            "module.minecraft.data.azurerm_subscription.primary",
            "module.minecraft.null_resource.log_filter_jar",
            "module.service_principal.azuread_application.app",
            "module.service_principal.azuread_service_principal.spn",
            "module.service_principal.azuread_service_principal_password.spnsecret",
            "module.service_principal.data.azuread_client_config.current",
            "module.service_principal.time_rotating.secret_expiration",
            "random_string.suffix"
          ]
        }
      ]
    },
    {
      "module": "module.functions[\"server1\"]",
      "mode": "managed",
      "type": "azurerm_storage_account",
      "name": "functions",
      "provider": "provider[\"registry.terraform.io/hashicorp/azurerm\"]",
      "instances": [
        {
          "schema_version": 2,
          "attributes": {
            "access_tier": "Hot",
            "account_kind": "StorageV2",
            "account_replication_type": "LRS",
            "account_tier": "Standard",
            "allow_blob_public_access": false,
            "azure_files_authentication": [],
            "blob_properties": [
              {
                "change_feed_enabled": false,
                "container_delete_retention_policy": [],
                "cors_rule": [],
                "default_service_version": "",
                "delete_retention_policy": [],
                "last_access_time_enabled": false,
                "versioning_enabled": false
              }
            ],
            "custom_domain": [],
            "enable_https_traffic_only": true,
            "id": "/subscriptions/fa9aad52-e3ac-4a57-a851-fae41f1c870f/resourceGroups/Minecraft-default-cas1/providers/Microsoft.Storage/storageAccounts/mncrftdfltcs1srvr1pngtst",
            "identity": [],
            "is_hns_enabled": false,
            "large_file_share_enabled": null,
            "location": "westeurope",
            "min_tls_version": "TLS1_0",
            "name": "mncrftdfltcs1srvr1pngtst",
            "network_rules": [
              {
                "bypass": [
                  "AzureServices"
                ],
                "default_action": "Allow",
                "ip_rules": [],
                "private_link_access": [],
                "virtual_network_subnet_ids": []
              }
            ],
            "nfsv3_enabled": false,
            "primary_access_key": "61dyQ7Lk7/vqmh62Gc2ap9kQx85KC0LIhp6a83bOIaYH1Rv2+EOR9TYT73IvscD9LWaFoGCTdCKpsndVL4jlww==",
            "primary_blob_connection_string": "DefaultEndpointsProtocol=https;BlobEndpoint=https://mncrftdfltcs1srvr1pngtst.blob.core.windows.net/;AccountName=mncrftdfltcs1srvr1pngtst;AccountKey=61dyQ7Lk7/vqmh62Gc2ap9kQx85KC0LIhp6a83bOIaYH1Rv2+EOR9TYT73IvscD9LWaFoGCTdCKpsndVL4jlww==",
            "primary_blob_endpoint": "https://mncrftdfltcs1srvr1pngtst.blob.core.windows.net/",
            "primary_blob_host": "mncrftdfltcs1srvr1pngtst.blob.core.windows.net",
            "primary_connection_string": "DefaultEndpointsProtocol=https;AccountName=mncrftdfltcs1srvr1pngtst;AccountKey=61dyQ7Lk7/vqmh62Gc2ap9kQx85KC0LIhp6a83bOIaYH1Rv2+EOR9TYT73IvscD9LWaFoGCTdCKpsndVL4jlww==;EndpointSuffix=core.windows.net",
            "primary_dfs_endpoint": "https://mncrftdfltcs1srvr1pngtst.dfs.core.windows.net/",
            "primary_dfs_host": "mncrftdfltcs1srvr1pngtst.dfs.core.windows.net",
            "primary_file_endpoint": "https://mncrftdfltcs1srvr1pngtst.file.core.windows.net/",
            "primary_file_host": "mncrftdfltcs1srvr1pngtst.file.core.windows.net",
            "primary_location": "westeurope",
            "primary_queue_endpoint": "https://mncrftdfltcs1srvr1pngtst.queue.core.windows.net/",
            "primary_queue_host": "mncrftdfltcs1srvr1pngtst.queue.core.windows.net",
            "primary_table_endpoint": "https://mncrftdfltcs1srvr1pngtst.table.core.windows.net/",
            "primary_table_host": "mncrftdfltcs1srvr1pngtst.table.core.windows.net",
            "primary_web_endpoint": "https://mncrftdfltcs1srvr1pngtst.z6.web.core.windows.net/",
            "primary_web_host": "mncrftdfltcs1srvr1pngtst.z6.web.core.windows.net",
            "queue_encryption_key_type": "Service",
            "queue_properties": [
              {
                "cors_rule": [],
                "hour_metrics": [
                  {
                    "enabled": true,
                    "include_apis": true,
                    "retention_policy_days": 7,
                    "version": "1.0"
                  }
                ],
                "logging": [
                  {
                    "delete": false,
                    "read": false,
                    "retention_policy_days": 0,
                    "version": "1.0",
                    "write": false
                  }
                ],
                "minute_metrics": [
                  {
                    "enabled": false,
                    "include_apis": false,
                    "retention_policy_days": 0,
                    "version": "1.0"
                  }
                ]
              }
            ],
            "resource_group_name": "Minecraft-default-cas1",
            "routing": [],
            "secondary_access_key": "rgYOB7r8GLvzUKDLwXc9S8tvF7pA2hNJo41yqt8ltNYnWdlIuKUcVrpJ9K3m/zf1kgJ1W5o5BqaFyGUwVnc/mQ==",
            "secondary_blob_connection_string": "",
            "secondary_blob_endpoint": null,
            "secondary_blob_host": null,
            "secondary_connection_string": "DefaultEndpointsProtocol=https;AccountName=mncrftdfltcs1srvr1pngtst;AccountKey=rgYOB7r8GLvzUKDLwXc9S8tvF7pA2hNJo41yqt8ltNYnWdlIuKUcVrpJ9K3m/zf1kgJ1W5o5BqaFyGUwVnc/mQ==;EndpointSuffix=core.windows.net",
            "secondary_dfs_endpoint": null,
            "secondary_dfs_host": null,
            "secondary_file_endpoint": null,
            "secondary_file_host": null,
            "secondary_location": "",
            "secondary_queue_endpoint": null,
            "secondary_queue_host": null,
            "secondary_table_endpoint": null,
            "secondary_table_host": null,
            "secondary_web_endpoint": null,
            "secondary_web_host": null,
            "share_properties": [
              {
                "cors_rule": [],
                "retention_policy": [
                  {
                    "days": 7
                  }
                ],
                "smb": []
              }
            ],
            "shared_access_key_enabled": true,
            "static_website": [],
            "table_encryption_key_type": "Service",
            "tags": {
              "application": "Minecraft",
              "configuration-name": "server1",
              "environment": "dev",
              "provisioner": "terraform",
              "provisioner-client-id": "04b07795-8ddb-461a-bbee-02f9e1bf7b46",
              "provisioner-email": "mpj.vervoort@gmail.com",
              "provisioner-object-id": "c62c50cc-2509-4d26-9efd-28ab44f238b8",
              "repository": "azure-minecraft-docker",
              "runid": "",
              "suffix": "cas1",
              "workspace": "default"
            },
            "timeouts": null
          },
          "sensitive_attributes": [],
          "private": "eyJlMmJmYjczMC1lY2FhLTExZTYtOGY4OC0zNDM2M2JjN2M0YzAiOnsiY3JlYXRlIjozNjAwMDAwMDAwMDAwLCJkZWxldGUiOjM2MDAwMDAwMDAwMDAsInJlYWQiOjMwMDAwMDAwMDAwMCwidXBkYXRlIjozNjAwMDAwMDAwMDAwfSwic2NoZW1hX3ZlcnNpb24iOiIyIn0=",
          "dependencies": [
            "azurerm_backup_policy_file_share.nightly",
            "azurerm_log_analytics_workspace.monitor",
            "azurerm_monitor_action_group.arm_roles",
            "azurerm_recovery_services_vault.backup",
            "azurerm_resource_group.minecraft",
            "azurerm_role_assignment.terraform_storage_owner",
            "azurerm_storage_account.minecraft",
            "azurerm_storage_account.minecraft_image",
            "azurerm_storage_container.configuration",
            "azurerm_user_assigned_identity.minecraft_identity",
            "data.azurerm_client_config.current",
            "data.azurerm_role_definition.contributor",
            "data.azurerm_role_definition.reader",
            "data.azurerm_subscription.default",
            "module.minecraft.azurerm_container_group.minecraft_server",
            "module.minecraft.azurerm_dns_cname_record.vanity_hostname",
            "module.minecraft.azurerm_logic_app_workflow.start",
            "module.minecraft.azurerm_logic_app_workflow.stop",
            "module.minecraft.azurerm_monitor_diagnostic_setting.start_workflow",
            "module.minecraft.azurerm_monitor_diagnostic_setting.stop_workflow",
            "module.minecraft.azurerm_monitor_metric_alert.cpu_dynamic",
            "module.minecraft.azurerm_monitor_metric_alert.memory",
            "module.minecraft.azurerm_monitor_metric_alert.memory_dynamic",
            "module.minecraft.azurerm_resource_group_template_deployment.container_instance_api_connection",
            "module.minecraft.azurerm_resource_group_template_deployment.start_workflow",
            "module.minecraft.azurerm_resource_group_template_deployment.stop_workflow",
            "module.minecraft.azurerm_role_assignment.minecraft_startstop",
            "module.minecraft.azurerm_storage_blob.minecraft_configuration",
            "module.minecraft.azurerm_storage_blob.minecraft_environment",
            "module.minecraft.azurerm_storage_blob.minecraft_user_configuration",
            "module.minecraft.azurerm_storage_share.minecraft_modpacks",
            "module.minecraft.azurerm_storage_share.minecraft_share",
            "module.minecraft.azurerm_storage_share_directory.bstats",
            "module.minecraft.azurerm_storage_share_directory.log_filter",
            "module.minecraft.azurerm_storage_share_directory.plugins",
            "module.minecraft.azurerm_storage_share_file.bstats_config",
            "module.minecraft.azurerm_storage_share_file.log_filter_config",
            "module.minecraft.azurerm_storage_share_file.log_filter_jar",
            "module.minecraft.data.azurerm_dns_zone.vanity_domain",
            "module.minecraft.data.azurerm_storage_account.minecraft",
            "module.minecraft.data.azurerm_subscription.primary",
            "module.minecraft.null_resource.log_filter_jar",
            "module.service_principal.azuread_application.app",
            "module.service_principal.azuread_service_principal.spn",
            "module.service_principal.azuread_service_principal_password.spnsecret",
            "module.service_principal.data.azuread_client_config.current",
            "module.service_principal.time_rotating.secret_expiration",
            "random_string.suffix"
          ]
        }
      ]
    },
    {
      "module": "module.minecraft[\"server1\"]",
      "mode": "data",
      "type": "azurerm_storage_account",
      "name": "minecraft",
      "provider": "provider[\"registry.terraform.io/hashicorp/azurerm\"]",
      "instances": [
        {
          "schema_version": 0,
          "attributes": {
            "access_tier": "Hot",
            "account_kind": "StorageV2",
            "account_replication_type": "LRS",
            "account_tier": "Standard",
            "allow_blob_public_access": false,
            "custom_domain": null,
            "enable_https_traffic_only": true,
            "id": "/subscriptions/fa9aad52-e3ac-4a57-a851-fae41f1c870f/resourceGroups/Minecraft-default-cas1/providers/Microsoft.Storage/storageAccounts/minecraftstorcas1",
            "is_hns_enabled": false,
            "location": "westeurope",
            "min_tls_version": "TLS1_0",
            "name": "minecraftstorcas1",
            "primary_access_key": "bxjoEiVosA2UHxBHBnZWrrJG4UNk9/Zc2Kf3u/Fr4vtE20H4jF7mgj17oq8+3apNpRFwKwSK97J5PsqrHzc0AA==",
            "primary_blob_connection_string": "DefaultEndpointsProtocol=https;BlobEndpoint=https://minecraftstorcas1.blob.core.windows.net/;AccountName=minecraftstorcas1;AccountKey=bxjoEiVosA2UHxBHBnZWrrJG4UNk9/Zc2Kf3u/Fr4vtE20H4jF7mgj17oq8+3apNpRFwKwSK97J5PsqrHzc0AA==",
            "primary_blob_endpoint": "https://minecraftstorcas1.blob.core.windows.net/",
            "primary_blob_host": "minecraftstorcas1.blob.core.windows.net",
            "primary_connection_string": "DefaultEndpointsProtocol=https;AccountName=minecraftstorcas1;AccountKey=bxjoEiVosA2UHxBHBnZWrrJG4UNk9/Zc2Kf3u/Fr4vtE20H4jF7mgj17oq8+3apNpRFwKwSK97J5PsqrHzc0AA==;EndpointSuffix=core.windows.net",
            "primary_dfs_endpoint": "https://minecraftstorcas1.dfs.core.windows.net/",
            "primary_dfs_host": "minecraftstorcas1.dfs.core.windows.net",
            "primary_file_endpoint": "https://minecraftstorcas1.file.core.windows.net/",
            "primary_file_host": "minecraftstorcas1.file.core.windows.net",
            "primary_location": "westeurope",
            "primary_queue_endpoint": "https://minecraftstorcas1.queue.core.windows.net/",
            "primary_queue_host": "minecraftstorcas1.queue.core.windows.net",
            "primary_table_endpoint": "https://minecraftstorcas1.table.core.windows.net/",
            "primary_table_host": "minecraftstorcas1.table.core.windows.net",
            "primary_web_endpoint": "https://minecraftstorcas1.z6.web.core.windows.net/",
            "primary_web_host": "minecraftstorcas1.z6.web.core.windows.net",
            "queue_encryption_key_type": "Service",
            "resource_group_name": "Minecraft-default-cas1",
            "secondary_access_key": "vZ7iBCZgSx4btyF4QqjcOsbGEMNZ4F0w+kShP7W4Lh45zmc1PwoImUEeael3E6/jTrxXnekkZpABYJI9TkJiKQ==",
            "secondary_blob_connection_string": "",
            "secondary_blob_endpoint": null,
            "secondary_blob_host": null,
            "secondary_connection_string": "DefaultEndpointsProtocol=https;AccountName=minecraftstorcas1;AccountKey=vZ7iBCZgSx4btyF4QqjcOsbGEMNZ4F0w+kShP7W4Lh45zmc1PwoImUEeael3E6/jTrxXnekkZpABYJI9TkJiKQ==;EndpointSuffix=core.windows.net",
            "secondary_dfs_endpoint": null,
            "secondary_dfs_host": null,
            "secondary_file_endpoint": null,
            "secondary_file_host": null,
            "secondary_location": "",
            "secondary_queue_endpoint": null,
            "secondary_queue_host": null,
            "secondary_table_endpoint": null,
            "secondary_table_host": null,
            "secondary_web_endpoint": null,
            "secondary_web_host": null,
            "table_encryption_key_type": "Service",
            "tags": {
              "application": "Minecraft",
              "environment": "dev",
              "provisioner": "terraform",
              "provisioner-client-id": "04b07795-8ddb-461a-bbee-02f9e1bf7b46",
              "provisioner-email": "mpj.vervoort@gmail.com",
              "provisioner-object-id": "c62c50cc-2509-4d26-9efd-28ab44f238b8",
              "repository": "azure-minecraft-docker",
              "runid": "",
              "suffix": "cas1",
              "workspace": "default"
            },
            "timeouts": null
          },
          "sensitive_attributes": []
        }
      ]
    },
    {
      "module": "module.minecraft[\"server1\"]",
      "mode": "data",
      "type": "azurerm_subscription",
      "name": "primary",
      "provider": "provider[\"registry.terraform.io/hashicorp/azurerm\"]",
      "instances": [
        {
          "schema_version": 0,
          "attributes": {
            "display_name": "Visual Studio Enterprise",
            "id": "/subscriptions/fa9aad52-e3ac-4a57-a851-fae41f1c870f",
            "location_placement_id": "Public_2014-09-01",
            "quota_id": "MSDN_2014-09-01",
            "spending_limit": "On",
            "state": "Enabled",
            "subscription_id": "fa9aad52-e3ac-4a57-a851-fae41f1c870f",
            "tags": {},
            "tenant_id": "83fbe6ff-2b94-43d8-913f-98c63084e1eb",
            "timeouts": null
          },
          "sensitive_attributes": []
        }
      ]
    },
    {
      "module": "module.minecraft[\"server1\"]",
      "mode": "managed",
      "type": "azurerm_container_group",
      "name": "minecraft_server",
      "provider": "provider[\"registry.terraform.io/hashicorp/azurerm\"]",
      "instances": [
        {
          "schema_version": 0,
          "attributes": {
            "container": [
              {
                "commands": [],
                "cpu": 2,
                "environment_variables": {
                  "ALLOW_NETHER": "true",
                  "ANNOUNCE_PLAYER_ACHIEVEMENTS": "true",
                  "DIFFICULTY": "easy",
                  "ENABLE_COMMAND_BLOCK": "true",
                  "EULA": "true",
                  "ICON": "https://minecraftstorcas1img.blob.core.windows.net/image/server1.png",
                  "MAX_PLAYERS": "10",
                  "MEMORY": "3G",
                  "MODE": "survival",
                  "MOTD": "ZeroShino server1",
                  "OPS": "ZeroShino",
                  "OVERRIDE_SERVER_PROPERTIES": "true",
                  "SNOOPER_ENABLED": "false",
                  "TYPE": "PAPER",
                  "TZ": "Europe/Amsterdam",
                  "VERSION": "1.18.1",
                  "WHITELIST": "ZeroShino,ZeroShuki,OneShuki,Tobias2006,Aryqnto_,Wrench07,KasqerPK"
                },
                "gpu": [],
                "image": "itzg/minecraft-server",
                "liveness_probe": [
                  {
                    "exec": [
                      "/bin/bash",
                      "-c",
                      "/health.sh"
                    ],
                    "failure_threshold": 3,
                    "http_get": [],
                    "initial_delay_seconds": 300,
                    "period_seconds": 10,
                    "success_threshold": 1,
                    "timeout_seconds": 10
                  }
                ],
                "memory": 4,
                "name": "minecraft",
                "ports": [
                  {
                    "port": 25565,
                    "protocol": "TCP"
                  },
                  {
                    "port": 80,
                    "protocol": "TCP"
                  }
                ],
                "readiness_probe": [],
                "secure_environment_variables": null,
                "volume": [
                  {
                    "empty_dir": false,
                    "git_repo": [],
                    "mount_path": "/data",
                    "name": "azurefile",
                    "read_only": false,
                    "secret": null,
                    "share_name": "minecraft-aci-server1-data-cas1",
                    "storage_account_key": "bxjoEiVosA2UHxBHBnZWrrJG4UNk9/Zc2Kf3u/Fr4vtE20H4jF7mgj17oq8+3apNpRFwKwSK97J5PsqrHzc0AA==",
                    "storage_account_name": "minecraftstorcas1"
                  },
                  {
                    "empty_dir": false,
                    "git_repo": [],
                    "mount_path": "/modpacks",
                    "name": "modpacks",
                    "read_only": false,
                    "secret": null,
                    "share_name": "minecraft-aci-server1-modpacks-cas1",
                    "storage_account_key": "bxjoEiVosA2UHxBHBnZWrrJG4UNk9/Zc2Kf3u/Fr4vtE20H4jF7mgj17oq8+3apNpRFwKwSK97J5PsqrHzc0AA==",
                    "storage_account_name": "minecraftstorcas1"
                  }
                ]
              }
            ],
            "diagnostics": [
              {
                "log_analytics": [
                  {
                    "log_type": "",
                    "metadata": null,
                    "workspace_id": "f32ec551-30ec-4c24-b269-c15d2f725c0d",
                    "workspace_key": "HcfGc0HR7/7U9n32e5o2yCbgMP9ypxsFpoVKj0zDMHnGELYqmN2NGY2FpASKO8AZadsYkKyMhtgc//kFR7qnTA=="
                  }
                ]
              }
            ],
            "dns_config": [],
            "dns_name_label": "Minecraft-default-cas1-server1",
            "exposed_port": [
              {
                "port": 25565,
                "protocol": "TCP"
              },
              {
                "port": 80,
                "protocol": "TCP"
              }
            ],
            "fqdn": "Minecraft-default-cas1-server1.westeurope.azurecontainer.io",
            "id": "/subscriptions/fa9aad52-e3ac-4a57-a851-fae41f1c870f/resourceGroups/Minecraft-default-cas1/providers/Microsoft.ContainerInstance/containerGroups/Minecraft-default-cas1-server1",
            "identity": [
              {
                "identity_ids": [
                  "/subscriptions/fa9aad52-e3ac-4a57-a851-fae41f1c870f/resourceGroups/Minecraft-default-cas1/providers/Microsoft.ManagedIdentity/userAssignedIdentities/Minecraft-default-cas1-minecraft-identity"
                ],
                "principal_id": "",
                "type": "UserAssigned"
              }
            ],
            "image_registry_credential": [],
            "ip_address": "20.23.9.86",
            "ip_address_type": "Public",
            "location": "westeurope",
            "name": "Minecraft-default-cas1-server1",
            "network_profile_id": null,
            "os_type": "Linux",
            "resource_group_name": "Minecraft-default-cas1",
            "restart_policy": "Always",
            "tags": {
              "application": "Minecraft",
              "configuration-name": "server1",
              "environment": "dev",
              "provisioner": "terraform",
              "provisioner-client-id": "04b07795-8ddb-461a-bbee-02f9e1bf7b46",
              "provisioner-email": "mpj.vervoort@gmail.com",
              "provisioner-object-id": "c62c50cc-2509-4d26-9efd-28ab44f238b8",
              "repository": "azure-minecraft-docker",
              "runid": "",
              "suffix": "cas1",
              "workspace": "default"
            },
            "timeouts": null
          },
          "sensitive_attributes": [
            [
              {
                "type": "get_attr",
                "value": "container"
              },
              {
                "type": "index",
                "value": {
                  "value": 0,
                  "type": "number"
                }
              },
              {
                "type": "get_attr",
                "value": "volume"
              },
              {
                "type": "index",
                "value": {
                  "value": 0,
                  "type": "number"
                }
              },
              {
                "type": "get_attr",
                "value": "storage_account_key"
              }
            ],
            [
              {
                "type": "get_attr",
                "value": "container"
              },
              {
                "type": "index",
                "value": {
                  "value": 0,
                  "type": "number"
                }
              },
              {
                "type": "get_attr",
                "value": "volume"
              },
              {
                "type": "index",
                "value": {
                  "value": 1,
                  "type": "number"
                }
              },
              {
                "type": "get_attr",
                "value": "storage_account_key"
              }
            ],
            [
              {
                "type": "get_attr",
                "value": "diagnostics"
              },
              {
                "type": "index",
                "value": {
                  "value": 0,
                  "type": "number"
                }
              },
              {
                "type": "get_attr",
                "value": "log_analytics"
              },
              {
                "type": "index",
                "value": {
                  "value": 0,
                  "type": "number"
                }
              },
              {
                "type": "get_attr",
                "value": "workspace_key"
              }
            ]
          ],
          "private": "eyJlMmJmYjczMC1lY2FhLTExZTYtOGY4OC0zNDM2M2JjN2M0YzAiOnsiY3JlYXRlIjoxODAwMDAwMDAwMDAwLCJkZWxldGUiOjE4MDAwMDAwMDAwMDAsInJlYWQiOjMwMDAwMDAwMDAwMCwidXBkYXRlIjoxODAwMDAwMDAwMDAwfX0=",
          "dependencies": [
            "azurerm_log_analytics_workspace.monitor",
            "azurerm_resource_group.minecraft",
            "azurerm_role_assignment.terraform_storage_owner",
            "azurerm_storage_account.minecraft",
            "azurerm_storage_account.minecraft_image",
            "azurerm_user_assigned_identity.minecraft_identity",
            "data.azurerm_subscription.default",
            "module.minecraft.azurerm_storage_share.minecraft_modpacks",
            "module.minecraft.azurerm_storage_share.minecraft_share",
            "module.minecraft.azurerm_storage_share_file.log_filter_config",
            "module.minecraft.azurerm_storage_share_file.log_filter_jar"
          ]
        }
      ]
    },
    {
      "module": "module.minecraft[\"server1\"]",
      "mode": "managed",
      "type": "azurerm_logic_app_workflow",
      "name": "start",
      "provider": "provider[\"registry.terraform.io/hashicorp/azurerm\"]",
      "instances": [
        {
          "index_key": 0,
          "schema_version": 0,
          "attributes": {
            "access_control": [],
            "access_endpoint": "https://prod-148.westeurope.logic.azure.com:443/workflows/9a0acf9730ea41d1bf132f8b6bdbd655",
            "connector_endpoint_ip_addresses": [],
            "connector_outbound_ip_addresses": [
              "52.174.88.118",
              "40.91.208.65",
              "13.69.64.208/28",
              "13.69.71.192/27",
              "13.93.36.78",
              "20.86.93.32/27",
              "20.86.93.64/28"
            ],
            "enabled": true,
            "id": "/subscriptions/fa9aad52-e3ac-4a57-a851-fae41f1c870f/resourceGroups/Minecraft-default-cas1/providers/Microsoft.Logic/workflows/Minecraft-default-cas1-server1-start",
            "integration_service_environment_id": "",
            "location": "westeurope",
            "logic_app_integration_account_id": "",
            "name": "Minecraft-default-cas1-server1-start",
            "parameters": {
              "$connections": "{\"Minecraft_default_cas1_server1\":{\"connectionId\":\"/subscriptions/fa9aad52-e3ac-4a57-a851-fae41f1c870f/resourceGroups/Minecraft-default-cas1/providers/Microsoft.Web/connections/Minecraft-default-cas1-server1\",\"connectionName\":\"Minecraft-default-cas1-server1\",\"id\":\"/subscriptions/fa9aad52-e3ac-4a57-a851-fae41f1c870f/providers/Microsoft.Web/locations/westeurope/managedApis/aci\"}}"
            },
            "resource_group_name": "Minecraft-default-cas1",
            "tags": {},
            "timeouts": null,
            "workflow_endpoint_ip_addresses": [
              "13.95.155.53",
              "52.174.54.218",
              "52.174.49.6"
            ],
            "workflow_outbound_ip_addresses": [
              "40.68.222.65",
              "40.68.209.23",
              "13.95.147.65",
              "23.97.218.130",
              "51.144.182.201",
              "23.97.211.179",
              "104.45.9.52",
              "23.97.210.126",
              "13.69.71.160",
              "13.69.71.161",
              "13.69.71.162",
              "13.69.71.163",
              "13.69.71.164",
              "13.69.71.165",
              "13.69.71.166",
              "13.69.71.167"
            ],
            "workflow_parameters": {
              "$connections": "{\"defaultValue\":{},\"type\":\"Object\"}"
            },
            "workflow_schema": "https://schema.management.azure.com/providers/Microsoft.Logic/schemas/2016-06-01/workflowdefinition.json#",
            "workflow_version": "1.0.0.0"
          },
          "sensitive_attributes": [],
          "private": "eyJlMmJmYjczMC1lY2FhLTExZTYtOGY4OC0zNDM2M2JjN2M0YzAiOnsiY3JlYXRlIjoxODAwMDAwMDAwMDAwLCJkZWxldGUiOjE4MDAwMDAwMDAwMDAsInJlYWQiOjMwMDAwMDAwMDAwMCwidXBkYXRlIjoxODAwMDAwMDAwMDAwfX0=",
          "dependencies": [
            "azurerm_log_analytics_workspace.monitor",
            "azurerm_resource_group.minecraft",
            "azurerm_role_assignment.terraform_storage_owner",
            "azurerm_storage_account.minecraft",
            "azurerm_storage_account.minecraft_image",
            "azurerm_user_assigned_identity.minecraft_identity",
            "data.azurerm_client_config.current",
            "data.azurerm_subscription.default",
            "module.minecraft.azurerm_container_group.minecraft_server",
            "module.minecraft.azurerm_resource_group_template_deployment.container_instance_api_connection",
            "module.minecraft.azurerm_role_assignment.minecraft_startstop",
            "module.minecraft.azurerm_storage_share.minecraft_modpacks",
            "module.minecraft.azurerm_storage_share.minecraft_share",
            "module.minecraft.azurerm_storage_share_directory.log_filter",
            "module.minecraft.azurerm_storage_share_directory.plugins",
            "module.minecraft.azurerm_storage_share_file.log_filter_config",
            "module.minecraft.azurerm_storage_share_file.log_filter_jar",
            "module.minecraft.data.azurerm_subscription.primary",
            "module.minecraft.null_resource.log_filter_jar",
            "module.service_principal.azuread_application.app",
            "module.service_principal.azuread_service_principal.spn",
            "module.service_principal.azuread_service_principal_password.spnsecret",
            "module.service_principal.data.azuread_client_config.current",
            "module.service_principal.time_rotating.secret_expiration",
            "random_string.suffix"
          ]
        }
      ]
    },
    {
      "module": "module.minecraft[\"server1\"]",
      "mode": "managed",
      "type": "azurerm_logic_app_workflow",
      "name": "stop",
      "provider": "provider[\"registry.terraform.io/hashicorp/azurerm\"]",
      "instances": [
        {
          "index_key": 0,
          "schema_version": 0,
          "attributes": {
            "access_control": [],
            "access_endpoint": "https://prod-230.westeurope.logic.azure.com:443/workflows/2eb09c8c42234fb7a57bc611ed376c4d",
            "connector_endpoint_ip_addresses": [],
            "connector_outbound_ip_addresses": [
              "52.174.88.118",
              "40.91.208.65",
              "13.69.64.208/28",
              "13.69.71.192/27",
              "13.93.36.78",
              "20.86.93.32/27",
              "20.86.93.64/28"
            ],
            "enabled": true,
            "id": "/subscriptions/fa9aad52-e3ac-4a57-a851-fae41f1c870f/resourceGroups/Minecraft-default-cas1/providers/Microsoft.Logic/workflows/Minecraft-default-cas1-server1-stop",
            "integration_service_environment_id": "",
            "location": "westeurope",
            "logic_app_integration_account_id": "",
            "name": "Minecraft-default-cas1-server1-stop",
            "parameters": {
              "$connections": "{\"Minecraft_default_cas1_server1\":{\"connectionId\":\"/subscriptions/fa9aad52-e3ac-4a57-a851-fae41f1c870f/resourceGroups/Minecraft-default-cas1/providers/Microsoft.Web/connections/Minecraft-default-cas1-server1\",\"connectionName\":\"Minecraft-default-cas1-server1\",\"id\":\"/subscriptions/fa9aad52-e3ac-4a57-a851-fae41f1c870f/providers/Microsoft.Web/locations/westeurope/managedApis/aci\"}}"
            },
            "resource_group_name": "Minecraft-default-cas1",
            "tags": {},
            "timeouts": null,
            "workflow_endpoint_ip_addresses": [
              "13.95.155.53",
              "52.174.54.218",
              "52.174.49.6"
            ],
            "workflow_outbound_ip_addresses": [
              "40.68.222.65",
              "40.68.209.23",
              "13.95.147.65",
              "23.97.218.130",
              "51.144.182.201",
              "23.97.211.179",
              "104.45.9.52",
              "23.97.210.126",
              "13.69.71.160",
              "13.69.71.161",
              "13.69.71.162",
              "13.69.71.163",
              "13.69.71.164",
              "13.69.71.165",
              "13.69.71.166",
              "13.69.71.167"
            ],
            "workflow_parameters": {
              "$connections": "{\"defaultValue\":{},\"type\":\"Object\"}"
            },
            "workflow_schema": "https://schema.management.azure.com/providers/Microsoft.Logic/schemas/2016-06-01/workflowdefinition.json#",
            "workflow_version": "1.0.0.0"
          },
          "sensitive_attributes": [],
          "private": "eyJlMmJmYjczMC1lY2FhLTExZTYtOGY4OC0zNDM2M2JjN2M0YzAiOnsiY3JlYXRlIjoxODAwMDAwMDAwMDAwLCJkZWxldGUiOjE4MDAwMDAwMDAwMDAsInJlYWQiOjMwMDAwMDAwMDAwMCwidXBkYXRlIjoxODAwMDAwMDAwMDAwfX0=",
          "dependencies": [
            "azurerm_log_analytics_workspace.monitor",
            "azurerm_resource_group.minecraft",
            "azurerm_role_assignment.terraform_storage_owner",
            "azurerm_storage_account.minecraft",
            "azurerm_storage_account.minecraft_image",
            "azurerm_user_assigned_identity.minecraft_identity",
            "data.azurerm_client_config.current",
            "data.azurerm_subscription.default",
            "module.minecraft.azurerm_container_group.minecraft_server",
            "module.minecraft.azurerm_resource_group_template_deployment.container_instance_api_connection",
            "module.minecraft.azurerm_role_assignment.minecraft_startstop",
            "module.minecraft.azurerm_storage_share.minecraft_modpacks",
            "module.minecraft.azurerm_storage_share.minecraft_share",
            "module.minecraft.azurerm_storage_share_directory.log_filter",
            "module.minecraft.azurerm_storage_share_directory.plugins",
            "module.minecraft.azurerm_storage_share_file.log_filter_config",
            "module.minecraft.azurerm_storage_share_file.log_filter_jar",
            "module.minecraft.data.azurerm_subscription.primary",
            "module.minecraft.null_resource.log_filter_jar",
            "module.service_principal.azuread_application.app",
            "module.service_principal.azuread_service_principal.spn",
            "module.service_principal.azuread_service_principal_password.spnsecret",
            "module.service_principal.data.azuread_client_config.current",
            "module.service_principal.time_rotating.secret_expiration",
            "random_string.suffix"
          ]
        }
      ]
    },
    {
      "module": "module.minecraft[\"server1\"]",
      "mode": "managed",
      "type": "azurerm_monitor_diagnostic_setting",
      "name": "start_workflow",
      "provider": "provider[\"registry.terraform.io/hashicorp/azurerm\"]",
      "instances": [
        {
          "index_key": 0,
          "schema_version": 0,
          "attributes": {
            "eventhub_authorization_rule_id": "",
            "eventhub_name": "",
            "id": "/subscriptions/fa9aad52-e3ac-4a57-a851-fae41f1c870f/resourceGroups/Minecraft-default-cas1/providers/Microsoft.Logic/workflows/Minecraft-default-cas1-server1-start|Minecraft-default-cas1-server1-start-logs",
            "log": [
              {
                "category": "WorkflowRuntime",
                "enabled": true,
                "retention_policy": [
                  {
                    "days": 30,
                    "enabled": true
                  }
                ]
              }
            ],
            "log_analytics_destination_type": "",
            "log_analytics_workspace_id": "/subscriptions/fa9aad52-e3ac-4a57-a851-fae41f1c870f/resourceGroups/Minecraft-default-cas1/providers/Microsoft.OperationalInsights/workspaces/Minecraft-default-cas1-loganalytics",
            "metric": [
              {
                "category": "AllMetrics",
                "enabled": true,
                "retention_policy": [
                  {
                    "days": 30,
                    "enabled": true
                  }
                ]
              }
            ],
            "name": "Minecraft-default-cas1-server1-start-logs",
            "storage_account_id": "",
            "target_resource_id": "/subscriptions/fa9aad52-e3ac-4a57-a851-fae41f1c870f/resourceGroups/Minecraft-default-cas1/providers/Microsoft.Logic/workflows/Minecraft-default-cas1-server1-start",
            "timeouts": null
          },
          "sensitive_attributes": [],
          "private": "eyJlMmJmYjczMC1lY2FhLTExZTYtOGY4OC0zNDM2M2JjN2M0YzAiOnsiY3JlYXRlIjoxODAwMDAwMDAwMDAwLCJkZWxldGUiOjM2MDAwMDAwMDAwMDAsInJlYWQiOjMwMDAwMDAwMDAwMCwidXBkYXRlIjoxODAwMDAwMDAwMDAwfX0=",
          "dependencies": [
            "azurerm_log_analytics_workspace.monitor",
            "azurerm_resource_group.minecraft",
            "azurerm_role_assignment.terraform_storage_owner",
            "azurerm_storage_account.minecraft",
            "azurerm_storage_account.minecraft_image",
            "azurerm_user_assigned_identity.minecraft_identity",
            "data.azurerm_client_config.current",
            "data.azurerm_subscription.default",
            "module.minecraft.azurerm_container_group.minecraft_server",
            "module.minecraft.azurerm_logic_app_workflow.start",
            "module.minecraft.azurerm_resource_group_template_deployment.container_instance_api_connection",
            "module.minecraft.azurerm_role_assignment.minecraft_startstop",
            "module.minecraft.azurerm_storage_share.minecraft_modpacks",
            "module.minecraft.azurerm_storage_share.minecraft_share",
            "module.minecraft.azurerm_storage_share_directory.log_filter",
            "module.minecraft.azurerm_storage_share_directory.plugins",
            "module.minecraft.azurerm_storage_share_file.log_filter_config",
            "module.minecraft.azurerm_storage_share_file.log_filter_jar",
            "module.minecraft.data.azurerm_subscription.primary",
            "module.minecraft.null_resource.log_filter_jar",
            "module.service_principal.azuread_application.app",
            "module.service_principal.azuread_service_principal.spn",
            "module.service_principal.azuread_service_principal_password.spnsecret",
            "module.service_principal.data.azuread_client_config.current",
            "module.service_principal.time_rotating.secret_expiration",
            "random_string.suffix"
          ]
        }
      ]
    },
    {
      "module": "module.minecraft[\"server1\"]",
      "mode": "managed",
      "type": "azurerm_monitor_diagnostic_setting",
      "name": "stop_workflow",
      "provider": "provider[\"registry.terraform.io/hashicorp/azurerm\"]",
      "instances": [
        {
          "index_key": 0,
          "schema_version": 0,
          "attributes": {
            "eventhub_authorization_rule_id": "",
            "eventhub_name": "",
            "id": "/subscriptions/fa9aad52-e3ac-4a57-a851-fae41f1c870f/resourceGroups/Minecraft-default-cas1/providers/Microsoft.Logic/workflows/Minecraft-default-cas1-server1-stop|Minecraft-default-cas1-server1-stop-logs",
            "log": [
              {
                "category": "WorkflowRuntime",
                "enabled": true,
                "retention_policy": [
                  {
                    "days": 30,
                    "enabled": true
                  }
                ]
              }
            ],
            "log_analytics_destination_type": "",
            "log_analytics_workspace_id": "/subscriptions/fa9aad52-e3ac-4a57-a851-fae41f1c870f/resourceGroups/Minecraft-default-cas1/providers/Microsoft.OperationalInsights/workspaces/Minecraft-default-cas1-loganalytics",
            "metric": [
              {
                "category": "AllMetrics",
                "enabled": true,
                "retention_policy": [
                  {
                    "days": 30,
                    "enabled": true
                  }
                ]
              }
            ],
            "name": "Minecraft-default-cas1-server1-stop-logs",
            "storage_account_id": "",
            "target_resource_id": "/subscriptions/fa9aad52-e3ac-4a57-a851-fae41f1c870f/resourceGroups/Minecraft-default-cas1/providers/Microsoft.Logic/workflows/Minecraft-default-cas1-server1-stop",
            "timeouts": null
          },
          "sensitive_attributes": [],
          "private": "eyJlMmJmYjczMC1lY2FhLTExZTYtOGY4OC0zNDM2M2JjN2M0YzAiOnsiY3JlYXRlIjoxODAwMDAwMDAwMDAwLCJkZWxldGUiOjM2MDAwMDAwMDAwMDAsInJlYWQiOjMwMDAwMDAwMDAwMCwidXBkYXRlIjoxODAwMDAwMDAwMDAwfX0=",
          "dependencies": [
            "azurerm_log_analytics_workspace.monitor",
            "azurerm_resource_group.minecraft",
            "azurerm_role_assignment.terraform_storage_owner",
            "azurerm_storage_account.minecraft",
            "azurerm_storage_account.minecraft_image",
            "azurerm_user_assigned_identity.minecraft_identity",
            "data.azurerm_client_config.current",
            "data.azurerm_subscription.default",
            "module.minecraft.azurerm_container_group.minecraft_server",
            "module.minecraft.azurerm_logic_app_workflow.stop",
            "module.minecraft.azurerm_resource_group_template_deployment.container_instance_api_connection",
            "module.minecraft.azurerm_role_assignment.minecraft_startstop",
            "module.minecraft.azurerm_storage_share.minecraft_modpacks",
            "module.minecraft.azurerm_storage_share.minecraft_share",
            "module.minecraft.azurerm_storage_share_directory.log_filter",
            "module.minecraft.azurerm_storage_share_directory.plugins",
            "module.minecraft.azurerm_storage_share_file.log_filter_config",
            "module.minecraft.azurerm_storage_share_file.log_filter_jar",
            "module.minecraft.data.azurerm_subscription.primary",
            "module.minecraft.null_resource.log_filter_jar",
            "module.service_principal.azuread_application.app",
            "module.service_principal.azuread_service_principal.spn",
            "module.service_principal.azuread_service_principal_password.spnsecret",
            "module.service_principal.data.azuread_client_config.current",
            "module.service_principal.time_rotating.secret_expiration",
            "random_string.suffix"
          ]
        }
      ]
    },
    {
      "module": "module.minecraft[\"server1\"]",
      "mode": "managed",
      "type": "azurerm_monitor_metric_alert",
      "name": "cpu_dynamic",
      "provider": "provider[\"registry.terraform.io/hashicorp/azurerm\"]",
      "instances": [
        {
          "schema_version": 1,
          "attributes": {
            "action": [
              {
                "action_group_id": "/subscriptions/fa9aad52-e3ac-4a57-a851-fae41f1c870f/resourceGroups/Minecraft-default-cas1/providers/Microsoft.Insights/actionGroups/Minecraft-default-cas1-arm-alert-group",
                "webhook_properties": {}
              }
            ],
            "application_insights_web_test_location_availability_criteria": [],
            "auto_mitigate": true,
            "criteria": [],
            "description": "Action will be triggered when CPU usage is unusually high",
            "dynamic_criteria": [
              {
                "aggregation": "Average",
                "alert_sensitivity": "Low",
                "dimension": [
                  {
                    "name": "containerName",
                    "operator": "Include",
                    "values": [
                      "minecraft"
                    ]
                  }
                ],
                "evaluation_failure_count": 4,
                "evaluation_total_count": 4,
                "ignore_data_before": "",
                "metric_name": "CpuUsage",
                "metric_namespace": "microsoft.containerinstance/containergroups",
                "operator": "GreaterThan",
                "skip_metric_validation": false
              }
            ],
            "enabled": true,
            "frequency": "PT1M",
            "id": "/subscriptions/fa9aad52-e3ac-4a57-a851-fae41f1c870f/resourceGroups/Minecraft-default-cas1/providers/Microsoft.Insights/metricAlerts/Minecraft-default-cas1-server1-cpu-dynamic-alert",
            "name": "Minecraft-default-cas1-server1-cpu-dynamic-alert",
            "resource_group_name": "Minecraft-default-cas1",
            "scopes": [
              "/subscriptions/fa9aad52-e3ac-4a57-a851-fae41f1c870f/resourceGroups/Minecraft-default-cas1/providers/Microsoft.ContainerInstance/containerGroups/Minecraft-default-cas1-server1"
            ],
            "severity": 3,
            "tags": {},
            "target_resource_location": "",
            "target_resource_type": "",
            "timeouts": null,
            "window_size": "PT5M"
          },
          "sensitive_attributes": [],
          "private": "eyJlMmJmYjczMC1lY2FhLTExZTYtOGY4OC0zNDM2M2JjN2M0YzAiOnsiY3JlYXRlIjoxODAwMDAwMDAwMDAwLCJkZWxldGUiOjE4MDAwMDAwMDAwMDAsInJlYWQiOjMwMDAwMDAwMDAwMCwidXBkYXRlIjoxODAwMDAwMDAwMDAwfSwic2NoZW1hX3ZlcnNpb24iOiIxIn0=",
          "dependencies": [
            "azurerm_log_analytics_workspace.monitor",
            "azurerm_monitor_action_group.arm_roles",
            "azurerm_resource_group.minecraft",
            "azurerm_role_assignment.terraform_storage_owner",
            "azurerm_storage_account.minecraft",
            "azurerm_storage_account.minecraft_image",
            "azurerm_user_assigned_identity.minecraft_identity",
            "data.azurerm_client_config.current",
            "data.azurerm_role_definition.contributor",
            "data.azurerm_role_definition.reader",
            "data.azurerm_subscription.default",
            "module.minecraft.azurerm_container_group.minecraft_server",
            "module.minecraft.azurerm_storage_share.minecraft_modpacks",
            "module.minecraft.azurerm_storage_share.minecraft_share",
            "module.minecraft.azurerm_storage_share_directory.log_filter",
            "module.minecraft.azurerm_storage_share_directory.plugins",
            "module.minecraft.azurerm_storage_share_file.log_filter_config",
            "module.minecraft.azurerm_storage_share_file.log_filter_jar",
            "module.minecraft.null_resource.log_filter_jar",
            "random_string.suffix"
          ]
        }
      ]
    },
    {
      "module": "module.minecraft[\"server1\"]",
      "mode": "managed",
      "type": "azurerm_monitor_metric_alert",
      "name": "memory",
      "provider": "provider[\"registry.terraform.io/hashicorp/azurerm\"]",
      "instances": [
        {
          "schema_version": 1,
          "attributes": {
            "action": [
              {
                "action_group_id": "/subscriptions/fa9aad52-e3ac-4a57-a851-fae41f1c870f/resourceGroups/Minecraft-default-cas1/providers/Microsoft.Insights/actionGroups/Minecraft-default-cas1-arm-alert-group",
                "webhook_properties": {}
              }
            ],
            "application_insights_web_test_location_availability_criteria": [],
            "auto_mitigate": true,
            "criteria": [
              {
                "aggregation": "Average",
                "dimension": [
                  {
                    "name": "containerName",
                    "operator": "Include",
                    "values": [
                      "minecraft"
                    ]
                  }
                ],
                "metric_name": "MemoryUsage",
                "metric_namespace": "microsoft.containerinstance/containergroups",
                "operator": "GreaterThan",
                "skip_metric_validation": false,
                "threshold": 1900000000
              }
            ],
            "description": "Action will be triggered when Memory usage is greater than 1.9 GB",
            "dynamic_criteria": [],
            "enabled": true,
            "frequency": "PT5M",
            "id": "/subscriptions/fa9aad52-e3ac-4a57-a851-fae41f1c870f/resourceGroups/Minecraft-default-cas1/providers/Microsoft.Insights/metricAlerts/Minecraft-default-cas1-server1-memory-alert",
            "name": "Minecraft-default-cas1-server1-memory-alert",
            "resource_group_name": "Minecraft-default-cas1",
            "scopes": [
              "/subscriptions/fa9aad52-e3ac-4a57-a851-fae41f1c870f/resourceGroups/Minecraft-default-cas1/providers/Microsoft.ContainerInstance/containerGroups/Minecraft-default-cas1-server1"
            ],
            "severity": 3,
            "tags": {},
            "target_resource_location": "",
            "target_resource_type": "",
            "timeouts": null,
            "window_size": "PT15M"
          },
          "sensitive_attributes": [],
          "private": "eyJlMmJmYjczMC1lY2FhLTExZTYtOGY4OC0zNDM2M2JjN2M0YzAiOnsiY3JlYXRlIjoxODAwMDAwMDAwMDAwLCJkZWxldGUiOjE4MDAwMDAwMDAwMDAsInJlYWQiOjMwMDAwMDAwMDAwMCwidXBkYXRlIjoxODAwMDAwMDAwMDAwfSwic2NoZW1hX3ZlcnNpb24iOiIxIn0=",
          "dependencies": [
            "azurerm_log_analytics_workspace.monitor",
            "azurerm_monitor_action_group.arm_roles",
            "azurerm_resource_group.minecraft",
            "azurerm_role_assignment.terraform_storage_owner",
            "azurerm_storage_account.minecraft",
            "azurerm_storage_account.minecraft_image",
            "azurerm_user_assigned_identity.minecraft_identity",
            "data.azurerm_client_config.current",
            "data.azurerm_role_definition.contributor",
            "data.azurerm_role_definition.reader",
            "data.azurerm_subscription.default",
            "module.minecraft.azurerm_container_group.minecraft_server",
            "module.minecraft.azurerm_storage_share.minecraft_modpacks",
            "module.minecraft.azurerm_storage_share.minecraft_share",
            "module.minecraft.azurerm_storage_share_directory.log_filter",
            "module.minecraft.azurerm_storage_share_directory.plugins",
            "module.minecraft.azurerm_storage_share_file.log_filter_config",
            "module.minecraft.azurerm_storage_share_file.log_filter_jar",
            "module.minecraft.null_resource.log_filter_jar",
            "random_string.suffix"
          ]
        }
      ]
    },
    {
      "module": "module.minecraft[\"server1\"]",
      "mode": "managed",
      "type": "azurerm_monitor_metric_alert",
      "name": "memory_dynamic",
      "provider": "provider[\"registry.terraform.io/hashicorp/azurerm\"]",
      "instances": [
        {
          "schema_version": 1,
          "attributes": {
            "action": [
              {
                "action_group_id": "/subscriptions/fa9aad52-e3ac-4a57-a851-fae41f1c870f/resourceGroups/Minecraft-default-cas1/providers/Microsoft.Insights/actionGroups/Minecraft-default-cas1-arm-alert-group",
                "webhook_properties": {}
              }
            ],
            "application_insights_web_test_location_availability_criteria": [],
            "auto_mitigate": true,
            "criteria": [],
            "description": "Action will be triggered when Memory usage is unusually high",
            "dynamic_criteria": [
              {
                "aggregation": "Average",
                "alert_sensitivity": "Low",
                "dimension": [
                  {
                    "name": "containerName",
                    "operator": "Include",
                    "values": [
                      "minecraft"
                    ]
                  }
                ],
                "evaluation_failure_count": 4,
                "evaluation_total_count": 4,
                "ignore_data_before": "",
                "metric_name": "MemoryUsage",
                "metric_namespace": "microsoft.containerinstance/containergroups",
                "operator": "GreaterThan",
                "skip_metric_validation": false
              }
            ],
            "enabled": true,
            "frequency": "PT1M",
            "id": "/subscriptions/fa9aad52-e3ac-4a57-a851-fae41f1c870f/resourceGroups/Minecraft-default-cas1/providers/Microsoft.Insights/metricAlerts/Minecraft-default-cas1-server1-memory-dynamic-alert",
            "name": "Minecraft-default-cas1-server1-memory-dynamic-alert",
            "resource_group_name": "Minecraft-default-cas1",
            "scopes": [
              "/subscriptions/fa9aad52-e3ac-4a57-a851-fae41f1c870f/resourceGroups/Minecraft-default-cas1/providers/Microsoft.ContainerInstance/containerGroups/Minecraft-default-cas1-server1"
            ],
            "severity": 3,
            "tags": {},
            "target_resource_location": "",
            "target_resource_type": "",
            "timeouts": null,
            "window_size": "PT5M"
          },
          "sensitive_attributes": [],
          "private": "eyJlMmJmYjczMC1lY2FhLTExZTYtOGY4OC0zNDM2M2JjN2M0YzAiOnsiY3JlYXRlIjoxODAwMDAwMDAwMDAwLCJkZWxldGUiOjE4MDAwMDAwMDAwMDAsInJlYWQiOjMwMDAwMDAwMDAwMCwidXBkYXRlIjoxODAwMDAwMDAwMDAwfSwic2NoZW1hX3ZlcnNpb24iOiIxIn0=",
          "dependencies": [
            "azurerm_log_analytics_workspace.monitor",
            "azurerm_monitor_action_group.arm_roles",
            "azurerm_resource_group.minecraft",
            "azurerm_role_assignment.terraform_storage_owner",
            "azurerm_storage_account.minecraft",
            "azurerm_storage_account.minecraft_image",
            "azurerm_user_assigned_identity.minecraft_identity",
            "data.azurerm_client_config.current",
            "data.azurerm_role_definition.contributor",
            "data.azurerm_role_definition.reader",
            "data.azurerm_subscription.default",
            "module.minecraft.azurerm_container_group.minecraft_server",
            "module.minecraft.azurerm_storage_share.minecraft_modpacks",
            "module.minecraft.azurerm_storage_share.minecraft_share",
            "module.minecraft.azurerm_storage_share_directory.log_filter",
            "module.minecraft.azurerm_storage_share_directory.plugins",
            "module.minecraft.azurerm_storage_share_file.log_filter_config",
            "module.minecraft.azurerm_storage_share_file.log_filter_jar",
            "module.minecraft.null_resource.log_filter_jar",
            "random_string.suffix"
          ]
        }
      ]
    },
    {
      "module": "module.minecraft[\"server1\"]",
      "mode": "managed",
      "type": "azurerm_resource_group_template_deployment",
      "name": "container_instance_api_connection",
      "provider": "provider[\"registry.terraform.io/hashicorp/azurerm\"]",
      "instances": [
        {
          "index_key": 0,
          "schema_version": 0,
          "attributes": {
            "debug_level": "",
            "deployment_mode": "Incremental",
            "id": "/subscriptions/fa9aad52-e3ac-4a57-a851-fae41f1c870f/resourceGroups/Minecraft-default-cas1/providers/Microsoft.Resources/deployments/Minecraft-default-cas1-server1-aci-connection",
            "name": "Minecraft-default-cas1-server1-aci-connection",
            "output_content": "{}",
            "parameters_content": "{}",
            "resource_group_name": "Minecraft-default-cas1",
            "tags": {
              "application": "Minecraft",
              "configuration-name": "server1",
              "environment": "dev",
              "provisioner": "terraform",
              "provisioner-client-id": "04b07795-8ddb-461a-bbee-02f9e1bf7b46",
              "provisioner-email": "mpj.vervoort@gmail.com",
              "provisioner-object-id": "c62c50cc-2509-4d26-9efd-28ab44f238b8",
              "repository": "azure-minecraft-docker",
              "runid": "",
              "suffix": "cas1",
              "workspace": "default"
            },
            "template_content": "{\"$schema\":\"https://schema.management.azure.com/schemas/2019-04-01/deploymentTemplate.json#\",\"contentVersion\":\"1.0.0.0\",\"parameters\":{},\"resources\":[{\"apiVersion\":\"2016-06-01\",\"dependsOn\":[],\"location\":\"westeurope\",\"name\":\"Minecraft-default-cas1-server1\",\"properties\":{\"api\":{\"brandColor\":\"#0089D0\",\"category\":\"Standard\",\"description\":\"Easily run containers on Azure with a single command. Create container groups, get the logs of a container and more.\",\"displayName\":\"Azure Container Instance\",\"iconUri\":\"https://connectoricons-prod.azureedge.net/releases/v1.0.1385/1.0.1385.2110/aci/icon.png\",\"id\":\"/subscriptions/fa9aad52-e3ac-4a57-a851-fae41f1c870f/providers/Microsoft.Web/locations/westeurope/managedApis/aci\",\"name\":\"aci\",\"type\":\"Microsoft.Web/locations/managedApis\"},\"displayName\":\"Minecraft-default-cas1-server1\",\"parameterValues\":{\"token:clientId\":\"4d998a49-d672-472c-b1a3-e53bb0283713\",\"token:clientSecret\":\"8yZ7Q~WGrigUxApFiBaFiau1ZOlIyzcw_lCGI\",\"token:grantType\":\"client_credentials\",\"token:tenantId\":\"83fbe6ff-2b94-43d8-913f-98c63084e1eb\"}},\"type\":\"Microsoft.Web/connections\"}]}",
            "template_spec_version_id": "",
            "timeouts": null
          },
          "sensitive_attributes": [
            [
              {
                "type": "get_attr",
                "value": "template_content"
              }
            ]
          ],
          "private": "eyJlMmJmYjczMC1lY2FhLTExZTYtOGY4OC0zNDM2M2JjN2M0YzAiOnsiY3JlYXRlIjoxMDgwMDAwMDAwMDAwMCwiZGVsZXRlIjoxMDgwMDAwMDAwMDAwMCwicmVhZCI6MzAwMDAwMDAwMDAwLCJ1cGRhdGUiOjEwODAwMDAwMDAwMDAwfX0=",
          "dependencies": [
            "azurerm_log_analytics_workspace.monitor",
            "azurerm_resource_group.minecraft",
            "azurerm_role_assignment.terraform_storage_owner",
            "azurerm_storage_account.minecraft",
            "azurerm_storage_account.minecraft_image",
            "azurerm_user_assigned_identity.minecraft_identity",
            "data.azurerm_subscription.default",
            "module.minecraft.azurerm_container_group.minecraft_server",
            "module.minecraft.azurerm_role_assignment.minecraft_startstop",
            "module.minecraft.azurerm_storage_share.minecraft_modpacks",
            "module.minecraft.azurerm_storage_share.minecraft_share",
            "module.minecraft.azurerm_storage_share_file.log_filter_config",
            "module.minecraft.azurerm_storage_share_file.log_filter_jar",
            "module.minecraft.data.azurerm_subscription.primary",
            "module.service_principal.azuread_application.app",
            "module.service_principal.azuread_service_principal.spn",
            "module.service_principal.azuread_service_principal_password.spnsecret"
          ]
        }
      ]
    },
    {
      "module": "module.minecraft[\"server1\"]",
      "mode": "managed",
      "type": "azurerm_resource_group_template_deployment",
      "name": "start_workflow",
      "provider": "provider[\"registry.terraform.io/hashicorp/azurerm\"]",
      "instances": [
        {
          "index_key": 0,
          "schema_version": 0,
          "attributes": {
            "debug_level": "",
            "deployment_mode": "Incremental",
            "id": "/subscriptions/fa9aad52-e3ac-4a57-a851-fae41f1c870f/resourceGroups/Minecraft-default-cas1/providers/Microsoft.Resources/deployments/Minecraft-default-cas1-server1-start-implementation",
            "name": "Minecraft-default-cas1-server1-start-implementation",
            "output_content": "{}",
            "parameters_content": "{}",
            "resource_group_name": "Minecraft-default-cas1",
            "tags": {
              "application": "Minecraft",
              "configuration-name": "server1",
              "environment": "dev",
              "provisioner": "terraform",
              "provisioner-client-id": "04b07795-8ddb-461a-bbee-02f9e1bf7b46",
              "provisioner-email": "mpj.vervoort@gmail.com",
              "provisioner-object-id": "c62c50cc-2509-4d26-9efd-28ab44f238b8",
              "repository": "azure-minecraft-docker",
              "runid": "",
              "suffix": "cas1",
              "workspace": "default"
            },
            "template_content": "{\"$schema\":\"https://schema.management.azure.com/schemas/2019-04-01/deploymentTemplate.json#\",\"contentVersion\":\"1.0.0.0\",\"parameters\":{},\"resources\":[{\"apiVersion\":\"2017-07-01\",\"location\":\"westeurope\",\"name\":\"Minecraft-default-cas1-server1-start\",\"properties\":{\"definition\":{\"$schema\":\"https://schema.management.azure.com/providers/Microsoft.Logic/schemas/2016-06-01/workflowdefinition.json#\",\"actions\":{\"start_minecraft\":{\"inputs\":{\"host\":{\"connection\":{\"name\":\"@parameters('$connections')['Minecraft_default_cas1_server1']['connectionId']\"}},\"method\":\"post\",\"path\":\"/subscriptions/fa9aad52-e3ac-4a57-a851-fae41f1c870f/resourceGroups/Minecraft-default-cas1/providers/Microsoft.ContainerInstance/containerGroups/Minecraft-default-cas1-server1/start\",\"queries\":{\"x-ms-api-version\":\"2019-12-01\"}},\"runAfter\":{},\"type\":\"ApiConnection\"}},\"contentVersion\":\"1.0.0.0\",\"outputs\":{},\"parameters\":{\"$connections\":{\"defaultValue\":{},\"type\":\"Object\"}},\"triggers\":{\"start\":{\"recurrence\":{\"frequency\":\"Week\",\"interval\":1,\"schedule\":{\"weekDays\":[\"Monday\",\"Tuesday\",\"Wednesday\",\"Thursday\",\"Friday\"]},\"startTime\":\"2022-03-18T12:00\",\"timeZone\":\"W. Europe Standard Time\"},\"type\":\"Recurrence\"}}},\"parameters\":{\"$connections\":{\"value\":{\"Minecraft_default_cas1_server1\":{\"connectionId\":\"/subscriptions/fa9aad52-e3ac-4a57-a851-fae41f1c870f/resourceGroups/Minecraft-default-cas1/providers/Microsoft.Web/connections/Minecraft-default-cas1-server1\",\"connectionName\":\"Minecraft-default-cas1-server1\",\"id\":\"/subscriptions/fa9aad52-e3ac-4a57-a851-fae41f1c870f/providers/Microsoft.Web/locations/westeurope/managedApis/aci\"}}}},\"state\":\"Enabled\"},\"type\":\"Microsoft.Logic/workflows\"}],\"variables\":{}}",
            "template_spec_version_id": "",
            "timeouts": null
          },
          "sensitive_attributes": [],
          "private": "eyJlMmJmYjczMC1lY2FhLTExZTYtOGY4OC0zNDM2M2JjN2M0YzAiOnsiY3JlYXRlIjoxMDgwMDAwMDAwMDAwMCwiZGVsZXRlIjoxMDgwMDAwMDAwMDAwMCwicmVhZCI6MzAwMDAwMDAwMDAwLCJ1cGRhdGUiOjEwODAwMDAwMDAwMDAwfX0=",
          "dependencies": [
            "azurerm_log_analytics_workspace.monitor",
            "azurerm_resource_group.minecraft",
            "azurerm_role_assignment.terraform_storage_owner",
            "azurerm_storage_account.minecraft",
            "azurerm_storage_account.minecraft_image",
            "azurerm_user_assigned_identity.minecraft_identity",
            "data.azurerm_client_config.current",
            "data.azurerm_subscription.default",
            "module.minecraft.azurerm_container_group.minecraft_server",
            "module.minecraft.azurerm_logic_app_workflow.start",
            "module.minecraft.azurerm_resource_group_template_deployment.container_instance_api_connection",
            "module.minecraft.azurerm_role_assignment.minecraft_startstop",
            "module.minecraft.azurerm_storage_share.minecraft_modpacks",
            "module.minecraft.azurerm_storage_share.minecraft_share",
            "module.minecraft.azurerm_storage_share_directory.log_filter",
            "module.minecraft.azurerm_storage_share_directory.plugins",
            "module.minecraft.azurerm_storage_share_file.log_filter_config",
            "module.minecraft.azurerm_storage_share_file.log_filter_jar",
            "module.minecraft.data.azurerm_subscription.primary",
            "module.minecraft.null_resource.log_filter_jar",
            "module.service_principal.azuread_application.app",
            "module.service_principal.azuread_service_principal.spn",
            "module.service_principal.azuread_service_principal_password.spnsecret",
            "module.service_principal.data.azuread_client_config.current",
            "module.service_principal.time_rotating.secret_expiration",
            "random_string.suffix"
          ]
        }
      ]
    },
    {
      "module": "module.minecraft[\"server1\"]",
      "mode": "managed",
      "type": "azurerm_resource_group_template_deployment",
      "name": "stop_workflow",
      "provider": "provider[\"registry.terraform.io/hashicorp/azurerm\"]",
      "instances": [
        {
          "index_key": 0,
          "schema_version": 0,
          "attributes": {
            "debug_level": "",
            "deployment_mode": "Incremental",
            "id": "/subscriptions/fa9aad52-e3ac-4a57-a851-fae41f1c870f/resourceGroups/Minecraft-default-cas1/providers/Microsoft.Resources/deployments/Minecraft-default-cas1-server1-stop-implementation",
            "name": "Minecraft-default-cas1-server1-stop-implementation",
            "output_content": "{}",
            "parameters_content": "{}",
            "resource_group_name": "Minecraft-default-cas1",
            "tags": {
              "application": "Minecraft",
              "configuration-name": "server1",
              "environment": "dev",
              "provisioner": "terraform",
              "provisioner-client-id": "04b07795-8ddb-461a-bbee-02f9e1bf7b46",
              "provisioner-email": "mpj.vervoort@gmail.com",
              "provisioner-object-id": "c62c50cc-2509-4d26-9efd-28ab44f238b8",
              "repository": "azure-minecraft-docker",
              "runid": "",
              "suffix": "cas1",
              "workspace": "default"
            },
            "template_content": "{\"$schema\":\"https://schema.management.azure.com/schemas/2019-04-01/deploymentTemplate.json#\",\"contentVersion\":\"1.0.0.0\",\"parameters\":{},\"resources\":[{\"apiVersion\":\"2017-07-01\",\"location\":\"westeurope\",\"name\":\"Minecraft-default-cas1-server1-stop\",\"properties\":{\"definition\":{\"$schema\":\"https://schema.management.azure.com/providers/Microsoft.Logic/schemas/2016-06-01/workflowdefinition.json#\",\"actions\":{\"stop_minecraft\":{\"inputs\":{\"host\":{\"connection\":{\"name\":\"@parameters('$connections')['Minecraft_default_cas1_server1']['connectionId']\"}},\"method\":\"post\",\"path\":\"/subscriptions/fa9aad52-e3ac-4a57-a851-fae41f1c870f/resourceGroups/Minecraft-default-cas1/providers/Microsoft.ContainerInstance/containerGroups/Minecraft-default-cas1-server1/stop\",\"queries\":{\"x-ms-api-version\":\"2019-12-01\"}},\"runAfter\":{},\"type\":\"ApiConnection\"}},\"contentVersion\":\"1.0.0.0\",\"outputs\":{},\"parameters\":{\"$connections\":{\"defaultValue\":{},\"type\":\"Object\"}},\"triggers\":{\"stop\":{\"recurrence\":{\"frequency\":\"Week\",\"interval\":1,\"schedule\":{\"weekDays\":[\"Monday\",\"Tuesday\",\"Wednesday\",\"Thursday\",\"Friday\"]},\"startTime\":\"2022-03-18T00:01\",\"timeZone\":\"W. Europe Standard Time\"},\"type\":\"Recurrence\"}}},\"parameters\":{\"$connections\":{\"value\":{\"Minecraft_default_cas1_server1\":{\"connectionId\":\"/subscriptions/fa9aad52-e3ac-4a57-a851-fae41f1c870f/resourceGroups/Minecraft-default-cas1/providers/Microsoft.Web/connections/Minecraft-default-cas1-server1\",\"connectionName\":\"Minecraft-default-cas1-server1\",\"id\":\"/subscriptions/fa9aad52-e3ac-4a57-a851-fae41f1c870f/providers/Microsoft.Web/locations/westeurope/managedApis/aci\"}}}},\"state\":\"Enabled\"},\"type\":\"Microsoft.Logic/workflows\"}],\"variables\":{}}",
            "template_spec_version_id": "",
            "timeouts": null
          },
          "sensitive_attributes": [],
          "private": "eyJlMmJmYjczMC1lY2FhLTExZTYtOGY4OC0zNDM2M2JjN2M0YzAiOnsiY3JlYXRlIjoxMDgwMDAwMDAwMDAwMCwiZGVsZXRlIjoxMDgwMDAwMDAwMDAwMCwicmVhZCI6MzAwMDAwMDAwMDAwLCJ1cGRhdGUiOjEwODAwMDAwMDAwMDAwfX0=",
          "dependencies": [
            "azurerm_log_analytics_workspace.monitor",
            "azurerm_resource_group.minecraft",
            "azurerm_role_assignment.terraform_storage_owner",
            "azurerm_storage_account.minecraft",
            "azurerm_storage_account.minecraft_image",
            "azurerm_user_assigned_identity.minecraft_identity",
            "data.azurerm_client_config.current",
            "data.azurerm_subscription.default",
            "module.minecraft.azurerm_container_group.minecraft_server",
            "module.minecraft.azurerm_logic_app_workflow.stop",
            "module.minecraft.azurerm_resource_group_template_deployment.container_instance_api_connection",
            "module.minecraft.azurerm_role_assignment.minecraft_startstop",
            "module.minecraft.azurerm_storage_share.minecraft_modpacks",
            "module.minecraft.azurerm_storage_share.minecraft_share",
            "module.minecraft.azurerm_storage_share_directory.log_filter",
            "module.minecraft.azurerm_storage_share_directory.plugins",
            "module.minecraft.azurerm_storage_share_file.log_filter_config",
            "module.minecraft.azurerm_storage_share_file.log_filter_jar",
            "module.minecraft.data.azurerm_subscription.primary",
            "module.minecraft.null_resource.log_filter_jar",
            "module.service_principal.azuread_application.app",
            "module.service_principal.azuread_service_principal.spn",
            "module.service_principal.azuread_service_principal_password.spnsecret",
            "module.service_principal.data.azuread_client_config.current",
            "module.service_principal.time_rotating.secret_expiration",
            "random_string.suffix"
          ]
        }
      ]
    },
    {
      "module": "module.minecraft[\"server1\"]",
      "mode": "managed",
      "type": "azurerm_role_assignment",
      "name": "minecraft_startstop",
      "provider": "provider[\"registry.terraform.io/hashicorp/azurerm\"]",
      "instances": [
        {
          "index_key": 0,
          "schema_version": 0,
          "attributes": {
            "condition": "",
            "condition_version": "",
            "delegated_managed_identity_resource_id": "",
            "description": "",
            "id": "/subscriptions/fa9aad52-e3ac-4a57-a851-fae41f1c870f/resourceGroups/Minecraft-default-cas1/providers/Microsoft.ContainerInstance/containerGroups/Minecraft-default-cas1-server1/providers/Microsoft.Authorization/roleAssignments/b72beb11-a37d-4053-3978-5cdf570963f4",
            "name": "b72beb11-a37d-4053-3978-5cdf570963f4",
            "principal_id": "48fc2aa4-76b4-487b-a1c4-df78885f6ec8",
            "principal_type": "ServicePrincipal",
            "role_definition_id": "/subscriptions/fa9aad52-e3ac-4a57-a851-fae41f1c870f/providers/Microsoft.Authorization/roleDefinitions/b24988ac-6180-42a0-ab88-20f7382dd24c",
            "role_definition_name": "Contributor",
            "scope": "/subscriptions/fa9aad52-e3ac-4a57-a851-fae41f1c870f/resourceGroups/Minecraft-default-cas1/providers/Microsoft.ContainerInstance/containerGroups/Minecraft-default-cas1-server1",
            "skip_service_principal_aad_check": null,
            "timeouts": null
          },
          "sensitive_attributes": [],
          "private": "eyJlMmJmYjczMC1lY2FhLTExZTYtOGY4OC0zNDM2M2JjN2M0YzAiOnsiY3JlYXRlIjoxODAwMDAwMDAwMDAwLCJkZWxldGUiOjE4MDAwMDAwMDAwMDAsInJlYWQiOjMwMDAwMDAwMDAwMCwidXBkYXRlIjoxODAwMDAwMDAwMDAwfX0=",
          "dependencies": [
            "azurerm_log_analytics_workspace.monitor",
            "azurerm_resource_group.minecraft",
            "azurerm_role_assignment.terraform_storage_owner",
            "azurerm_storage_account.minecraft",
            "azurerm_storage_account.minecraft_image",
            "azurerm_user_assigned_identity.minecraft_identity",
            "data.azurerm_subscription.default",
            "module.minecraft.azurerm_container_group.minecraft_server",
            "module.minecraft.azurerm_storage_share.minecraft_modpacks",
            "module.minecraft.azurerm_storage_share.minecraft_share",
            "module.minecraft.azurerm_storage_share_file.log_filter_config",
            "module.minecraft.azurerm_storage_share_file.log_filter_jar",
            "module.service_principal.azuread_service_principal.spn"
          ]
        }
      ]
    },
    {
      "module": "module.minecraft[\"server1\"]",
      "mode": "managed",
      "type": "azurerm_storage_blob",
      "name": "minecraft_configuration",
      "provider": "provider[\"registry.terraform.io/hashicorp/azurerm\"]",
      "instances": [
        {
          "schema_version": 1,
          "attributes": {
            "access_tier": "Hot",
            "cache_control": "",
            "content_md5": "",
            "content_type": "application/octet-stream",
            "id": "https://minecraftstorcas1.blob.core.windows.net/configuration/2022/03/18/1855/Minecraft-default-cas1-server1/config.json",
            "metadata": {},
            "name": "2022/03/18/1855/Minecraft-default-cas1-server1/config.json",
            "parallelism": 8,
            "size": 0,
            "source": null,
            "source_content": "{\"application\":\"Minecraft\",\"configuration-name\":\"server1\",\"container_group_id\":\"/subscriptions/fa9aad52-e3ac-4a57-a851-fae41f1c870f/resourceGroups/Minecraft-default-cas1/providers/Microsoft.ContainerInstance/containerGroups/Minecraft-default-cas1-server1\",\"environment\":\"dev\",\"minecraft_ops\":\"ZeroShino\",\"minecraft_users\":\"ZeroShino,ZeroShuki,OneShuki,Tobias2006,Aryqnto_,Wrench07,KasqerPK\",\"provisioner\":\"terraform\",\"provisioner-client-id\":\"04b07795-8ddb-461a-bbee-02f9e1bf7b46\",\"provisioner-email\":\"mpj.vervoort@gmail.com\",\"provisioner-object-id\":\"c62c50cc-2509-4d26-9efd-28ab44f238b8\",\"repository\":\"azure-minecraft-docker\",\"runid\":\"\",\"suffix\":\"cas1\",\"vanity_dns_zone_id\":\"\",\"vanity_hostname_prefix\":\"mc-cas\",\"workspace\":\"default\"}",
            "source_uri": null,
            "storage_account_name": "minecraftstorcas1",
            "storage_container_name": "configuration",
            "timeouts": null,
            "type": "Block",
            "url": "https://minecraftstorcas1.blob.core.windows.net/configuration/2022/03/18/1855/Minecraft-default-cas1-server1/config.json"
          },
          "sensitive_attributes": [],
          "private": "eyJlMmJmYjczMC1lY2FhLTExZTYtOGY4OC0zNDM2M2JjN2M0YzAiOnsiY3JlYXRlIjoxODAwMDAwMDAwMDAwLCJkZWxldGUiOjE4MDAwMDAwMDAwMDAsInJlYWQiOjMwMDAwMDAwMDAwMCwidXBkYXRlIjoxODAwMDAwMDAwMDAwfSwic2NoZW1hX3ZlcnNpb24iOiIxIn0=",
          "dependencies": [
            "azurerm_log_analytics_workspace.monitor",
            "azurerm_resource_group.minecraft",
            "azurerm_role_assignment.terraform_storage_owner",
            "azurerm_storage_account.minecraft",
            "azurerm_storage_account.minecraft_image",
            "azurerm_storage_container.configuration",
            "azurerm_user_assigned_identity.minecraft_identity",
            "data.azurerm_subscription.default",
            "module.minecraft.azurerm_container_group.minecraft_server",
            "module.minecraft.azurerm_storage_share.minecraft_modpacks",
            "module.minecraft.azurerm_storage_share.minecraft_share",
            "module.minecraft.azurerm_storage_share_file.log_filter_config",
            "module.minecraft.azurerm_storage_share_file.log_filter_jar"
          ]
        }
      ]
    },
    {
      "module": "module.minecraft[\"server1\"]",
      "mode": "managed",
      "type": "azurerm_storage_blob",
      "name": "minecraft_environment",
      "provider": "provider[\"registry.terraform.io/hashicorp/azurerm\"]",
      "instances": [
        {
          "schema_version": 1,
          "attributes": {
            "access_tier": "Hot",
            "cache_control": "",
            "content_md5": "",
            "content_type": "application/octet-stream",
            "id": "https://minecraftstorcas1.blob.core.windows.net/configuration/2022/03/18/1855/Minecraft-default-cas1-server1/environment.json",
            "metadata": {},
            "name": "2022/03/18/1855/Minecraft-default-cas1-server1/environment.json",
            "parallelism": 8,
            "size": 0,
            "source": null,
            "source_content": "{\"ALLOW_NETHER\":\"true\",\"ANNOUNCE_PLAYER_ACHIEVEMENTS\":\"true\",\"DIFFICULTY\":\"easy\",\"ENABLE_COMMAND_BLOCK\":\"true\",\"EULA\":\"true\",\"ICON\":\"https://minecraftstorcas1img.blob.core.windows.net/image/server1.png\",\"MAX_PLAYERS\":\"10\",\"MEMORY\":\"3G\",\"MODE\":\"survival\",\"MODS\":null,\"MOTD\":\"ZeroShino server1\",\"OPS\":\"ZeroShino\",\"OVERRIDE_SERVER_PROPERTIES\":\"true\",\"SNOOPER_ENABLED\":\"false\",\"TYPE\":\"PAPER\",\"TZ\":\"Europe/Amsterdam\",\"VERSION\":\"1.18.1\",\"WHITELIST\":\"ZeroShino,ZeroShuki,OneShuki,Tobias2006,Aryqnto_,Wrench07,KasqerPK\"}",
            "source_uri": null,
            "storage_account_name": "minecraftstorcas1",
            "storage_container_name": "configuration",
            "timeouts": null,
            "type": "Block",
            "url": "https://minecraftstorcas1.blob.core.windows.net/configuration/2022/03/18/1855/Minecraft-default-cas1-server1/environment.json"
          },
          "sensitive_attributes": [],
          "private": "eyJlMmJmYjczMC1lY2FhLTExZTYtOGY4OC0zNDM2M2JjN2M0YzAiOnsiY3JlYXRlIjoxODAwMDAwMDAwMDAwLCJkZWxldGUiOjE4MDAwMDAwMDAwMDAsInJlYWQiOjMwMDAwMDAwMDAwMCwidXBkYXRlIjoxODAwMDAwMDAwMDAwfSwic2NoZW1hX3ZlcnNpb24iOiIxIn0=",
          "dependencies": [
            "azurerm_resource_group.minecraft",
            "azurerm_role_assignment.terraform_storage_owner",
            "azurerm_storage_account.minecraft",
            "azurerm_storage_account.minecraft_image",
            "azurerm_storage_container.configuration",
            "data.azurerm_subscription.default"
          ]
        }
      ]
    },
    {
      "module": "module.minecraft[\"server1\"]",
      "mode": "managed",
      "type": "azurerm_storage_blob",
      "name": "minecraft_user_configuration",
      "provider": "provider[\"registry.terraform.io/hashicorp/azurerm\"]",
      "instances": [
        {
          "schema_version": 1,
          "attributes": {
            "access_tier": "Hot",
            "cache_control": "",
            "content_md5": "",
            "content_type": "application/octet-stream",
            "id": "https://minecraftstorcas1.blob.core.windows.net/configuration/2022/03/18/1855/Minecraft-default-cas1-server1/users.json",
            "metadata": {},
            "name": "2022/03/18/1855/Minecraft-default-cas1-server1/users.json",
            "parallelism": 8,
            "size": 0,
            "source": null,
            "source_content": "[\"ZeroShino\",\"ZeroShuki\",\"OneShuki\",\"Tobias2006\",\"Aryqnto_\",\"Wrench07\",\"KasqerPK\"]",
            "source_uri": null,
            "storage_account_name": "minecraftstorcas1",
            "storage_container_name": "configuration",
            "timeouts": null,
            "type": "Block",
            "url": "https://minecraftstorcas1.blob.core.windows.net/configuration/2022/03/18/1855/Minecraft-default-cas1-server1/users.json"
          },
          "sensitive_attributes": [],
          "private": "eyJlMmJmYjczMC1lY2FhLTExZTYtOGY4OC0zNDM2M2JjN2M0YzAiOnsiY3JlYXRlIjoxODAwMDAwMDAwMDAwLCJkZWxldGUiOjE4MDAwMDAwMDAwMDAsInJlYWQiOjMwMDAwMDAwMDAwMCwidXBkYXRlIjoxODAwMDAwMDAwMDAwfSwic2NoZW1hX3ZlcnNpb24iOiIxIn0=",
          "dependencies": [
            "azurerm_resource_group.minecraft",
            "azurerm_role_assignment.terraform_storage_owner",
            "azurerm_storage_account.minecraft",
            "azurerm_storage_container.configuration",
            "data.azurerm_subscription.default"
          ]
        }
      ]
    },
    {
      "module": "module.minecraft[\"server1\"]",
      "mode": "managed",
      "type": "azurerm_storage_share",
      "name": "minecraft_modpacks",
      "provider": "provider[\"registry.terraform.io/hashicorp/azurerm\"]",
      "instances": [
        {
          "schema_version": 2,
          "attributes": {
            "acl": [],
            "enabled_protocol": "SMB",
            "id": "https://minecraftstorcas1.file.core.windows.net/minecraft-aci-server1-modpacks-cas1",
            "metadata": {},
            "name": "minecraft-aci-server1-modpacks-cas1",
            "quota": 50,
            "resource_manager_id": "/subscriptions/fa9aad52-e3ac-4a57-a851-fae41f1c870f/resourceGroups/Minecraft-default-cas1/providers/Microsoft.Storage/storageAccounts/minecraftstorcas1/fileServices/default/fileshares/minecraft-aci-server1-modpacks-cas1",
            "storage_account_name": "minecraftstorcas1",
            "timeouts": null,
            "url": "https://minecraftstorcas1.file.core.windows.net/minecraft-aci-server1-modpacks-cas1"
          },
          "sensitive_attributes": [],
          "private": "eyJlMmJmYjczMC1lY2FhLTExZTYtOGY4OC0zNDM2M2JjN2M0YzAiOnsiY3JlYXRlIjoxODAwMDAwMDAwMDAwLCJkZWxldGUiOjE4MDAwMDAwMDAwMDAsInJlYWQiOjMwMDAwMDAwMDAwMCwidXBkYXRlIjoxODAwMDAwMDAwMDAwfSwic2NoZW1hX3ZlcnNpb24iOiIyIn0=",
          "dependencies": [
            "azurerm_resource_group.minecraft",
            "azurerm_role_assignment.terraform_storage_owner",
            "azurerm_storage_account.minecraft",
            "data.azurerm_client_config.current",
            "data.azurerm_subscription.default",
            "random_string.suffix"
          ]
        }
      ]
    },
    {
      "module": "module.minecraft[\"server1\"]",
      "mode": "managed",
      "type": "azurerm_storage_share",
      "name": "minecraft_share",
      "provider": "provider[\"registry.terraform.io/hashicorp/azurerm\"]",
      "instances": [
        {
          "schema_version": 2,
          "attributes": {
            "acl": [],
            "enabled_protocol": "SMB",
            "id": "https://minecraftstorcas1.file.core.windows.net/minecraft-aci-server1-data-cas1",
            "metadata": {
              "azurebackupprotected": "true"
            },
            "name": "minecraft-aci-server1-data-cas1",
            "quota": 50,
            "resource_manager_id": "/subscriptions/fa9aad52-e3ac-4a57-a851-fae41f1c870f/resourceGroups/Minecraft-default-cas1/providers/Microsoft.Storage/storageAccounts/minecraftstorcas1/fileServices/default/fileshares/minecraft-aci-server1-data-cas1",
            "storage_account_name": "minecraftstorcas1",
            "timeouts": null,
            "url": "https://minecraftstorcas1.file.core.windows.net/minecraft-aci-server1-data-cas1"
          },
          "sensitive_attributes": [],
          "private": "eyJlMmJmYjczMC1lY2FhLTExZTYtOGY4OC0zNDM2M2JjN2M0YzAiOnsiY3JlYXRlIjoxODAwMDAwMDAwMDAwLCJkZWxldGUiOjE4MDAwMDAwMDAwMDAsInJlYWQiOjMwMDAwMDAwMDAwMCwidXBkYXRlIjoxODAwMDAwMDAwMDAwfSwic2NoZW1hX3ZlcnNpb24iOiIyIn0=",
          "dependencies": [
            "azurerm_resource_group.minecraft",
            "azurerm_role_assignment.terraform_storage_owner",
            "azurerm_storage_account.minecraft",
            "data.azurerm_client_config.current",
            "data.azurerm_subscription.default",
            "random_string.suffix"
          ]
        }
      ]
    },
    {
      "module": "module.service_principal[0]",
      "mode": "data",
      "type": "azuread_client_config",
      "name": "current",
      "provider": "provider[\"registry.terraform.io/hashicorp/azuread\"]",
      "instances": [
        {
          "schema_version": 0,
          "attributes": {
            "client_id": "04b07795-8ddb-461a-bbee-02f9e1bf7b46",
            "id": "83fbe6ff-2b94-43d8-913f-98c63084e1eb-04b07795-8ddb-461a-bbee-02f9e1bf7b46-c62c50cc-2509-4d26-9efd-28ab44f238b8",
            "object_id": "c62c50cc-2509-4d26-9efd-28ab44f238b8",
            "tenant_id": "83fbe6ff-2b94-43d8-913f-98c63084e1eb",
            "timeouts": null
          },
          "sensitive_attributes": []
        }
      ]
    },
    {
      "module": "module.service_principal[0]",
      "mode": "managed",
      "type": "azuread_application",
      "name": "app",
      "provider": "provider[\"registry.terraform.io/hashicorp/azuread\"]",
      "instances": [
        {
          "schema_version": 1,
          "attributes": {
            "api": [
              {
                "known_client_applications": [],
                "mapped_claims_enabled": false,
                "oauth2_permission_scope": [],
                "requested_access_token_version": 1
              }
            ],
            "app_role": [],
            "app_role_ids": {},
            "application_id": "4d998a49-d672-472c-b1a3-e53bb0283713",
            "device_only_auth_enabled": false,
            "disabled_by_microsoft": "\u003cnil\u003e",
            "display_name": "workflow-default-cas1",
            "fallback_public_client_enabled": false,
            "feature_tags": [
              {
                "custom_single_sign_on": false,
                "enterprise": false,
                "gallery": false,
                "hide": false
              }
            ],
            "group_membership_claims": [],
            "id": "ae31ba4f-f951-4590-8a7e-f1e3e3fb7f6d",
            "identifier_uris": [],
            "logo_image": "",
            "logo_url": "",
            "marketing_url": "",
            "oauth2_permission_scope_ids": {},
            "oauth2_post_response_required": false,
            "object_id": "ae31ba4f-f951-4590-8a7e-f1e3e3fb7f6d",
            "optional_claims": [
              {
                "access_token": [],
                "id_token": [],
                "saml2_token": []
              }
            ],
            "owners": [
              "c62c50cc-2509-4d26-9efd-28ab44f238b8"
            ],
            "prevent_duplicate_names": false,
            "privacy_statement_url": "",
            "public_client": [
              {
                "redirect_uris": []
              }
            ],
            "publisher_domain": "marcovervoorttelfortzakelij.onmicrosoft.com",
            "required_resource_access": [],
            "sign_in_audience": "AzureADMyOrg",
            "single_page_application": [
              {
                "redirect_uris": []
              }
            ],
            "support_url": "",
            "tags": [],
            "template_id": "",
            "terms_of_service_url": "",
            "timeouts": null,
            "web": [
              {
                "homepage_url": "https://workflow-default-cas1",
                "implicit_grant": [
                  {
                    "access_token_issuance_enabled": false,
                    "id_token_issuance_enabled": false
                  }
                ],
                "logout_url": "",
                "redirect_uris": [
                  "http://workflow-default-cas1/replyignored"
                ]
              }
            ]
          },
          "sensitive_attributes": [],
          "private": "eyJlMmJmYjczMC1lY2FhLTExZTYtOGY4OC0zNDM2M2JjN2M0YzAiOnsiY3JlYXRlIjo2MDAwMDAwMDAwMDAsImRlbGV0ZSI6MzAwMDAwMDAwMDAwLCJyZWFkIjozMDAwMDAwMDAwMDAsInVwZGF0ZSI6NjAwMDAwMDAwMDAwfSwic2NoZW1hX3ZlcnNpb24iOiIxIn0=",
          "dependencies": [
            "data.azurerm_subscription.default",
            "module.service_principal.data.azuread_client_config.current",
            "random_string.suffix"
          ]
        }
      ]
    },
    {
      "module": "module.service_principal[0]",
      "mode": "managed",
      "type": "azuread_service_principal",
      "name": "spn",
      "provider": "provider[\"registry.terraform.io/hashicorp/azuread\"]",
      "instances": [
        {
          "schema_version": 0,
          "attributes": {
            "account_enabled": true,
            "alternative_names": [],
            "app_role_assignment_required": false,
            "app_role_ids": {},
            "app_roles": [],
            "application_id": "4d998a49-d672-472c-b1a3-e53bb0283713",
            "application_tenant_id": "83fbe6ff-2b94-43d8-913f-98c63084e1eb",
            "description": "",
            "display_name": "workflow-default-cas1",
            "feature_tags": [
              {
                "custom_single_sign_on": false,
                "enterprise": false,
                "gallery": false,
                "hide": false
              }
            ],
            "features": [
              {
                "custom_single_sign_on_app": false,
                "enterprise_application": false,
                "gallery_application": false,
                "visible_to_users": true
              }
            ],
            "homepage_url": "https://workflow-default-cas1",
            "id": "48fc2aa4-76b4-487b-a1c4-df78885f6ec8",
            "login_url": "",
            "logout_url": "",
            "notes": "",
            "notification_email_addresses": [],
            "oauth2_permission_scope_ids": {},
            "oauth2_permission_scopes": [],
            "object_id": "48fc2aa4-76b4-487b-a1c4-df78885f6ec8",
            "owners": [
              "c62c50cc-2509-4d26-9efd-28ab44f238b8"
            ],
            "preferred_single_sign_on_mode": "",
            "redirect_uris": [
              "http://workflow-default-cas1/replyignored"
            ],
            "saml_metadata_url": "",
            "saml_single_sign_on": [
              {
                "relay_state": ""
              }
            ],
            "service_principal_names": [],
            "sign_in_audience": "AzureADMyOrg",
            "tags": [],
            "timeouts": null,
            "type": "Application",
            "use_existing": null
          },
          "sensitive_attributes": [],
          "private": "eyJlMmJmYjczMC1lY2FhLTExZTYtOGY4OC0zNDM2M2JjN2M0YzAiOnsiY3JlYXRlIjo2MDAwMDAwMDAwMDAsImRlbGV0ZSI6MzAwMDAwMDAwMDAwLCJyZWFkIjozMDAwMDAwMDAwMDAsInVwZGF0ZSI6NjAwMDAwMDAwMDAwfX0=",
          "dependencies": [
            "data.azurerm_subscription.default",
            "module.service_principal.azuread_application.app",
            "module.service_principal.data.azuread_client_config.current",
            "random_string.suffix"
          ]
        }
      ]
    },
    {
      "module": "module.service_principal[0]",
      "mode": "managed",
      "type": "azuread_service_principal_password",
      "name": "spnsecret",
      "provider": "provider[\"registry.terraform.io/hashicorp/azuread\"]",
      "instances": [
        {
          "schema_version": 1,
          "attributes": {
            "display_name": null,
            "end_date": "2024-01-05T14:05:11Z",
            "id": "48fc2aa4-76b4-487b-a1c4-df78885f6ec8/password/f787a99b-8fb1-478d-a1dd-1ec2a92da71b",
            "key_id": "f787a99b-8fb1-478d-a1dd-1ec2a92da71b",
            "rotate_when_changed": {
              "rotation": "2023-01-05T14:05:06Z"
            },
            "service_principal_id": "48fc2aa4-76b4-487b-a1c4-df78885f6ec8",
            "start_date": "2022-01-05T14:05:11Z",
            "timeouts": null,
            "value": "8yZ7Q~WGrigUxApFiBaFiau1ZOlIyzcw_lCGI"
          },
          "sensitive_attributes": [],
          "private": "eyJlMmJmYjczMC1lY2FhLTExZTYtOGY4OC0zNDM2M2JjN2M0YzAiOnsiY3JlYXRlIjozMDAwMDAwMDAwMDAsImRlbGV0ZSI6MzAwMDAwMDAwMDAwLCJyZWFkIjozMDAwMDAwMDAwMDAsInVwZGF0ZSI6MzAwMDAwMDAwMDAwfSwic2NoZW1hX3ZlcnNpb24iOiIxIn0=",
          "dependencies": [
            "data.azurerm_subscription.default",
            "module.service_principal.azuread_application.app",
            "module.service_principal.azuread_service_principal.spn",
            "module.service_principal.data.azuread_client_config.current",
            "module.service_principal.time_rotating.secret_expiration",
            "random_string.suffix"
          ]
        }
      ]
    },
    {
      "module": "module.service_principal[0]",
      "mode": "managed",
      "type": "time_rotating",
      "name": "secret_expiration",
      "provider": "provider[\"registry.terraform.io/hashicorp/time\"]",
      "instances": [
        {
          "schema_version": 0,
          "attributes": {
            "day": 5,
            "hour": 14,
            "id": "2022-01-05T14:05:06Z",
            "minute": 5,
            "month": 1,
            "rfc3339": "2022-01-05T14:05:06Z",
            "rotation_days": null,
            "rotation_hours": null,
            "rotation_minutes": null,
            "rotation_months": null,
            "rotation_rfc3339": "2023-01-05T14:05:06Z",
            "rotation_years": 1,
            "second": 6,
            "triggers": null,
            "unix": 1641391506,
            "year": 2022
          },
          "sensitive_attributes": [],
          "private": "bnVsbA=="
        }
      ]
    }
  ]
}
